
Microsoft Visual Studio Solution File, Format Version 11.00
# Visual Studio 2010
Project("{2150E333-8FDC-42A3-9474-1A3956D46DE8}") = "Plugins", "Plugins", "{9196382E-E12C-4749-AA3E-7F6033EE91DF}"
EndProject
Project("{FAE04EC0-301F-11D3-BF4B-00C04F79EFBC}") = "eAthenaStudio.Library", "eAthenaStudio.Library\eAthenaStudio.Library.csproj", "{A25C2F8E-ED83-4BBC-B836-B85993947B47}"
EndProject
Project("{FAE04EC0-301F-11D3-BF4B-00C04F79EFBC}") = "Plugin.EditMapcache", "eAthenaStudio.Plugins.EditMapcache\Plugin.EditMapcache.csproj", "{8FD046FA-8B62-4F4D-8132-4DBD20037D42}"
EndProject
Project("{FAE04EC0-301F-11D3-BF4B-00C04F79EFBC}") = "Plugin.EditItem", "eAthenaStudio.Plugins.EditItem\Plugin.EditItem.csproj", "{FC841F5C-F4C4-4DA4-88FA-9464E971D284}"
EndProject
Project("{FAE04EC0-301F-11D3-BF4B-00C04F79EFBC}") = "Plugin.EditMob", "eAthenaStudio.Plugins.EditMob\Plugin.EditMob.csproj", "{BE0F9179-F1F7-47A1-9D62-3D8D85A6330A}"
EndProject
Project("{FAE04EC0-301F-11D3-BF4B-00C04F79EFBC}") = "Plugin.EditSkill", "eAthenaStudio.Plugins.EditSkill\Plugin.EditSkill.csproj", "{E3126CF9-0615-46F7-9806-709593B2ECF1}"
EndProject
Project("{FAE04EC0-301F-11D3-BF4B-00C04F79EFBC}") = "eAthenaStudio.Client", "eAthenaStudio.Client\eAthenaStudio.Client.csproj", "{9167F490-36B6-4DD9-A488-86FF427FC122}"
EndProject
Project("{FAE04EC0-301F-11D3-BF4B-00C04F79EFBC}") = "Plugin.EditConfig", "eAthenaStudio.Plugins.EditConfig\Plugin.EditConfig.csproj", "{E56CA434-F610-445E-A45C-660BB98E6687}"
EndProject
Project("{FAE04EC0-301F-11D3-BF4B-00C04F79EFBC}") = "Plugin.ServerManager", "eAthenaStudio.Plugins.ServerManager\Plugin.ServerManager.csproj", "{1054DFFB-CE88-4D59-BF28-1EEDAE590077}"
EndProject
Project("{FAE04EC0-301F-11D3-BF4B-00C04F79EFBC}") = "Plugin.EditScript", "eAthenaStudio.Plugins.EditScript\Plugin.EditScript.csproj", "{8F4EF692-5A5D-4D37-8591-67DF7A3F8264}"
EndProject
Project("{FAE04EC0-301F-11D3-BF4B-00C04F79EFBC}") = "Plugin.EditMerc", "eAthenaStudio.Plugins.EditMerc\Plugin.EditMerc.csproj", "{F085FA75-3A94-4CE4-B412-AC03AA5BFA3C}"
EndProject
Project("{FAE04EC0-301F-11D3-BF4B-00C04F79EFBC}") = "Plugin.EditPlayer", "eAthenaStudio.Plugins.EditPlayer\Plugin.EditPlayer.csproj", "{91633B87-F8DB-4DD1-B904-CAA7258A945F}"
EndProject
Project("{FAE04EC0-301F-11D3-BF4B-00C04F79EFBC}") = "Plugin.EditSprite", "eAthenaStudio.Plugins.EditSprite\Plugin.EditSprite.csproj", "{FC226B3C-D706-4ABD-9E46-B8A987EFA7E9}"
EndProject
Project("{2150E333-8FDC-42A3-9474-1A3956D46DE8}") = "3rd Party", "3rd Party", "{F128167F-2088-49D8-BEAC-74AC1081648E}"
EndProject
Project("{FAE04EC0-301F-11D3-BF4B-00C04F79EFBC}") = "GodLesZ.Library", "..\..\GodLesZ\GodLesZ.Library\GodLesZ.Library.csproj", "{22086451-A9A2-414C-8A81-5BE02FC5C8EE}"
EndProject
Project("{FAE04EC0-301F-11D3-BF4B-00C04F79EFBC}") = "GodLesZ.Library.Logging", "..\..\GodLesZ\GodLesZ.Library.Logging\GodLesZ.Library.Logging.csproj", "{181FE707-E161-4722-9F38-6AAAB6FAA106}"
EndProject
Project("{FAE04EC0-301F-11D3-BF4B-00C04F79EFBC}") = "GodLesZ.Library.Ragnarok", "..\..\GodLesZ\GodLesZ.Library.Ragnarok\GodLesZ.Library.Ragnarok.csproj", "{CE3F016E-67A4-4F08-8E0E-5493D8E305AC}"
EndProject
Project("{FAE04EC0-301F-11D3-BF4B-00C04F79EFBC}") = "GodLesZ.Library.Docking", "..\..\GodLesZ\GodLesZ.Library.Docking\GodLesZ.Library.Docking.csproj", "{C75532C4-765B-418E-B09B-46D36B2ABDB1}"
EndProject
Global
	GlobalSection(SolutionConfigurationPlatforms) = preSolution
		Debug|Any CPU = Debug|Any CPU
		Debug|x64 = Debug|x64
		Debug|x86 = Debug|x86
		Release|Any CPU = Release|Any CPU
		Release|x64 = Release|x64
		Release|x86 = Release|x86
	EndGlobalSection
	GlobalSection(ProjectConfigurationPlatforms) = postSolution
		{A25C2F8E-ED83-4BBC-B836-B85993947B47}.Debug|Any CPU.ActiveCfg = Debug|Any CPU
		{A25C2F8E-ED83-4BBC-B836-B85993947B47}.Debug|Any CPU.Build.0 = Debug|Any CPU
		{A25C2F8E-ED83-4BBC-B836-B85993947B47}.Debug|x64.ActiveCfg = Debug|Any CPU
		{A25C2F8E-ED83-4BBC-B836-B85993947B47}.Debug|x86.ActiveCfg = Debug|Any CPU
		{A25C2F8E-ED83-4BBC-B836-B85993947B47}.Release|Any CPU.ActiveCfg = Release|Any CPU
		{A25C2F8E-ED83-4BBC-B836-B85993947B47}.Release|Any CPU.Build.0 = Release|Any CPU
		{A25C2F8E-ED83-4BBC-B836-B85993947B47}.Release|x64.ActiveCfg = Release|Any CPU
		{A25C2F8E-ED83-4BBC-B836-B85993947B47}.Release|x86.ActiveCfg = Release|Any CPU
		{8FD046FA-8B62-4F4D-8132-4DBD20037D42}.Debug|Any CPU.ActiveCfg = Debug|Any CPU
		{8FD046FA-8B62-4F4D-8132-4DBD20037D42}.Debug|Any CPU.Build.0 = Debug|Any CPU
		{8FD046FA-8B62-4F4D-8132-4DBD20037D42}.Debug|x64.ActiveCfg = Debug|Any CPU
		{8FD046FA-8B62-4F4D-8132-4DBD20037D42}.Debug|x86.ActiveCfg = Debug|Any CPU
		{8FD046FA-8B62-4F4D-8132-4DBD20037D42}.Release|Any CPU.ActiveCfg = Release|Any CPU
		{8FD046FA-8B62-4F4D-8132-4DBD20037D42}.Release|Any CPU.Build.0 = Release|Any CPU
		{8FD046FA-8B62-4F4D-8132-4DBD20037D42}.Release|x64.ActiveCfg = Release|Any CPU
		{8FD046FA-8B62-4F4D-8132-4DBD20037D42}.Release|x86.ActiveCfg = Release|Any CPU
		{FC841F5C-F4C4-4DA4-88FA-9464E971D284}.Debug|Any CPU.ActiveCfg = Debug|Any CPU
		{FC841F5C-F4C4-4DA4-88FA-9464E971D284}.Debug|Any CPU.Build.0 = Debug|Any CPU
		{FC841F5C-F4C4-4DA4-88FA-9464E971D284}.Debug|x64.ActiveCfg = Debug|Any CPU
		{FC841F5C-F4C4-4DA4-88FA-9464E971D284}.Debug|x86.ActiveCfg = Debug|Any CPU
		{FC841F5C-F4C4-4DA4-88FA-9464E971D284}.Release|Any CPU.ActiveCfg = Release|Any CPU
		{FC841F5C-F4C4-4DA4-88FA-9464E971D284}.Release|Any CPU.Build.0 = Release|Any CPU
		{FC841F5C-F4C4-4DA4-88FA-9464E971D284}.Release|x64.ActiveCfg = Release|Any CPU
		{FC841F5C-F4C4-4DA4-88FA-9464E971D284}.Release|x86.ActiveCfg = Release|Any CPU
		{BE0F9179-F1F7-47A1-9D62-3D8D85A6330A}.Debug|Any CPU.ActiveCfg = Debug|Any CPU
		{BE0F9179-F1F7-47A1-9D62-3D8D85A6330A}.Debug|Any CPU.Build.0 = Debug|Any CPU
		{BE0F9179-F1F7-47A1-9D62-3D8D85A6330A}.Debug|x64.ActiveCfg = Debug|Any CPU
		{BE0F9179-F1F7-47A1-9D62-3D8D85A6330A}.Debug|x86.ActiveCfg = Debug|Any CPU
		{BE0F9179-F1F7-47A1-9D62-3D8D85A6330A}.Release|Any CPU.ActiveCfg = Release|Any CPU
		{BE0F9179-F1F7-47A1-9D62-3D8D85A6330A}.Release|Any CPU.Build.0 = Release|Any CPU
		{BE0F9179-F1F7-47A1-9D62-3D8D85A6330A}.Release|x64.ActiveCfg = Release|Any CPU
		{BE0F9179-F1F7-47A1-9D62-3D8D85A6330A}.Release|x86.ActiveCfg = Release|Any CPU
		{E3126CF9-0615-46F7-9806-709593B2ECF1}.Debug|Any CPU.ActiveCfg = Debug|Any CPU
		{E3126CF9-0615-46F7-9806-709593B2ECF1}.Debug|Any CPU.Build.0 = Debug|Any CPU
		{E3126CF9-0615-46F7-9806-709593B2ECF1}.Debug|x64.ActiveCfg = Debug|Any CPU
		{E3126CF9-0615-46F7-9806-709593B2ECF1}.Debug|x86.ActiveCfg = Debug|Any CPU
		{E3126CF9-0615-46F7-9806-709593B2ECF1}.Release|Any CPU.ActiveCfg = Release|Any CPU
		{E3126CF9-0615-46F7-9806-709593B2ECF1}.Release|Any CPU.Build.0 = Release|Any CPU
		{E3126CF9-0615-46F7-9806-709593B2ECF1}.Release|x64.ActiveCfg = Release|Any CPU
		{E3126CF9-0615-46F7-9806-709593B2ECF1}.Release|x86.ActiveCfg = Release|Any CPU
		{9167F490-36B6-4DD9-A488-86FF427FC122}.Debug|Any CPU.ActiveCfg = Debug|Any CPU
		{9167F490-36B6-4DD9-A488-86FF427FC122}.Debug|Any CPU.Build.0 = Debug|Any CPU
		{9167F490-36B6-4DD9-A488-86FF427FC122}.Debug|x64.ActiveCfg = Debug|Any CPU
		{9167F490-36B6-4DD9-A488-86FF427FC122}.Debug|x86.ActiveCfg = Debug|Any CPU
		{9167F490-36B6-4DD9-A488-86FF427FC122}.Release|Any CPU.ActiveCfg = Release|Any CPU
		{9167F490-36B6-4DD9-A488-86FF427FC122}.Release|Any CPU.Build.0 = Release|Any CPU
		{9167F490-36B6-4DD9-A488-86FF427FC122}.Release|x64.ActiveCfg = Release|Any CPU
		{9167F490-36B6-4DD9-A488-86FF427FC122}.Release|x86.ActiveCfg = Release|Any CPU
		{E56CA434-F610-445E-A45C-660BB98E6687}.Debug|Any CPU.ActiveCfg = Debug|Any CPU
		{E56CA434-F610-445E-A45C-660BB98E6687}.Debug|Any CPU.Build.0 = Debug|Any CPU
		{E56CA434-F610-445E-A45C-660BB98E6687}.Debug|x64.ActiveCfg = Debug|Any CPU
		{E56CA434-F610-445E-A45C-660BB98E6687}.Debug|x86.ActiveCfg = Debug|Any CPU
		{E56CA434-F610-445E-A45C-660BB98E6687}.Release|Any CPU.ActiveCfg = Release|Any CPU
		{E56CA434-F610-445E-A45C-660BB98E6687}.Release|Any CPU.Build.0 = Release|Any CPU
		{E56CA434-F610-445E-A45C-660BB98E6687}.Release|x64.ActiveCfg = Release|Any CPU
		{E56CA434-F610-445E-A45C-660BB98E6687}.Release|x86.ActiveCfg = Release|Any CPU
		{1054DFFB-CE88-4D59-BF28-1EEDAE590077}.Debug|Any CPU.ActiveCfg = Debug|Any CPU
		{1054DFFB-CE88-4D59-BF28-1EEDAE590077}.Debug|Any CPU.Build.0 = Debug|Any CPU
		{1054DFFB-CE88-4D59-BF28-1EEDAE590077}.Debug|x64.ActiveCfg = Debug|Any CPU
		{1054DFFB-CE88-4D59-BF28-1EEDAE590077}.Debug|x86.ActiveCfg = Debug|Any CPU
		{1054DFFB-CE88-4D59-BF28-1EEDAE590077}.Release|Any CPU.ActiveCfg = Release|Any CPU
		{1054DFFB-CE88-4D59-BF28-1EEDAE590077}.Release|Any CPU.Build.0 = Release|Any CPU
		{1054DFFB-CE88-4D59-BF28-1EEDAE590077}.Release|x64.ActiveCfg = Release|Any CPU
		{1054DFFB-CE88-4D59-BF28-1EEDAE590077}.Release|x86.ActiveCfg = Release|Any CPU
		{8F4EF692-5A5D-4D37-8591-67DF7A3F8264}.Debug|Any CPU.ActiveCfg = Debug|Any CPU
		{8F4EF692-5A5D-4D37-8591-67DF7A3F8264}.Debug|Any CPU.Build.0 = Debug|Any CPU
		{8F4EF692-5A5D-4D37-8591-67DF7A3F8264}.Debug|x64.ActiveCfg = Debug|Any CPU
		{8F4EF692-5A5D-4D37-8591-67DF7A3F8264}.Debug|x86.ActiveCfg = Debug|Any CPU
		{8F4EF692-5A5D-4D37-8591-67DF7A3F8264}.Release|Any CPU.ActiveCfg = Release|Any CPU
		{8F4EF692-5A5D-4D37-8591-67DF7A3F8264}.Release|Any CPU.Build.0 = Release|Any CPU
		{8F4EF692-5A5D-4D37-8591-67DF7A3F8264}.Release|x64.ActiveCfg = Release|Any CPU
		{8F4EF692-5A5D-4D37-8591-67DF7A3F8264}.Release|x86.ActiveCfg = Release|Any CPU
		{F085FA75-3A94-4CE4-B412-AC03AA5BFA3C}.Debug|Any CPU.ActiveCfg = Debug|Any CPU
		{F085FA75-3A94-4CE4-B412-AC03AA5BFA3C}.Debug|Any CPU.Build.0 = Debug|Any CPU
		{F085FA75-3A94-4CE4-B412-AC03AA5BFA3C}.Debug|x64.ActiveCfg = Debug|Any CPU
		{F085FA75-3A94-4CE4-B412-AC03AA5BFA3C}.Debug|x86.ActiveCfg = Debug|Any CPU
		{F085FA75-3A94-4CE4-B412-AC03AA5BFA3C}.Release|Any CPU.ActiveCfg = Release|Any CPU
		{F085FA75-3A94-4CE4-B412-AC03AA5BFA3C}.Release|Any CPU.Build.0 = Release|Any CPU
		{F085FA75-3A94-4CE4-B412-AC03AA5BFA3C}.Release|x64.ActiveCfg = Release|Any CPU
		{F085FA75-3A94-4CE4-B412-AC03AA5BFA3C}.Release|x86.ActiveCfg = Release|Any CPU
		{91633B87-F8DB-4DD1-B904-CAA7258A945F}.Debug|Any CPU.ActiveCfg = Debug|Any CPU
		{91633B87-F8DB-4DD1-B904-CAA7258A945F}.Debug|Any CPU.Build.0 = Debug|Any CPU
		{91633B87-F8DB-4DD1-B904-CAA7258A945F}.Debug|x64.ActiveCfg = Debug|Any CPU
		{91633B87-F8DB-4DD1-B904-CAA7258A945F}.Debug|x86.ActiveCfg = Debug|Any CPU
		{91633B87-F8DB-4DD1-B904-CAA7258A945F}.Release|Any CPU.ActiveCfg = Release|Any CPU
		{91633B87-F8DB-4DD1-B904-CAA7258A945F}.Release|Any CPU.Build.0 = Release|Any CPU
		{91633B87-F8DB-4DD1-B904-CAA7258A945F}.Release|x64.ActiveCfg = Release|Any CPU
		{91633B87-F8DB-4DD1-B904-CAA7258A945F}.Release|x86.ActiveCfg = Release|Any CPU
		{FC226B3C-D706-4ABD-9E46-B8A987EFA7E9}.Debug|Any CPU.ActiveCfg = Debug|Any CPU
		{FC226B3C-D706-4ABD-9E46-B8A987EFA7E9}.Debug|Any CPU.Build.0 = Debug|Any CPU
		{FC226B3C-D706-4ABD-9E46-B8A987EFA7E9}.Debug|x64.ActiveCfg = Debug|Any CPU
		{FC226B3C-D706-4ABD-9E46-B8A987EFA7E9}.Debug|x86.ActiveCfg = Debug|Any CPU
		{FC226B3C-D706-4ABD-9E46-B8A987EFA7E9}.Release|Any CPU.ActiveCfg = Release|Any CPU
		{FC226B3C-D706-4ABD-9E46-B8A987EFA7E9}.Release|Any CPU.Build.0 = Release|Any CPU
		{FC226B3C-D706-4ABD-9E46-B8A987EFA7E9}.Release|x64.ActiveCfg = Release|Any CPU
		{FC226B3C-D706-4ABD-9E46-B8A987EFA7E9}.Release|x86.ActiveCfg = Release|Any CPU
		{22086451-A9A2-414C-8A81-5BE02FC5C8EE}.Debug|Any CPU.ActiveCfg = Debug|Any CPU
		{22086451-A9A2-414C-8A81-5BE02FC5C8EE}.Debug|Any CPU.Build.0 = Debug|Any CPU
		{22086451-A9A2-414C-8A81-5BE02FC5C8EE}.Debug|x64.ActiveCfg = Debug|x64
		{22086451-A9A2-414C-8A81-5BE02FC5C8EE}.Debug|x64.Build.0 = Debug|x64
		{22086451-A9A2-414C-8A81-5BE02FC5C8EE}.Debug|x86.ActiveCfg = Debug|x86
		{22086451-A9A2-414C-8A81-5BE02FC5C8EE}.Debug|x86.Build.0 = Debug|x86
		{22086451-A9A2-414C-8A81-5BE02FC5C8EE}.Release|Any CPU.ActiveCfg = Release|Any CPU
		{22086451-A9A2-414C-8A81-5BE02FC5C8EE}.Release|Any CPU.Build.0 = Release|Any CPU
		{22086451-A9A2-414C-8A81-5BE02FC5C8EE}.Release|x64.ActiveCfg = Release|x64
		{22086451-A9A2-414C-8A81-5BE02FC5C8EE}.Release|x64.Build.0 = Release|x64
		{22086451-A9A2-414C-8A81-5BE02FC5C8EE}.Release|x86.ActiveCfg = Release|x86
		{22086451-A9A2-414C-8A81-5BE02FC5C8EE}.Release|x86.Build.0 = Release|x86
		{181FE707-E161-4722-9F38-6AAAB6FAA106}.Debug|Any CPU.ActiveCfg = Debug|Any CPU
		{181FE707-E161-4722-9F38-6AAAB6FAA106}.Debug|Any CPU.Build.0 = Debug|Any CPU
		{181FE707-E161-4722-9F38-6AAAB6FAA106}.Debug|x64.ActiveCfg = Debug|Any CPU
		{181FE707-E161-4722-9F38-6AAAB6FAA106}.Debug|x86.ActiveCfg = Debug|Any CPU
		{181FE707-E161-4722-9F38-6AAAB6FAA106}.Release|Any CPU.ActiveCfg = Release|Any CPU
		{181FE707-E161-4722-9F38-6AAAB6FAA106}.Release|Any CPU.Build.0 = Release|Any CPU
		{181FE707-E161-4722-9F38-6AAAB6FAA106}.Release|x64.ActiveCfg = Release|Any CPU
		{181FE707-E161-4722-9F38-6AAAB6FAA106}.Release|x86.ActiveCfg = Release|Any CPU
		{CE3F016E-67A4-4F08-8E0E-5493D8E305AC}.Debug|Any CPU.ActiveCfg = Debug|Any CPU
		{CE3F016E-67A4-4F08-8E0E-5493D8E305AC}.Debug|Any CPU.Build.0 = Debug|Any CPU
		{CE3F016E-67A4-4F08-8E0E-5493D8E305AC}.Debug|x64.ActiveCfg = Debug|x64
		{CE3F016E-67A4-4F08-8E0E-5493D8E305AC}.Debug|x64.Build.0 = Debug|x64
		{CE3F016E-67A4-4F08-8E0E-5493D8E305AC}.Debug|x86.ActiveCfg = Debug|x86
		{CE3F016E-67A4-4F08-8E0E-5493D8E305AC}.Debug|x86.Build.0 = Debug|x86
		{CE3F016E-67A4-4F08-8E0E-5493D8E305AC}.Release|Any CPU.ActiveCfg = Release|Any CPU
		{CE3F016E-67A4-4F08-8E0E-5493D8E305AC}.Release|Any CPU.Build.0 = Release|Any CPU
		{CE3F016E-67A4-4F08-8E0E-5493D8E305AC}.Release|x64.ActiveCfg = Release|x64
		{CE3F016E-67A4-4F08-8E0E-5493D8E305AC}.Release|x64.Build.0 = Release|x64
		{CE3F016E-67A4-4F08-8E0E-5493D8E305AC}.Release|x86.ActiveCfg = Release|x86
		{CE3F016E-67A4-4F08-8E0E-5493D8E305AC}.Release|x86.Build.0 = Release|x86
		{C75532C4-765B-418E-B09B-46D36B2ABDB1}.Debug|Any CPU.ActiveCfg = Debug|Any CPU
		{C75532C4-765B-418E-B09B-46D36B2ABDB1}.Debug|Any CPU.Build.0 = Debug|Any CPU
		{C75532C4-765B-418E-B09B-46D36B2ABDB1}.Debug|x64.ActiveCfg = Debug|Any CPU
		{C75532C4-765B-418E-B09B-46D36B2ABDB1}.Debug|x86.ActiveCfg = Debug|Any CPU
		{C75532C4-765B-418E-B09B-46D36B2ABDB1}.Release|Any CPU.ActiveCfg = Release|Any CPU
		{C75532C4-765B-418E-B09B-46D36B2ABDB1}.Release|Any CPU.Build.0 = Release|Any CPU
		{C75532C4-765B-418E-B09B-46D36B2ABDB1}.Release|x64.ActiveCfg = Release|Any CPU
		{C75532C4-765B-418E-B09B-46D36B2ABDB1}.Release|x86.ActiveCfg = Release|Any CPU
	EndGlobalSection
	GlobalSection(SolutionProperties) = preSolution
		HideSolutionNode = FALSE
	EndGlobalSection
	GlobalSection(NestedProjects) = preSolution
		{8FD046FA-8B62-4F4D-8132-4DBD20037D42} = {9196382E-E12C-4749-AA3E-7F6033EE91DF}
		{FC841F5C-F4C4-4DA4-88FA-9464E971D284} = {9196382E-E12C-4749-AA3E-7F6033EE91DF}
		{BE0F9179-F1F7-47A1-9D62-3D8D85A6330A} = {9196382E-E12C-4749-AA3E-7F6033EE91DF}
		{E3126CF9-0615-46F7-9806-709593B2ECF1} = {9196382E-E12C-4749-AA3E-7F6033EE91DF}
		{E56CA434-F610-445E-A45C-660BB98E6687} = {9196382E-E12C-4749-AA3E-7F6033EE91DF}
		{1054DFFB-CE88-4D59-BF28-1EEDAE590077} = {9196382E-E12C-4749-AA3E-7F6033EE91DF}
		{8F4EF692-5A5D-4D37-8591-67DF7A3F8264} = {9196382E-E12C-4749-AA3E-7F6033EE91DF}
		{F085FA75-3A94-4CE4-B412-AC03AA5BFA3C} = {9196382E-E12C-4749-AA3E-7F6033EE91DF}
		{91633B87-F8DB-4DD1-B904-CAA7258A945F} = {9196382E-E12C-4749-AA3E-7F6033EE91DF}
		{FC226B3C-D706-4ABD-9E46-B8A987EFA7E9} = {9196382E-E12C-4749-AA3E-7F6033EE91DF}
		{22086451-A9A2-414C-8A81-5BE02FC5C8EE} = {F128167F-2088-49D8-BEAC-74AC1081648E}
		{181FE707-E161-4722-9F38-6AAAB6FAA106} = {F128167F-2088-49D8-BEAC-74AC1081648E}
		{CE3F016E-67A4-4F08-8E0E-5493D8E305AC} = {F128167F-2088-49D8-BEAC-74AC1081648E}
		{C75532C4-765B-418E-B09B-46D36B2ABDB1} = {F128167F-2088-49D8-BEAC-74AC1081648E}
	EndGlobalSection
EndGlobal
