
Microsoft Visual Studio Solution File, Format Version 12.00
# Visual Studio 2012
Project("{2150E333-8FDC-42A3-9474-1A3956D46DE8}") = "TowerClasses", "TowerClasses", "{33689791-6E85-4C07-A3E3-17B40E313A0D}"
EndProject
Project("{2150E333-8FDC-42A3-9474-1A3956D46DE8}") = "Editoren", "Editoren", "{4152F481-B7C8-444F-B8AE-96C406B06FC6}"
EndProject
Project("{2150E333-8FDC-42A3-9474-1A3956D46DE8}") = "Utilities", "Utilities", "{BC640E11-2822-4491-BF81-871E17BC6011}"
EndProject
Project("{FAE04EC0-301F-11D3-BF4B-00C04F79EFBC}") = "PathDefence", "PathDefence\PathDefence.csproj", "{36B0D37E-9982-4D6D-A51F-14AEF8F1C22B}"
EndProject
Project("{FAE04EC0-301F-11D3-BF4B-00C04F79EFBC}") = "BaseTower", "TowerClasses\BaseTower\BaseTower.csproj", "{565B9FD1-9F11-4708-96F8-DF4B20E37DE7}"
EndProject
Project("{FAE04EC0-301F-11D3-BF4B-00C04F79EFBC}") = "FireTower", "TowerClasses\FireTower\FireTower.csproj", "{B08D8BB4-7390-4921-9351-D20930163738}"
EndProject
Project("{FAE04EC0-301F-11D3-BF4B-00C04F79EFBC}") = "FreezeTower", "TowerClasses\FreezeTower\FreezeTower.csproj", "{D6752A5C-4980-4103-8FCE-285139AAFAD5}"
EndProject
Project("{FAE04EC0-301F-11D3-BF4B-00C04F79EFBC}") = "HealthTower", "TowerClasses\HealthTower\HealthTower.csproj", "{F51F50CA-5542-49E5-BEC9-D4AA129364D1}"
EndProject
Project("{FAE04EC0-301F-11D3-BF4B-00C04F79EFBC}") = "MassiveTower", "TowerClasses\MassiveTower\MassiveTower.csproj", "{FEEE3CAC-B974-409C-89DB-5BD5D3C7B77A}"
EndProject
Project("{FAE04EC0-301F-11D3-BF4B-00C04F79EFBC}") = "MoneyTower", "TowerClasses\MoneyTower\MoneyTower.csproj", "{A62AAADA-CA11-4039-8401-FAB88C7F0101}"
EndProject
Project("{FAE04EC0-301F-11D3-BF4B-00C04F79EFBC}") = "PoisonTower", "TowerClasses\PoisonTower\PoisonTower.csproj", "{8BD4AF78-6DA2-4C87-AD7B-47470C3D45FF}"
EndProject
Project("{FAE04EC0-301F-11D3-BF4B-00C04F79EFBC}") = "StandardTower", "TowerClasses\StandardTower\StandardTower.csproj", "{46785DD2-B2DB-4B19-A0CB-1769242879B9}"
EndProject
Project("{FAE04EC0-301F-11D3-BF4B-00C04F79EFBC}") = "TowerInterface", "TowerClasses\TowerInterface\TowerInterface.csproj", "{27C33B98-C43B-4BAC-A18C-97D1FA57EDE5}"
EndProject
Project("{FAE04EC0-301F-11D3-BF4B-00C04F79EFBC}") = "WallTower", "TowerClasses\WallTower\WallTower.csproj", "{C4120041-6F04-46C0-B0D5-A74150363311}"
EndProject
Project("{FAE04EC0-301F-11D3-BF4B-00C04F79EFBC}") = "LevelEditor", "Editoren\LevelEditor\LevelEditor.csproj", "{0E511161-468A-4971-A1DE-D2D1CA0C5685}"
EndProject
Project("{FAE04EC0-301F-11D3-BF4B-00C04F79EFBC}") = "TowerEditor", "Editoren\TowerEditor\TowerEditor.csproj", "{34BD7B04-2E3E-402A-AFB4-886590BA2FA0}"
EndProject
Project("{FAE04EC0-301F-11D3-BF4B-00C04F79EFBC}") = "XST", "Utilities\XST\XST.csproj", "{F3513CBE-2445-42DC-B5DF-38A4E121E73D}"
EndProject
Project("{FAE04EC0-301F-11D3-BF4B-00C04F79EFBC}") = "PercentageTower", "TowerClasses\PercentageTower\PercentageTower.csproj", "{7D905DA2-506B-42DB-ACC5-399B56C06BAD}"
EndProject
Project("{FAE04EC0-301F-11D3-BF4B-00C04F79EFBC}") = "Controls", "NeoforceControls\Controls.csproj", "{9C8328B3-97FC-4F39-A1BC-6DC4A1730C26}"
EndProject
Project("{2150E333-8FDC-42A3-9474-1A3956D46DE8}") = "Content", "Content", "{0FCD18D8-533F-43E5-8D14-FA4DEC0BD886}"
EndProject
Project("{FAE04EC0-301F-11D3-BF4B-00C04F79EFBC}") = "LevelEditorContent", "Content\LevelEditorContent\LevelEditorContent.contentproj", "{F54A80FF-C4D1-4F8C-9E9D-B3086E1A3A78}"
EndProject
Project("{FAE04EC0-301F-11D3-BF4B-00C04F79EFBC}") = "GameContent", "Content\GameContent\GameContent.contentproj", "{EECFEB3D-F53E-440D-9450-812CC34E5319}"
EndProject
Project("{FAE04EC0-301F-11D3-BF4B-00C04F79EFBC}") = "ControlsContent", "Content\ControlsContent\ControlsContent.contentproj", "{35AFC410-C882-4EF4-8CE0-C53C2C712B0C}"
EndProject
Global
	GlobalSection(SolutionConfigurationPlatforms) = preSolution
		Debug|Any CPU = Debug|Any CPU
		Debug|Mixed Platforms = Debug|Mixed Platforms
		Debug|x86 = Debug|x86
		Editoren|Any CPU = Editoren|Any CPU
		Editoren|Mixed Platforms = Editoren|Mixed Platforms
		Editoren|x86 = Editoren|x86
		Ohne Türme|Any CPU = Ohne Türme|Any CPU
		Ohne Türme|Mixed Platforms = Ohne Türme|Mixed Platforms
		Ohne Türme|x86 = Ohne Türme|x86
		Release|Any CPU = Release|Any CPU
		Release|Mixed Platforms = Release|Mixed Platforms
		Release|x86 = Release|x86
		WPF Debug|Any CPU = WPF Debug|Any CPU
		WPF Debug|Mixed Platforms = WPF Debug|Mixed Platforms
		WPF Debug|x86 = WPF Debug|x86
		WPF Release|Any CPU = WPF Release|Any CPU
		WPF Release|Mixed Platforms = WPF Release|Mixed Platforms
		WPF Release|x86 = WPF Release|x86
	EndGlobalSection
	GlobalSection(ProjectConfigurationPlatforms) = postSolution
		{36B0D37E-9982-4D6D-A51F-14AEF8F1C22B}.Debug|Any CPU.ActiveCfg = Debug|x86
		{36B0D37E-9982-4D6D-A51F-14AEF8F1C22B}.Debug|Mixed Platforms.ActiveCfg = Debug|x86
		{36B0D37E-9982-4D6D-A51F-14AEF8F1C22B}.Debug|Mixed Platforms.Build.0 = Debug|x86
		{36B0D37E-9982-4D6D-A51F-14AEF8F1C22B}.Debug|x86.ActiveCfg = Debug|x86
		{36B0D37E-9982-4D6D-A51F-14AEF8F1C22B}.Debug|x86.Build.0 = Debug|x86
		{36B0D37E-9982-4D6D-A51F-14AEF8F1C22B}.Editoren|Any CPU.ActiveCfg = Editoren|x86
		{36B0D37E-9982-4D6D-A51F-14AEF8F1C22B}.Editoren|Mixed Platforms.ActiveCfg = Editoren|x86
		{36B0D37E-9982-4D6D-A51F-14AEF8F1C22B}.Editoren|Mixed Platforms.Build.0 = Editoren|x86
		{36B0D37E-9982-4D6D-A51F-14AEF8F1C22B}.Editoren|x86.ActiveCfg = Editoren|x86
		{36B0D37E-9982-4D6D-A51F-14AEF8F1C22B}.Ohne Türme|Any CPU.ActiveCfg = Ohne Türme|x86
		{36B0D37E-9982-4D6D-A51F-14AEF8F1C22B}.Ohne Türme|Mixed Platforms.ActiveCfg = Ohne Türme|x86
		{36B0D37E-9982-4D6D-A51F-14AEF8F1C22B}.Ohne Türme|Mixed Platforms.Build.0 = Ohne Türme|x86
		{36B0D37E-9982-4D6D-A51F-14AEF8F1C22B}.Ohne Türme|x86.ActiveCfg = Ohne Türme|x86
		{36B0D37E-9982-4D6D-A51F-14AEF8F1C22B}.Ohne Türme|x86.Build.0 = Ohne Türme|x86
		{36B0D37E-9982-4D6D-A51F-14AEF8F1C22B}.Release|Any CPU.ActiveCfg = Release|x86
		{36B0D37E-9982-4D6D-A51F-14AEF8F1C22B}.Release|Any CPU.Build.0 = Release|x86
		{36B0D37E-9982-4D6D-A51F-14AEF8F1C22B}.Release|Mixed Platforms.ActiveCfg = Release|x86
		{36B0D37E-9982-4D6D-A51F-14AEF8F1C22B}.Release|Mixed Platforms.Build.0 = Release|x86
		{36B0D37E-9982-4D6D-A51F-14AEF8F1C22B}.Release|x86.ActiveCfg = Release|x86
		{36B0D37E-9982-4D6D-A51F-14AEF8F1C22B}.Release|x86.Build.0 = Release|x86
		{36B0D37E-9982-4D6D-A51F-14AEF8F1C22B}.WPF Debug|Any CPU.ActiveCfg = Debug|x86
		{36B0D37E-9982-4D6D-A51F-14AEF8F1C22B}.WPF Debug|Mixed Platforms.ActiveCfg = Debug|x86
		{36B0D37E-9982-4D6D-A51F-14AEF8F1C22B}.WPF Debug|Mixed Platforms.Build.0 = Debug|x86
		{36B0D37E-9982-4D6D-A51F-14AEF8F1C22B}.WPF Debug|x86.ActiveCfg = Debug|x86
		{36B0D37E-9982-4D6D-A51F-14AEF8F1C22B}.WPF Debug|x86.Build.0 = Debug|x86
		{36B0D37E-9982-4D6D-A51F-14AEF8F1C22B}.WPF Release|Any CPU.ActiveCfg = Release|x86
		{36B0D37E-9982-4D6D-A51F-14AEF8F1C22B}.WPF Release|Mixed Platforms.ActiveCfg = Release|x86
		{36B0D37E-9982-4D6D-A51F-14AEF8F1C22B}.WPF Release|Mixed Platforms.Build.0 = Release|x86
		{36B0D37E-9982-4D6D-A51F-14AEF8F1C22B}.WPF Release|x86.ActiveCfg = Release|x86
		{36B0D37E-9982-4D6D-A51F-14AEF8F1C22B}.WPF Release|x86.Build.0 = Release|x86
		{565B9FD1-9F11-4708-96F8-DF4B20E37DE7}.Debug|Any CPU.ActiveCfg = Debug|x86
		{565B9FD1-9F11-4708-96F8-DF4B20E37DE7}.Debug|Mixed Platforms.ActiveCfg = Debug|x86
		{565B9FD1-9F11-4708-96F8-DF4B20E37DE7}.Debug|Mixed Platforms.Build.0 = Debug|x86
		{565B9FD1-9F11-4708-96F8-DF4B20E37DE7}.Debug|x86.ActiveCfg = Debug|x86
		{565B9FD1-9F11-4708-96F8-DF4B20E37DE7}.Debug|x86.Build.0 = Debug|x86
		{565B9FD1-9F11-4708-96F8-DF4B20E37DE7}.Editoren|Any CPU.ActiveCfg = Editoren|x86
		{565B9FD1-9F11-4708-96F8-DF4B20E37DE7}.Editoren|Mixed Platforms.ActiveCfg = Editoren|x86
		{565B9FD1-9F11-4708-96F8-DF4B20E37DE7}.Editoren|Mixed Platforms.Build.0 = Editoren|x86
		{565B9FD1-9F11-4708-96F8-DF4B20E37DE7}.Editoren|x86.ActiveCfg = Editoren|x86
		{565B9FD1-9F11-4708-96F8-DF4B20E37DE7}.Ohne Türme|Any CPU.ActiveCfg = Ohne Türme|x86
		{565B9FD1-9F11-4708-96F8-DF4B20E37DE7}.Ohne Türme|Mixed Platforms.ActiveCfg = Ohne Türme|x86
		{565B9FD1-9F11-4708-96F8-DF4B20E37DE7}.Ohne Türme|Mixed Platforms.Build.0 = Ohne Türme|x86
		{565B9FD1-9F11-4708-96F8-DF4B20E37DE7}.Ohne Türme|x86.ActiveCfg = Ohne Türme|x86
		{565B9FD1-9F11-4708-96F8-DF4B20E37DE7}.Release|Any CPU.ActiveCfg = Release|x86
		{565B9FD1-9F11-4708-96F8-DF4B20E37DE7}.Release|Mixed Platforms.ActiveCfg = Release|x86
		{565B9FD1-9F11-4708-96F8-DF4B20E37DE7}.Release|Mixed Platforms.Build.0 = Release|x86
		{565B9FD1-9F11-4708-96F8-DF4B20E37DE7}.Release|x86.ActiveCfg = Release|x86
		{565B9FD1-9F11-4708-96F8-DF4B20E37DE7}.Release|x86.Build.0 = Release|x86
		{565B9FD1-9F11-4708-96F8-DF4B20E37DE7}.WPF Debug|Any CPU.ActiveCfg = Debug|x86
		{565B9FD1-9F11-4708-96F8-DF4B20E37DE7}.WPF Debug|Mixed Platforms.ActiveCfg = Debug|x86
		{565B9FD1-9F11-4708-96F8-DF4B20E37DE7}.WPF Debug|Mixed Platforms.Build.0 = Debug|x86
		{565B9FD1-9F11-4708-96F8-DF4B20E37DE7}.WPF Debug|x86.ActiveCfg = Debug|x86
		{565B9FD1-9F11-4708-96F8-DF4B20E37DE7}.WPF Debug|x86.Build.0 = Debug|x86
		{565B9FD1-9F11-4708-96F8-DF4B20E37DE7}.WPF Release|Any CPU.ActiveCfg = Release|x86
		{565B9FD1-9F11-4708-96F8-DF4B20E37DE7}.WPF Release|Mixed Platforms.ActiveCfg = Release|x86
		{565B9FD1-9F11-4708-96F8-DF4B20E37DE7}.WPF Release|Mixed Platforms.Build.0 = Release|x86
		{565B9FD1-9F11-4708-96F8-DF4B20E37DE7}.WPF Release|x86.ActiveCfg = Release|x86
		{565B9FD1-9F11-4708-96F8-DF4B20E37DE7}.WPF Release|x86.Build.0 = Release|x86
		{B08D8BB4-7390-4921-9351-D20930163738}.Debug|Any CPU.ActiveCfg = Debug|x86
		{B08D8BB4-7390-4921-9351-D20930163738}.Debug|Mixed Platforms.ActiveCfg = Debug|x86
		{B08D8BB4-7390-4921-9351-D20930163738}.Debug|Mixed Platforms.Build.0 = Debug|x86
		{B08D8BB4-7390-4921-9351-D20930163738}.Debug|x86.ActiveCfg = Debug|x86
		{B08D8BB4-7390-4921-9351-D20930163738}.Debug|x86.Build.0 = Debug|x86
		{B08D8BB4-7390-4921-9351-D20930163738}.Editoren|Any CPU.ActiveCfg = Editoren|x86
		{B08D8BB4-7390-4921-9351-D20930163738}.Editoren|Mixed Platforms.ActiveCfg = Editoren|x86
		{B08D8BB4-7390-4921-9351-D20930163738}.Editoren|Mixed Platforms.Build.0 = Editoren|x86
		{B08D8BB4-7390-4921-9351-D20930163738}.Editoren|x86.ActiveCfg = Editoren|x86
		{B08D8BB4-7390-4921-9351-D20930163738}.Ohne Türme|Any CPU.ActiveCfg = Ohne Türme|x86
		{B08D8BB4-7390-4921-9351-D20930163738}.Ohne Türme|Mixed Platforms.ActiveCfg = Ohne Türme|x86
		{B08D8BB4-7390-4921-9351-D20930163738}.Ohne Türme|Mixed Platforms.Build.0 = Ohne Türme|x86
		{B08D8BB4-7390-4921-9351-D20930163738}.Ohne Türme|x86.ActiveCfg = Ohne Türme|x86
		{B08D8BB4-7390-4921-9351-D20930163738}.Release|Any CPU.ActiveCfg = Release|x86
		{B08D8BB4-7390-4921-9351-D20930163738}.Release|Mixed Platforms.ActiveCfg = Release|x86
		{B08D8BB4-7390-4921-9351-D20930163738}.Release|Mixed Platforms.Build.0 = Release|x86
		{B08D8BB4-7390-4921-9351-D20930163738}.Release|x86.ActiveCfg = Release|x86
		{B08D8BB4-7390-4921-9351-D20930163738}.Release|x86.Build.0 = Release|x86
		{B08D8BB4-7390-4921-9351-D20930163738}.WPF Debug|Any CPU.ActiveCfg = Debug|x86
		{B08D8BB4-7390-4921-9351-D20930163738}.WPF Debug|Mixed Platforms.ActiveCfg = Debug|x86
		{B08D8BB4-7390-4921-9351-D20930163738}.WPF Debug|Mixed Platforms.Build.0 = Debug|x86
		{B08D8BB4-7390-4921-9351-D20930163738}.WPF Debug|x86.ActiveCfg = Debug|x86
		{B08D8BB4-7390-4921-9351-D20930163738}.WPF Debug|x86.Build.0 = Debug|x86
		{B08D8BB4-7390-4921-9351-D20930163738}.WPF Release|Any CPU.ActiveCfg = Release|x86
		{B08D8BB4-7390-4921-9351-D20930163738}.WPF Release|Mixed Platforms.ActiveCfg = Release|x86
		{B08D8BB4-7390-4921-9351-D20930163738}.WPF Release|Mixed Platforms.Build.0 = Release|x86
		{B08D8BB4-7390-4921-9351-D20930163738}.WPF Release|x86.ActiveCfg = Release|x86
		{B08D8BB4-7390-4921-9351-D20930163738}.WPF Release|x86.Build.0 = Release|x86
		{D6752A5C-4980-4103-8FCE-285139AAFAD5}.Debug|Any CPU.ActiveCfg = Debug|x86
		{D6752A5C-4980-4103-8FCE-285139AAFAD5}.Debug|Mixed Platforms.ActiveCfg = Debug|x86
		{D6752A5C-4980-4103-8FCE-285139AAFAD5}.Debug|Mixed Platforms.Build.0 = Debug|x86
		{D6752A5C-4980-4103-8FCE-285139AAFAD5}.Debug|x86.ActiveCfg = Debug|x86
		{D6752A5C-4980-4103-8FCE-285139AAFAD5}.Debug|x86.Build.0 = Debug|x86
		{D6752A5C-4980-4103-8FCE-285139AAFAD5}.Editoren|Any CPU.ActiveCfg = Editoren|x86
		{D6752A5C-4980-4103-8FCE-285139AAFAD5}.Editoren|Mixed Platforms.ActiveCfg = Editoren|x86
		{D6752A5C-4980-4103-8FCE-285139AAFAD5}.Editoren|Mixed Platforms.Build.0 = Editoren|x86
		{D6752A5C-4980-4103-8FCE-285139AAFAD5}.Editoren|x86.ActiveCfg = Editoren|x86
		{D6752A5C-4980-4103-8FCE-285139AAFAD5}.Ohne Türme|Any CPU.ActiveCfg = Ohne Türme|x86
		{D6752A5C-4980-4103-8FCE-285139AAFAD5}.Ohne Türme|Mixed Platforms.ActiveCfg = Ohne Türme|x86
		{D6752A5C-4980-4103-8FCE-285139AAFAD5}.Ohne Türme|Mixed Platforms.Build.0 = Ohne Türme|x86
		{D6752A5C-4980-4103-8FCE-285139AAFAD5}.Ohne Türme|x86.ActiveCfg = Ohne Türme|x86
		{D6752A5C-4980-4103-8FCE-285139AAFAD5}.Release|Any CPU.ActiveCfg = Release|x86
		{D6752A5C-4980-4103-8FCE-285139AAFAD5}.Release|Mixed Platforms.ActiveCfg = Release|x86
		{D6752A5C-4980-4103-8FCE-285139AAFAD5}.Release|Mixed Platforms.Build.0 = Release|x86
		{D6752A5C-4980-4103-8FCE-285139AAFAD5}.Release|x86.ActiveCfg = Release|x86
		{D6752A5C-4980-4103-8FCE-285139AAFAD5}.Release|x86.Build.0 = Release|x86
		{D6752A5C-4980-4103-8FCE-285139AAFAD5}.WPF Debug|Any CPU.ActiveCfg = Debug|x86
		{D6752A5C-4980-4103-8FCE-285139AAFAD5}.WPF Debug|Mixed Platforms.ActiveCfg = Debug|x86
		{D6752A5C-4980-4103-8FCE-285139AAFAD5}.WPF Debug|Mixed Platforms.Build.0 = Debug|x86
		{D6752A5C-4980-4103-8FCE-285139AAFAD5}.WPF Debug|x86.ActiveCfg = Debug|x86
		{D6752A5C-4980-4103-8FCE-285139AAFAD5}.WPF Debug|x86.Build.0 = Debug|x86
		{D6752A5C-4980-4103-8FCE-285139AAFAD5}.WPF Release|Any CPU.ActiveCfg = Release|x86
		{D6752A5C-4980-4103-8FCE-285139AAFAD5}.WPF Release|Mixed Platforms.ActiveCfg = Release|x86
		{D6752A5C-4980-4103-8FCE-285139AAFAD5}.WPF Release|Mixed Platforms.Build.0 = Release|x86
		{D6752A5C-4980-4103-8FCE-285139AAFAD5}.WPF Release|x86.ActiveCfg = Release|x86
		{D6752A5C-4980-4103-8FCE-285139AAFAD5}.WPF Release|x86.Build.0 = Release|x86
		{F51F50CA-5542-49E5-BEC9-D4AA129364D1}.Debug|Any CPU.ActiveCfg = Debug|x86
		{F51F50CA-5542-49E5-BEC9-D4AA129364D1}.Debug|Mixed Platforms.ActiveCfg = Debug|x86
		{F51F50CA-5542-49E5-BEC9-D4AA129364D1}.Debug|Mixed Platforms.Build.0 = Debug|x86
		{F51F50CA-5542-49E5-BEC9-D4AA129364D1}.Debug|x86.ActiveCfg = Debug|x86
		{F51F50CA-5542-49E5-BEC9-D4AA129364D1}.Debug|x86.Build.0 = Debug|x86
		{F51F50CA-5542-49E5-BEC9-D4AA129364D1}.Editoren|Any CPU.ActiveCfg = Editoren|x86
		{F51F50CA-5542-49E5-BEC9-D4AA129364D1}.Editoren|Mixed Platforms.ActiveCfg = Editoren|x86
		{F51F50CA-5542-49E5-BEC9-D4AA129364D1}.Editoren|Mixed Platforms.Build.0 = Editoren|x86
		{F51F50CA-5542-49E5-BEC9-D4AA129364D1}.Editoren|x86.ActiveCfg = Editoren|x86
		{F51F50CA-5542-49E5-BEC9-D4AA129364D1}.Ohne Türme|Any CPU.ActiveCfg = Ohne Türme|x86
		{F51F50CA-5542-49E5-BEC9-D4AA129364D1}.Ohne Türme|Mixed Platforms.ActiveCfg = Ohne Türme|x86
		{F51F50CA-5542-49E5-BEC9-D4AA129364D1}.Ohne Türme|Mixed Platforms.Build.0 = Ohne Türme|x86
		{F51F50CA-5542-49E5-BEC9-D4AA129364D1}.Ohne Türme|x86.ActiveCfg = Ohne Türme|x86
		{F51F50CA-5542-49E5-BEC9-D4AA129364D1}.Release|Any CPU.ActiveCfg = Release|x86
		{F51F50CA-5542-49E5-BEC9-D4AA129364D1}.Release|Mixed Platforms.ActiveCfg = Release|x86
		{F51F50CA-5542-49E5-BEC9-D4AA129364D1}.Release|Mixed Platforms.Build.0 = Release|x86
		{F51F50CA-5542-49E5-BEC9-D4AA129364D1}.Release|x86.ActiveCfg = Release|x86
		{F51F50CA-5542-49E5-BEC9-D4AA129364D1}.Release|x86.Build.0 = Release|x86
		{F51F50CA-5542-49E5-BEC9-D4AA129364D1}.WPF Debug|Any CPU.ActiveCfg = Debug|x86
		{F51F50CA-5542-49E5-BEC9-D4AA129364D1}.WPF Debug|Mixed Platforms.ActiveCfg = Debug|x86
		{F51F50CA-5542-49E5-BEC9-D4AA129364D1}.WPF Debug|Mixed Platforms.Build.0 = Debug|x86
		{F51F50CA-5542-49E5-BEC9-D4AA129364D1}.WPF Debug|x86.ActiveCfg = Debug|x86
		{F51F50CA-5542-49E5-BEC9-D4AA129364D1}.WPF Debug|x86.Build.0 = Debug|x86
		{F51F50CA-5542-49E5-BEC9-D4AA129364D1}.WPF Release|Any CPU.ActiveCfg = Release|x86
		{F51F50CA-5542-49E5-BEC9-D4AA129364D1}.WPF Release|Mixed Platforms.ActiveCfg = Release|x86
		{F51F50CA-5542-49E5-BEC9-D4AA129364D1}.WPF Release|Mixed Platforms.Build.0 = Release|x86
		{F51F50CA-5542-49E5-BEC9-D4AA129364D1}.WPF Release|x86.ActiveCfg = Release|x86
		{F51F50CA-5542-49E5-BEC9-D4AA129364D1}.WPF Release|x86.Build.0 = Release|x86
		{FEEE3CAC-B974-409C-89DB-5BD5D3C7B77A}.Debug|Any CPU.ActiveCfg = Debug|x86
		{FEEE3CAC-B974-409C-89DB-5BD5D3C7B77A}.Debug|Mixed Platforms.ActiveCfg = Debug|x86
		{FEEE3CAC-B974-409C-89DB-5BD5D3C7B77A}.Debug|Mixed Platforms.Build.0 = Debug|x86
		{FEEE3CAC-B974-409C-89DB-5BD5D3C7B77A}.Debug|x86.ActiveCfg = Debug|x86
		{FEEE3CAC-B974-409C-89DB-5BD5D3C7B77A}.Debug|x86.Build.0 = Debug|x86
		{FEEE3CAC-B974-409C-89DB-5BD5D3C7B77A}.Editoren|Any CPU.ActiveCfg = Editoren|x86
		{FEEE3CAC-B974-409C-89DB-5BD5D3C7B77A}.Editoren|Mixed Platforms.ActiveCfg = Editoren|x86
		{FEEE3CAC-B974-409C-89DB-5BD5D3C7B77A}.Editoren|Mixed Platforms.Build.0 = Editoren|x86
		{FEEE3CAC-B974-409C-89DB-5BD5D3C7B77A}.Editoren|x86.ActiveCfg = Editoren|x86
		{FEEE3CAC-B974-409C-89DB-5BD5D3C7B77A}.Ohne Türme|Any CPU.ActiveCfg = Ohne Türme|x86
		{FEEE3CAC-B974-409C-89DB-5BD5D3C7B77A}.Ohne Türme|Mixed Platforms.ActiveCfg = Ohne Türme|x86
		{FEEE3CAC-B974-409C-89DB-5BD5D3C7B77A}.Ohne Türme|Mixed Platforms.Build.0 = Ohne Türme|x86
		{FEEE3CAC-B974-409C-89DB-5BD5D3C7B77A}.Ohne Türme|x86.ActiveCfg = Ohne Türme|x86
		{FEEE3CAC-B974-409C-89DB-5BD5D3C7B77A}.Release|Any CPU.ActiveCfg = Release|x86
		{FEEE3CAC-B974-409C-89DB-5BD5D3C7B77A}.Release|Mixed Platforms.ActiveCfg = Release|x86
		{FEEE3CAC-B974-409C-89DB-5BD5D3C7B77A}.Release|Mixed Platforms.Build.0 = Release|x86
		{FEEE3CAC-B974-409C-89DB-5BD5D3C7B77A}.Release|x86.ActiveCfg = Release|x86
		{FEEE3CAC-B974-409C-89DB-5BD5D3C7B77A}.Release|x86.Build.0 = Release|x86
		{FEEE3CAC-B974-409C-89DB-5BD5D3C7B77A}.WPF Debug|Any CPU.ActiveCfg = Debug|x86
		{FEEE3CAC-B974-409C-89DB-5BD5D3C7B77A}.WPF Debug|Mixed Platforms.ActiveCfg = Debug|x86
		{FEEE3CAC-B974-409C-89DB-5BD5D3C7B77A}.WPF Debug|Mixed Platforms.Build.0 = Debug|x86
		{FEEE3CAC-B974-409C-89DB-5BD5D3C7B77A}.WPF Debug|x86.ActiveCfg = Debug|x86
		{FEEE3CAC-B974-409C-89DB-5BD5D3C7B77A}.WPF Debug|x86.Build.0 = Debug|x86
		{FEEE3CAC-B974-409C-89DB-5BD5D3C7B77A}.WPF Release|Any CPU.ActiveCfg = Release|x86
		{FEEE3CAC-B974-409C-89DB-5BD5D3C7B77A}.WPF Release|Mixed Platforms.ActiveCfg = Release|x86
		{FEEE3CAC-B974-409C-89DB-5BD5D3C7B77A}.WPF Release|Mixed Platforms.Build.0 = Release|x86
		{FEEE3CAC-B974-409C-89DB-5BD5D3C7B77A}.WPF Release|x86.ActiveCfg = Release|x86
		{FEEE3CAC-B974-409C-89DB-5BD5D3C7B77A}.WPF Release|x86.Build.0 = Release|x86
		{A62AAADA-CA11-4039-8401-FAB88C7F0101}.Debug|Any CPU.ActiveCfg = Debug|x86
		{A62AAADA-CA11-4039-8401-FAB88C7F0101}.Debug|Mixed Platforms.ActiveCfg = Debug|x86
		{A62AAADA-CA11-4039-8401-FAB88C7F0101}.Debug|Mixed Platforms.Build.0 = Debug|x86
		{A62AAADA-CA11-4039-8401-FAB88C7F0101}.Debug|x86.ActiveCfg = Debug|x86
		{A62AAADA-CA11-4039-8401-FAB88C7F0101}.Debug|x86.Build.0 = Debug|x86
		{A62AAADA-CA11-4039-8401-FAB88C7F0101}.Editoren|Any CPU.ActiveCfg = Editoren|x86
		{A62AAADA-CA11-4039-8401-FAB88C7F0101}.Editoren|Mixed Platforms.ActiveCfg = Editoren|x86
		{A62AAADA-CA11-4039-8401-FAB88C7F0101}.Editoren|Mixed Platforms.Build.0 = Editoren|x86
		{A62AAADA-CA11-4039-8401-FAB88C7F0101}.Editoren|x86.ActiveCfg = Editoren|x86
		{A62AAADA-CA11-4039-8401-FAB88C7F0101}.Ohne Türme|Any CPU.ActiveCfg = Ohne Türme|x86
		{A62AAADA-CA11-4039-8401-FAB88C7F0101}.Ohne Türme|Mixed Platforms.ActiveCfg = Ohne Türme|x86
		{A62AAADA-CA11-4039-8401-FAB88C7F0101}.Ohne Türme|Mixed Platforms.Build.0 = Ohne Türme|x86
		{A62AAADA-CA11-4039-8401-FAB88C7F0101}.Ohne Türme|x86.ActiveCfg = Ohne Türme|x86
		{A62AAADA-CA11-4039-8401-FAB88C7F0101}.Release|Any CPU.ActiveCfg = Release|x86
		{A62AAADA-CA11-4039-8401-FAB88C7F0101}.Release|Mixed Platforms.ActiveCfg = Release|x86
		{A62AAADA-CA11-4039-8401-FAB88C7F0101}.Release|Mixed Platforms.Build.0 = Release|x86
		{A62AAADA-CA11-4039-8401-FAB88C7F0101}.Release|x86.ActiveCfg = Release|x86
		{A62AAADA-CA11-4039-8401-FAB88C7F0101}.Release|x86.Build.0 = Release|x86
		{A62AAADA-CA11-4039-8401-FAB88C7F0101}.WPF Debug|Any CPU.ActiveCfg = Debug|x86
		{A62AAADA-CA11-4039-8401-FAB88C7F0101}.WPF Debug|Mixed Platforms.ActiveCfg = Debug|x86
		{A62AAADA-CA11-4039-8401-FAB88C7F0101}.WPF Debug|Mixed Platforms.Build.0 = Debug|x86
		{A62AAADA-CA11-4039-8401-FAB88C7F0101}.WPF Debug|x86.ActiveCfg = Debug|x86
		{A62AAADA-CA11-4039-8401-FAB88C7F0101}.WPF Debug|x86.Build.0 = Debug|x86
		{A62AAADA-CA11-4039-8401-FAB88C7F0101}.WPF Release|Any CPU.ActiveCfg = Release|x86
		{A62AAADA-CA11-4039-8401-FAB88C7F0101}.WPF Release|Mixed Platforms.ActiveCfg = Release|x86
		{A62AAADA-CA11-4039-8401-FAB88C7F0101}.WPF Release|Mixed Platforms.Build.0 = Release|x86
		{A62AAADA-CA11-4039-8401-FAB88C7F0101}.WPF Release|x86.ActiveCfg = Release|x86
		{A62AAADA-CA11-4039-8401-FAB88C7F0101}.WPF Release|x86.Build.0 = Release|x86
		{8BD4AF78-6DA2-4C87-AD7B-47470C3D45FF}.Debug|Any CPU.ActiveCfg = Debug|x86
		{8BD4AF78-6DA2-4C87-AD7B-47470C3D45FF}.Debug|Mixed Platforms.ActiveCfg = Debug|x86
		{8BD4AF78-6DA2-4C87-AD7B-47470C3D45FF}.Debug|Mixed Platforms.Build.0 = Debug|x86
		{8BD4AF78-6DA2-4C87-AD7B-47470C3D45FF}.Debug|x86.ActiveCfg = Debug|x86
		{8BD4AF78-6DA2-4C87-AD7B-47470C3D45FF}.Debug|x86.Build.0 = Debug|x86
		{8BD4AF78-6DA2-4C87-AD7B-47470C3D45FF}.Editoren|Any CPU.ActiveCfg = Editoren|x86
		{8BD4AF78-6DA2-4C87-AD7B-47470C3D45FF}.Editoren|Mixed Platforms.ActiveCfg = Editoren|x86
		{8BD4AF78-6DA2-4C87-AD7B-47470C3D45FF}.Editoren|Mixed Platforms.Build.0 = Editoren|x86
		{8BD4AF78-6DA2-4C87-AD7B-47470C3D45FF}.Editoren|x86.ActiveCfg = Editoren|x86
		{8BD4AF78-6DA2-4C87-AD7B-47470C3D45FF}.Ohne Türme|Any CPU.ActiveCfg = Ohne Türme|x86
		{8BD4AF78-6DA2-4C87-AD7B-47470C3D45FF}.Ohne Türme|Mixed Platforms.ActiveCfg = Ohne Türme|x86
		{8BD4AF78-6DA2-4C87-AD7B-47470C3D45FF}.Ohne Türme|Mixed Platforms.Build.0 = Ohne Türme|x86
		{8BD4AF78-6DA2-4C87-AD7B-47470C3D45FF}.Ohne Türme|x86.ActiveCfg = Ohne Türme|x86
		{8BD4AF78-6DA2-4C87-AD7B-47470C3D45FF}.Release|Any CPU.ActiveCfg = Release|x86
		{8BD4AF78-6DA2-4C87-AD7B-47470C3D45FF}.Release|Mixed Platforms.ActiveCfg = Release|x86
		{8BD4AF78-6DA2-4C87-AD7B-47470C3D45FF}.Release|Mixed Platforms.Build.0 = Release|x86
		{8BD4AF78-6DA2-4C87-AD7B-47470C3D45FF}.Release|x86.ActiveCfg = Release|x86
		{8BD4AF78-6DA2-4C87-AD7B-47470C3D45FF}.Release|x86.Build.0 = Release|x86
		{8BD4AF78-6DA2-4C87-AD7B-47470C3D45FF}.WPF Debug|Any CPU.ActiveCfg = Debug|x86
		{8BD4AF78-6DA2-4C87-AD7B-47470C3D45FF}.WPF Debug|Mixed Platforms.ActiveCfg = Debug|x86
		{8BD4AF78-6DA2-4C87-AD7B-47470C3D45FF}.WPF Debug|Mixed Platforms.Build.0 = Debug|x86
		{8BD4AF78-6DA2-4C87-AD7B-47470C3D45FF}.WPF Debug|x86.ActiveCfg = Debug|x86
		{8BD4AF78-6DA2-4C87-AD7B-47470C3D45FF}.WPF Debug|x86.Build.0 = Debug|x86
		{8BD4AF78-6DA2-4C87-AD7B-47470C3D45FF}.WPF Release|Any CPU.ActiveCfg = Release|x86
		{8BD4AF78-6DA2-4C87-AD7B-47470C3D45FF}.WPF Release|Mixed Platforms.ActiveCfg = Release|x86
		{8BD4AF78-6DA2-4C87-AD7B-47470C3D45FF}.WPF Release|Mixed Platforms.Build.0 = Release|x86
		{8BD4AF78-6DA2-4C87-AD7B-47470C3D45FF}.WPF Release|x86.ActiveCfg = Release|x86
		{8BD4AF78-6DA2-4C87-AD7B-47470C3D45FF}.WPF Release|x86.Build.0 = Release|x86
		{46785DD2-B2DB-4B19-A0CB-1769242879B9}.Debug|Any CPU.ActiveCfg = Debug|x86
		{46785DD2-B2DB-4B19-A0CB-1769242879B9}.Debug|Mixed Platforms.ActiveCfg = Debug|x86
		{46785DD2-B2DB-4B19-A0CB-1769242879B9}.Debug|Mixed Platforms.Build.0 = Debug|x86
		{46785DD2-B2DB-4B19-A0CB-1769242879B9}.Debug|x86.ActiveCfg = Debug|x86
		{46785DD2-B2DB-4B19-A0CB-1769242879B9}.Debug|x86.Build.0 = Debug|x86
		{46785DD2-B2DB-4B19-A0CB-1769242879B9}.Editoren|Any CPU.ActiveCfg = Editoren|x86
		{46785DD2-B2DB-4B19-A0CB-1769242879B9}.Editoren|Mixed Platforms.ActiveCfg = Editoren|x86
		{46785DD2-B2DB-4B19-A0CB-1769242879B9}.Editoren|Mixed Platforms.Build.0 = Editoren|x86
		{46785DD2-B2DB-4B19-A0CB-1769242879B9}.Editoren|x86.ActiveCfg = Editoren|x86
		{46785DD2-B2DB-4B19-A0CB-1769242879B9}.Ohne Türme|Any CPU.ActiveCfg = Ohne Türme|x86
		{46785DD2-B2DB-4B19-A0CB-1769242879B9}.Ohne Türme|Mixed Platforms.ActiveCfg = Ohne Türme|x86
		{46785DD2-B2DB-4B19-A0CB-1769242879B9}.Ohne Türme|Mixed Platforms.Build.0 = Ohne Türme|x86
		{46785DD2-B2DB-4B19-A0CB-1769242879B9}.Ohne Türme|x86.ActiveCfg = Ohne Türme|x86
		{46785DD2-B2DB-4B19-A0CB-1769242879B9}.Release|Any CPU.ActiveCfg = Release|x86
		{46785DD2-B2DB-4B19-A0CB-1769242879B9}.Release|Mixed Platforms.ActiveCfg = Release|x86
		{46785DD2-B2DB-4B19-A0CB-1769242879B9}.Release|Mixed Platforms.Build.0 = Release|x86
		{46785DD2-B2DB-4B19-A0CB-1769242879B9}.Release|x86.ActiveCfg = Release|x86
		{46785DD2-B2DB-4B19-A0CB-1769242879B9}.Release|x86.Build.0 = Release|x86
		{46785DD2-B2DB-4B19-A0CB-1769242879B9}.WPF Debug|Any CPU.ActiveCfg = Debug|x86
		{46785DD2-B2DB-4B19-A0CB-1769242879B9}.WPF Debug|Mixed Platforms.ActiveCfg = Debug|x86
		{46785DD2-B2DB-4B19-A0CB-1769242879B9}.WPF Debug|Mixed Platforms.Build.0 = Debug|x86
		{46785DD2-B2DB-4B19-A0CB-1769242879B9}.WPF Debug|x86.ActiveCfg = Debug|x86
		{46785DD2-B2DB-4B19-A0CB-1769242879B9}.WPF Debug|x86.Build.0 = Debug|x86
		{46785DD2-B2DB-4B19-A0CB-1769242879B9}.WPF Release|Any CPU.ActiveCfg = Release|x86
		{46785DD2-B2DB-4B19-A0CB-1769242879B9}.WPF Release|Mixed Platforms.ActiveCfg = Release|x86
		{46785DD2-B2DB-4B19-A0CB-1769242879B9}.WPF Release|Mixed Platforms.Build.0 = Release|x86
		{46785DD2-B2DB-4B19-A0CB-1769242879B9}.WPF Release|x86.ActiveCfg = Release|x86
		{46785DD2-B2DB-4B19-A0CB-1769242879B9}.WPF Release|x86.Build.0 = Release|x86
		{27C33B98-C43B-4BAC-A18C-97D1FA57EDE5}.Debug|Any CPU.ActiveCfg = Debug|x86
		{27C33B98-C43B-4BAC-A18C-97D1FA57EDE5}.Debug|Mixed Platforms.ActiveCfg = Debug|x86
		{27C33B98-C43B-4BAC-A18C-97D1FA57EDE5}.Debug|Mixed Platforms.Build.0 = Debug|x86
		{27C33B98-C43B-4BAC-A18C-97D1FA57EDE5}.Debug|x86.ActiveCfg = Debug|x86
		{27C33B98-C43B-4BAC-A18C-97D1FA57EDE5}.Debug|x86.Build.0 = Debug|x86
		{27C33B98-C43B-4BAC-A18C-97D1FA57EDE5}.Editoren|Any CPU.ActiveCfg = Editoren|x86
		{27C33B98-C43B-4BAC-A18C-97D1FA57EDE5}.Editoren|Mixed Platforms.ActiveCfg = Editoren|x86
		{27C33B98-C43B-4BAC-A18C-97D1FA57EDE5}.Editoren|Mixed Platforms.Build.0 = Editoren|x86
		{27C33B98-C43B-4BAC-A18C-97D1FA57EDE5}.Editoren|x86.ActiveCfg = Editoren|x86
		{27C33B98-C43B-4BAC-A18C-97D1FA57EDE5}.Ohne Türme|Any CPU.ActiveCfg = Ohne Türme|x86
		{27C33B98-C43B-4BAC-A18C-97D1FA57EDE5}.Ohne Türme|Mixed Platforms.ActiveCfg = Ohne Türme|x86
		{27C33B98-C43B-4BAC-A18C-97D1FA57EDE5}.Ohne Türme|Mixed Platforms.Build.0 = Ohne Türme|x86
		{27C33B98-C43B-4BAC-A18C-97D1FA57EDE5}.Ohne Türme|x86.ActiveCfg = Ohne Türme|x86
		{27C33B98-C43B-4BAC-A18C-97D1FA57EDE5}.Ohne Türme|x86.Build.0 = Ohne Türme|x86
		{27C33B98-C43B-4BAC-A18C-97D1FA57EDE5}.Release|Any CPU.ActiveCfg = Release|x86
		{27C33B98-C43B-4BAC-A18C-97D1FA57EDE5}.Release|Mixed Platforms.ActiveCfg = Release|x86
		{27C33B98-C43B-4BAC-A18C-97D1FA57EDE5}.Release|Mixed Platforms.Build.0 = Release|x86
		{27C33B98-C43B-4BAC-A18C-97D1FA57EDE5}.Release|x86.ActiveCfg = Release|x86
		{27C33B98-C43B-4BAC-A18C-97D1FA57EDE5}.Release|x86.Build.0 = Release|x86
		{27C33B98-C43B-4BAC-A18C-97D1FA57EDE5}.WPF Debug|Any CPU.ActiveCfg = Debug|x86
		{27C33B98-C43B-4BAC-A18C-97D1FA57EDE5}.WPF Debug|Mixed Platforms.ActiveCfg = Debug|x86
		{27C33B98-C43B-4BAC-A18C-97D1FA57EDE5}.WPF Debug|Mixed Platforms.Build.0 = Debug|x86
		{27C33B98-C43B-4BAC-A18C-97D1FA57EDE5}.WPF Debug|x86.ActiveCfg = Debug|x86
		{27C33B98-C43B-4BAC-A18C-97D1FA57EDE5}.WPF Debug|x86.Build.0 = Debug|x86
		{27C33B98-C43B-4BAC-A18C-97D1FA57EDE5}.WPF Release|Any CPU.ActiveCfg = Release|x86
		{27C33B98-C43B-4BAC-A18C-97D1FA57EDE5}.WPF Release|Mixed Platforms.ActiveCfg = Release|x86
		{27C33B98-C43B-4BAC-A18C-97D1FA57EDE5}.WPF Release|Mixed Platforms.Build.0 = Release|x86
		{27C33B98-C43B-4BAC-A18C-97D1FA57EDE5}.WPF Release|x86.ActiveCfg = Release|x86
		{27C33B98-C43B-4BAC-A18C-97D1FA57EDE5}.WPF Release|x86.Build.0 = Release|x86
		{C4120041-6F04-46C0-B0D5-A74150363311}.Debug|Any CPU.ActiveCfg = Debug|x86
		{C4120041-6F04-46C0-B0D5-A74150363311}.Debug|Mixed Platforms.ActiveCfg = Debug|x86
		{C4120041-6F04-46C0-B0D5-A74150363311}.Debug|Mixed Platforms.Build.0 = Debug|x86
		{C4120041-6F04-46C0-B0D5-A74150363311}.Debug|x86.ActiveCfg = Debug|x86
		{C4120041-6F04-46C0-B0D5-A74150363311}.Debug|x86.Build.0 = Debug|x86
		{C4120041-6F04-46C0-B0D5-A74150363311}.Editoren|Any CPU.ActiveCfg = Editoren|x86
		{C4120041-6F04-46C0-B0D5-A74150363311}.Editoren|Mixed Platforms.ActiveCfg = Editoren|x86
		{C4120041-6F04-46C0-B0D5-A74150363311}.Editoren|Mixed Platforms.Build.0 = Editoren|x86
		{C4120041-6F04-46C0-B0D5-A74150363311}.Editoren|x86.ActiveCfg = Editoren|x86
		{C4120041-6F04-46C0-B0D5-A74150363311}.Ohne Türme|Any CPU.ActiveCfg = Ohne Türme|x86
		{C4120041-6F04-46C0-B0D5-A74150363311}.Ohne Türme|Mixed Platforms.ActiveCfg = Ohne Türme|x86
		{C4120041-6F04-46C0-B0D5-A74150363311}.Ohne Türme|Mixed Platforms.Build.0 = Ohne Türme|x86
		{C4120041-6F04-46C0-B0D5-A74150363311}.Ohne Türme|x86.ActiveCfg = Ohne Türme|x86
		{C4120041-6F04-46C0-B0D5-A74150363311}.Release|Any CPU.ActiveCfg = Release|x86
		{C4120041-6F04-46C0-B0D5-A74150363311}.Release|Mixed Platforms.ActiveCfg = Release|x86
		{C4120041-6F04-46C0-B0D5-A74150363311}.Release|Mixed Platforms.Build.0 = Release|x86
		{C4120041-6F04-46C0-B0D5-A74150363311}.Release|x86.ActiveCfg = Release|x86
		{C4120041-6F04-46C0-B0D5-A74150363311}.Release|x86.Build.0 = Release|x86
		{C4120041-6F04-46C0-B0D5-A74150363311}.WPF Debug|Any CPU.ActiveCfg = Debug|x86
		{C4120041-6F04-46C0-B0D5-A74150363311}.WPF Debug|Mixed Platforms.ActiveCfg = Debug|x86
		{C4120041-6F04-46C0-B0D5-A74150363311}.WPF Debug|Mixed Platforms.Build.0 = Debug|x86
		{C4120041-6F04-46C0-B0D5-A74150363311}.WPF Debug|x86.ActiveCfg = Debug|x86
		{C4120041-6F04-46C0-B0D5-A74150363311}.WPF Debug|x86.Build.0 = Debug|x86
		{C4120041-6F04-46C0-B0D5-A74150363311}.WPF Release|Any CPU.ActiveCfg = Release|x86
		{C4120041-6F04-46C0-B0D5-A74150363311}.WPF Release|Mixed Platforms.ActiveCfg = Release|x86
		{C4120041-6F04-46C0-B0D5-A74150363311}.WPF Release|Mixed Platforms.Build.0 = Release|x86
		{C4120041-6F04-46C0-B0D5-A74150363311}.WPF Release|x86.ActiveCfg = Release|x86
		{C4120041-6F04-46C0-B0D5-A74150363311}.WPF Release|x86.Build.0 = Release|x86
		{0E511161-468A-4971-A1DE-D2D1CA0C5685}.Debug|Any CPU.ActiveCfg = Debug|x86
		{0E511161-468A-4971-A1DE-D2D1CA0C5685}.Debug|Mixed Platforms.ActiveCfg = Debug|x86
		{0E511161-468A-4971-A1DE-D2D1CA0C5685}.Debug|Mixed Platforms.Build.0 = Debug|x86
		{0E511161-468A-4971-A1DE-D2D1CA0C5685}.Debug|x86.ActiveCfg = Debug|x86
		{0E511161-468A-4971-A1DE-D2D1CA0C5685}.Debug|x86.Build.0 = Debug|x86
		{0E511161-468A-4971-A1DE-D2D1CA0C5685}.Editoren|Any CPU.ActiveCfg = Editoren|x86
		{0E511161-468A-4971-A1DE-D2D1CA0C5685}.Editoren|Mixed Platforms.ActiveCfg = Editoren|x86
		{0E511161-468A-4971-A1DE-D2D1CA0C5685}.Editoren|Mixed Platforms.Build.0 = Editoren|x86
		{0E511161-468A-4971-A1DE-D2D1CA0C5685}.Editoren|x86.ActiveCfg = Editoren|x86
		{0E511161-468A-4971-A1DE-D2D1CA0C5685}.Editoren|x86.Build.0 = Editoren|x86
		{0E511161-468A-4971-A1DE-D2D1CA0C5685}.Ohne Türme|Any CPU.ActiveCfg = Ohne Türme|x86
		{0E511161-468A-4971-A1DE-D2D1CA0C5685}.Ohne Türme|Mixed Platforms.ActiveCfg = Ohne Türme|x86
		{0E511161-468A-4971-A1DE-D2D1CA0C5685}.Ohne Türme|Mixed Platforms.Build.0 = Ohne Türme|x86
		{0E511161-468A-4971-A1DE-D2D1CA0C5685}.Ohne Türme|x86.ActiveCfg = Ohne Türme|x86
		{0E511161-468A-4971-A1DE-D2D1CA0C5685}.Release|Any CPU.ActiveCfg = Release|x86
		{0E511161-468A-4971-A1DE-D2D1CA0C5685}.Release|Mixed Platforms.ActiveCfg = Release|x86
		{0E511161-468A-4971-A1DE-D2D1CA0C5685}.Release|Mixed Platforms.Build.0 = Release|x86
		{0E511161-468A-4971-A1DE-D2D1CA0C5685}.Release|x86.ActiveCfg = Release|x86
		{0E511161-468A-4971-A1DE-D2D1CA0C5685}.Release|x86.Build.0 = Release|x86
		{0E511161-468A-4971-A1DE-D2D1CA0C5685}.WPF Debug|Any CPU.ActiveCfg = Debug|x86
		{0E511161-468A-4971-A1DE-D2D1CA0C5685}.WPF Debug|Mixed Platforms.ActiveCfg = Debug|x86
		{0E511161-468A-4971-A1DE-D2D1CA0C5685}.WPF Debug|Mixed Platforms.Build.0 = Debug|x86
		{0E511161-468A-4971-A1DE-D2D1CA0C5685}.WPF Debug|x86.ActiveCfg = Debug|x86
		{0E511161-468A-4971-A1DE-D2D1CA0C5685}.WPF Debug|x86.Build.0 = Debug|x86
		{0E511161-468A-4971-A1DE-D2D1CA0C5685}.WPF Release|Any CPU.ActiveCfg = Release|x86
		{0E511161-468A-4971-A1DE-D2D1CA0C5685}.WPF Release|Mixed Platforms.ActiveCfg = Release|x86
		{0E511161-468A-4971-A1DE-D2D1CA0C5685}.WPF Release|Mixed Platforms.Build.0 = Release|x86
		{0E511161-468A-4971-A1DE-D2D1CA0C5685}.WPF Release|x86.ActiveCfg = Release|x86
		{0E511161-468A-4971-A1DE-D2D1CA0C5685}.WPF Release|x86.Build.0 = Release|x86
		{34BD7B04-2E3E-402A-AFB4-886590BA2FA0}.Debug|Any CPU.ActiveCfg = Debug|Any CPU
		{34BD7B04-2E3E-402A-AFB4-886590BA2FA0}.Debug|Any CPU.Build.0 = Debug|Any CPU
		{34BD7B04-2E3E-402A-AFB4-886590BA2FA0}.Debug|Mixed Platforms.ActiveCfg = Debug|x86
		{34BD7B04-2E3E-402A-AFB4-886590BA2FA0}.Debug|Mixed Platforms.Build.0 = Debug|x86
		{34BD7B04-2E3E-402A-AFB4-886590BA2FA0}.Debug|x86.ActiveCfg = Debug|x86
		{34BD7B04-2E3E-402A-AFB4-886590BA2FA0}.Debug|x86.Build.0 = Debug|x86
		{34BD7B04-2E3E-402A-AFB4-886590BA2FA0}.Editoren|Any CPU.ActiveCfg = Editoren|Any CPU
		{34BD7B04-2E3E-402A-AFB4-886590BA2FA0}.Editoren|Any CPU.Build.0 = Editoren|Any CPU
		{34BD7B04-2E3E-402A-AFB4-886590BA2FA0}.Editoren|Mixed Platforms.ActiveCfg = Editoren|x86
		{34BD7B04-2E3E-402A-AFB4-886590BA2FA0}.Editoren|Mixed Platforms.Build.0 = Editoren|x86
		{34BD7B04-2E3E-402A-AFB4-886590BA2FA0}.Editoren|x86.ActiveCfg = Editoren|x86
		{34BD7B04-2E3E-402A-AFB4-886590BA2FA0}.Editoren|x86.Build.0 = Editoren|x86
		{34BD7B04-2E3E-402A-AFB4-886590BA2FA0}.Ohne Türme|Any CPU.ActiveCfg = Ohne Türme|Any CPU
		{34BD7B04-2E3E-402A-AFB4-886590BA2FA0}.Ohne Türme|Any CPU.Build.0 = Ohne Türme|Any CPU
		{34BD7B04-2E3E-402A-AFB4-886590BA2FA0}.Ohne Türme|Mixed Platforms.ActiveCfg = Ohne Türme|x86
		{34BD7B04-2E3E-402A-AFB4-886590BA2FA0}.Ohne Türme|Mixed Platforms.Build.0 = Ohne Türme|x86
		{34BD7B04-2E3E-402A-AFB4-886590BA2FA0}.Ohne Türme|x86.ActiveCfg = Ohne Türme|x86
		{34BD7B04-2E3E-402A-AFB4-886590BA2FA0}.Release|Any CPU.ActiveCfg = Release|Any CPU
		{34BD7B04-2E3E-402A-AFB4-886590BA2FA0}.Release|Any CPU.Build.0 = Release|Any CPU
		{34BD7B04-2E3E-402A-AFB4-886590BA2FA0}.Release|Mixed Platforms.ActiveCfg = Release|x86
		{34BD7B04-2E3E-402A-AFB4-886590BA2FA0}.Release|Mixed Platforms.Build.0 = Release|x86
		{34BD7B04-2E3E-402A-AFB4-886590BA2FA0}.Release|x86.ActiveCfg = Release|x86
		{34BD7B04-2E3E-402A-AFB4-886590BA2FA0}.Release|x86.Build.0 = Release|x86
		{34BD7B04-2E3E-402A-AFB4-886590BA2FA0}.WPF Debug|Any CPU.ActiveCfg = Debug|Any CPU
		{34BD7B04-2E3E-402A-AFB4-886590BA2FA0}.WPF Debug|Any CPU.Build.0 = Debug|Any CPU
		{34BD7B04-2E3E-402A-AFB4-886590BA2FA0}.WPF Debug|Mixed Platforms.ActiveCfg = Debug|x86
		{34BD7B04-2E3E-402A-AFB4-886590BA2FA0}.WPF Debug|Mixed Platforms.Build.0 = Debug|x86
		{34BD7B04-2E3E-402A-AFB4-886590BA2FA0}.WPF Debug|x86.ActiveCfg = Debug|x86
		{34BD7B04-2E3E-402A-AFB4-886590BA2FA0}.WPF Debug|x86.Build.0 = Debug|x86
		{34BD7B04-2E3E-402A-AFB4-886590BA2FA0}.WPF Release|Any CPU.ActiveCfg = Release|Any CPU
		{34BD7B04-2E3E-402A-AFB4-886590BA2FA0}.WPF Release|Any CPU.Build.0 = Release|Any CPU
		{34BD7B04-2E3E-402A-AFB4-886590BA2FA0}.WPF Release|Mixed Platforms.ActiveCfg = Release|x86
		{34BD7B04-2E3E-402A-AFB4-886590BA2FA0}.WPF Release|Mixed Platforms.Build.0 = Release|x86
		{34BD7B04-2E3E-402A-AFB4-886590BA2FA0}.WPF Release|x86.ActiveCfg = Release|x86
		{34BD7B04-2E3E-402A-AFB4-886590BA2FA0}.WPF Release|x86.Build.0 = Release|x86
		{F3513CBE-2445-42DC-B5DF-38A4E121E73D}.Debug|Any CPU.ActiveCfg = Debug|x86
		{F3513CBE-2445-42DC-B5DF-38A4E121E73D}.Debug|Mixed Platforms.ActiveCfg = Debug|x86
		{F3513CBE-2445-42DC-B5DF-38A4E121E73D}.Debug|Mixed Platforms.Build.0 = Debug|x86
		{F3513CBE-2445-42DC-B5DF-38A4E121E73D}.Debug|x86.ActiveCfg = Debug|x86
		{F3513CBE-2445-42DC-B5DF-38A4E121E73D}.Debug|x86.Build.0 = Debug|x86
		{F3513CBE-2445-42DC-B5DF-38A4E121E73D}.Editoren|Any CPU.ActiveCfg = Editoren|x86
		{F3513CBE-2445-42DC-B5DF-38A4E121E73D}.Editoren|Mixed Platforms.ActiveCfg = Editoren|x86
		{F3513CBE-2445-42DC-B5DF-38A4E121E73D}.Editoren|Mixed Platforms.Build.0 = Editoren|x86
		{F3513CBE-2445-42DC-B5DF-38A4E121E73D}.Editoren|x86.ActiveCfg = Editoren|x86
		{F3513CBE-2445-42DC-B5DF-38A4E121E73D}.Editoren|x86.Build.0 = Editoren|x86
		{F3513CBE-2445-42DC-B5DF-38A4E121E73D}.Ohne Türme|Any CPU.ActiveCfg = Ohne Türme|x86
		{F3513CBE-2445-42DC-B5DF-38A4E121E73D}.Ohne Türme|Mixed Platforms.ActiveCfg = Ohne Türme|x86
		{F3513CBE-2445-42DC-B5DF-38A4E121E73D}.Ohne Türme|Mixed Platforms.Build.0 = Ohne Türme|x86
		{F3513CBE-2445-42DC-B5DF-38A4E121E73D}.Ohne Türme|x86.ActiveCfg = Ohne Türme|x86
		{F3513CBE-2445-42DC-B5DF-38A4E121E73D}.Ohne Türme|x86.Build.0 = Ohne Türme|x86
		{F3513CBE-2445-42DC-B5DF-38A4E121E73D}.Release|Any CPU.ActiveCfg = Release|x86
		{F3513CBE-2445-42DC-B5DF-38A4E121E73D}.Release|Mixed Platforms.ActiveCfg = Release|x86
		{F3513CBE-2445-42DC-B5DF-38A4E121E73D}.Release|Mixed Platforms.Build.0 = Release|x86
		{F3513CBE-2445-42DC-B5DF-38A4E121E73D}.Release|x86.ActiveCfg = Release|x86
		{F3513CBE-2445-42DC-B5DF-38A4E121E73D}.Release|x86.Build.0 = Release|x86
		{F3513CBE-2445-42DC-B5DF-38A4E121E73D}.WPF Debug|Any CPU.ActiveCfg = Debug|x86
		{F3513CBE-2445-42DC-B5DF-38A4E121E73D}.WPF Debug|Mixed Platforms.ActiveCfg = Debug|x86
		{F3513CBE-2445-42DC-B5DF-38A4E121E73D}.WPF Debug|Mixed Platforms.Build.0 = Debug|x86
		{F3513CBE-2445-42DC-B5DF-38A4E121E73D}.WPF Debug|x86.ActiveCfg = Debug|x86
		{F3513CBE-2445-42DC-B5DF-38A4E121E73D}.WPF Debug|x86.Build.0 = Debug|x86
		{F3513CBE-2445-42DC-B5DF-38A4E121E73D}.WPF Release|Any CPU.ActiveCfg = Release|x86
		{F3513CBE-2445-42DC-B5DF-38A4E121E73D}.WPF Release|Mixed Platforms.ActiveCfg = Release|x86
		{F3513CBE-2445-42DC-B5DF-38A4E121E73D}.WPF Release|Mixed Platforms.Build.0 = Release|x86
		{F3513CBE-2445-42DC-B5DF-38A4E121E73D}.WPF Release|x86.ActiveCfg = Release|x86
		{F3513CBE-2445-42DC-B5DF-38A4E121E73D}.WPF Release|x86.Build.0 = Release|x86
		{7D905DA2-506B-42DB-ACC5-399B56C06BAD}.Debug|Any CPU.ActiveCfg = Debug|x86
		{7D905DA2-506B-42DB-ACC5-399B56C06BAD}.Debug|Mixed Platforms.ActiveCfg = Debug|x86
		{7D905DA2-506B-42DB-ACC5-399B56C06BAD}.Debug|Mixed Platforms.Build.0 = Debug|x86
		{7D905DA2-506B-42DB-ACC5-399B56C06BAD}.Debug|x86.ActiveCfg = Debug|x86
		{7D905DA2-506B-42DB-ACC5-399B56C06BAD}.Debug|x86.Build.0 = Debug|x86
		{7D905DA2-506B-42DB-ACC5-399B56C06BAD}.Editoren|Any CPU.ActiveCfg = Editoren|x86
		{7D905DA2-506B-42DB-ACC5-399B56C06BAD}.Editoren|Mixed Platforms.ActiveCfg = Editoren|x86
		{7D905DA2-506B-42DB-ACC5-399B56C06BAD}.Editoren|Mixed Platforms.Build.0 = Editoren|x86
		{7D905DA2-506B-42DB-ACC5-399B56C06BAD}.Editoren|x86.ActiveCfg = Editoren|x86
		{7D905DA2-506B-42DB-ACC5-399B56C06BAD}.Ohne Türme|Any CPU.ActiveCfg = Ohne Türme|x86
		{7D905DA2-506B-42DB-ACC5-399B56C06BAD}.Ohne Türme|Mixed Platforms.ActiveCfg = Ohne Türme|x86
		{7D905DA2-506B-42DB-ACC5-399B56C06BAD}.Ohne Türme|Mixed Platforms.Build.0 = Ohne Türme|x86
		{7D905DA2-506B-42DB-ACC5-399B56C06BAD}.Ohne Türme|x86.ActiveCfg = Ohne Türme|x86
		{7D905DA2-506B-42DB-ACC5-399B56C06BAD}.Release|Any CPU.ActiveCfg = Release|x86
		{7D905DA2-506B-42DB-ACC5-399B56C06BAD}.Release|Mixed Platforms.ActiveCfg = Release|x86
		{7D905DA2-506B-42DB-ACC5-399B56C06BAD}.Release|Mixed Platforms.Build.0 = Release|x86
		{7D905DA2-506B-42DB-ACC5-399B56C06BAD}.Release|x86.ActiveCfg = Release|x86
		{7D905DA2-506B-42DB-ACC5-399B56C06BAD}.Release|x86.Build.0 = Release|x86
		{7D905DA2-506B-42DB-ACC5-399B56C06BAD}.WPF Debug|Any CPU.ActiveCfg = Debug|x86
		{7D905DA2-506B-42DB-ACC5-399B56C06BAD}.WPF Debug|Mixed Platforms.ActiveCfg = Debug|x86
		{7D905DA2-506B-42DB-ACC5-399B56C06BAD}.WPF Debug|Mixed Platforms.Build.0 = Debug|x86
		{7D905DA2-506B-42DB-ACC5-399B56C06BAD}.WPF Debug|x86.ActiveCfg = Debug|x86
		{7D905DA2-506B-42DB-ACC5-399B56C06BAD}.WPF Debug|x86.Build.0 = Debug|x86
		{7D905DA2-506B-42DB-ACC5-399B56C06BAD}.WPF Release|Any CPU.ActiveCfg = Release|x86
		{7D905DA2-506B-42DB-ACC5-399B56C06BAD}.WPF Release|Mixed Platforms.ActiveCfg = Release|x86
		{7D905DA2-506B-42DB-ACC5-399B56C06BAD}.WPF Release|Mixed Platforms.Build.0 = Release|x86
		{7D905DA2-506B-42DB-ACC5-399B56C06BAD}.WPF Release|x86.ActiveCfg = Release|x86
		{7D905DA2-506B-42DB-ACC5-399B56C06BAD}.WPF Release|x86.Build.0 = Release|x86
		{9C8328B3-97FC-4F39-A1BC-6DC4A1730C26}.Debug|Any CPU.ActiveCfg = Debug|x86
		{9C8328B3-97FC-4F39-A1BC-6DC4A1730C26}.Debug|Mixed Platforms.ActiveCfg = Debug|x86
		{9C8328B3-97FC-4F39-A1BC-6DC4A1730C26}.Debug|Mixed Platforms.Build.0 = Debug|x86
		{9C8328B3-97FC-4F39-A1BC-6DC4A1730C26}.Debug|x86.ActiveCfg = Debug|x86
		{9C8328B3-97FC-4F39-A1BC-6DC4A1730C26}.Debug|x86.Build.0 = Debug|x86
		{9C8328B3-97FC-4F39-A1BC-6DC4A1730C26}.Editoren|Any CPU.ActiveCfg = Release|x86
		{9C8328B3-97FC-4F39-A1BC-6DC4A1730C26}.Editoren|Mixed Platforms.ActiveCfg = Release|x86
		{9C8328B3-97FC-4F39-A1BC-6DC4A1730C26}.Editoren|Mixed Platforms.Build.0 = Release|x86
		{9C8328B3-97FC-4F39-A1BC-6DC4A1730C26}.Editoren|x86.ActiveCfg = Release|x86
		{9C8328B3-97FC-4F39-A1BC-6DC4A1730C26}.Editoren|x86.Build.0 = Release|x86
		{9C8328B3-97FC-4F39-A1BC-6DC4A1730C26}.Ohne Türme|Any CPU.ActiveCfg = Release|x86
		{9C8328B3-97FC-4F39-A1BC-6DC4A1730C26}.Ohne Türme|Mixed Platforms.ActiveCfg = Release|x86
		{9C8328B3-97FC-4F39-A1BC-6DC4A1730C26}.Ohne Türme|Mixed Platforms.Build.0 = Release|x86
		{9C8328B3-97FC-4F39-A1BC-6DC4A1730C26}.Ohne Türme|x86.ActiveCfg = Release|x86
		{9C8328B3-97FC-4F39-A1BC-6DC4A1730C26}.Ohne Türme|x86.Build.0 = Release|x86
		{9C8328B3-97FC-4F39-A1BC-6DC4A1730C26}.Release|Any CPU.ActiveCfg = Release|x86
		{9C8328B3-97FC-4F39-A1BC-6DC4A1730C26}.Release|Mixed Platforms.ActiveCfg = Release|x86
		{9C8328B3-97FC-4F39-A1BC-6DC4A1730C26}.Release|Mixed Platforms.Build.0 = Release|x86
		{9C8328B3-97FC-4F39-A1BC-6DC4A1730C26}.Release|x86.ActiveCfg = Release|x86
		{9C8328B3-97FC-4F39-A1BC-6DC4A1730C26}.Release|x86.Build.0 = Release|x86
		{9C8328B3-97FC-4F39-A1BC-6DC4A1730C26}.WPF Debug|Any CPU.ActiveCfg = Debug|x86
		{9C8328B3-97FC-4F39-A1BC-6DC4A1730C26}.WPF Debug|Mixed Platforms.ActiveCfg = Debug|x86
		{9C8328B3-97FC-4F39-A1BC-6DC4A1730C26}.WPF Debug|Mixed Platforms.Build.0 = Debug|x86
		{9C8328B3-97FC-4F39-A1BC-6DC4A1730C26}.WPF Debug|x86.ActiveCfg = Debug|x86
		{9C8328B3-97FC-4F39-A1BC-6DC4A1730C26}.WPF Debug|x86.Build.0 = Debug|x86
		{9C8328B3-97FC-4F39-A1BC-6DC4A1730C26}.WPF Release|Any CPU.ActiveCfg = Release|x86
		{9C8328B3-97FC-4F39-A1BC-6DC4A1730C26}.WPF Release|Mixed Platforms.ActiveCfg = Release|x86
		{9C8328B3-97FC-4F39-A1BC-6DC4A1730C26}.WPF Release|Mixed Platforms.Build.0 = Release|x86
		{9C8328B3-97FC-4F39-A1BC-6DC4A1730C26}.WPF Release|x86.ActiveCfg = Release|x86
		{9C8328B3-97FC-4F39-A1BC-6DC4A1730C26}.WPF Release|x86.Build.0 = Release|x86
		{F54A80FF-C4D1-4F8C-9E9D-B3086E1A3A78}.Debug|Any CPU.ActiveCfg = Debug|x86
		{F54A80FF-C4D1-4F8C-9E9D-B3086E1A3A78}.Debug|Mixed Platforms.ActiveCfg = Debug|x86
		{F54A80FF-C4D1-4F8C-9E9D-B3086E1A3A78}.Debug|x86.ActiveCfg = Debug|x86
		{F54A80FF-C4D1-4F8C-9E9D-B3086E1A3A78}.Editoren|Any CPU.ActiveCfg = Editoren|x86
		{F54A80FF-C4D1-4F8C-9E9D-B3086E1A3A78}.Editoren|Mixed Platforms.ActiveCfg = Editoren|x86
		{F54A80FF-C4D1-4F8C-9E9D-B3086E1A3A78}.Editoren|x86.ActiveCfg = Editoren|x86
		{F54A80FF-C4D1-4F8C-9E9D-B3086E1A3A78}.Ohne Türme|Any CPU.ActiveCfg = Ohne Türme|x86
		{F54A80FF-C4D1-4F8C-9E9D-B3086E1A3A78}.Ohne Türme|Mixed Platforms.ActiveCfg = Ohne Türme|x86
		{F54A80FF-C4D1-4F8C-9E9D-B3086E1A3A78}.Ohne Türme|x86.ActiveCfg = Ohne Türme|x86
		{F54A80FF-C4D1-4F8C-9E9D-B3086E1A3A78}.Release|Any CPU.ActiveCfg = Release|x86
		{F54A80FF-C4D1-4F8C-9E9D-B3086E1A3A78}.Release|Mixed Platforms.ActiveCfg = Release|x86
		{F54A80FF-C4D1-4F8C-9E9D-B3086E1A3A78}.Release|x86.ActiveCfg = Release|x86
		{F54A80FF-C4D1-4F8C-9E9D-B3086E1A3A78}.WPF Debug|Any CPU.ActiveCfg = Debug|x86
		{F54A80FF-C4D1-4F8C-9E9D-B3086E1A3A78}.WPF Debug|Mixed Platforms.ActiveCfg = Debug|x86
		{F54A80FF-C4D1-4F8C-9E9D-B3086E1A3A78}.WPF Debug|x86.ActiveCfg = Debug|x86
		{F54A80FF-C4D1-4F8C-9E9D-B3086E1A3A78}.WPF Release|Any CPU.ActiveCfg = Release|x86
		{F54A80FF-C4D1-4F8C-9E9D-B3086E1A3A78}.WPF Release|Mixed Platforms.ActiveCfg = Release|x86
		{F54A80FF-C4D1-4F8C-9E9D-B3086E1A3A78}.WPF Release|x86.ActiveCfg = Release|x86
		{EECFEB3D-F53E-440D-9450-812CC34E5319}.Debug|Any CPU.ActiveCfg = Debug|Any CPU
		{EECFEB3D-F53E-440D-9450-812CC34E5319}.Debug|Mixed Platforms.ActiveCfg = Debug|Any CPU
		{EECFEB3D-F53E-440D-9450-812CC34E5319}.Debug|x86.ActiveCfg = Debug|Any CPU
		{EECFEB3D-F53E-440D-9450-812CC34E5319}.Editoren|Any CPU.ActiveCfg = Debug|Any CPU
		{EECFEB3D-F53E-440D-9450-812CC34E5319}.Editoren|Mixed Platforms.ActiveCfg = Debug|Any CPU
		{EECFEB3D-F53E-440D-9450-812CC34E5319}.Editoren|x86.ActiveCfg = Debug|Any CPU
		{EECFEB3D-F53E-440D-9450-812CC34E5319}.Ohne Türme|Any CPU.ActiveCfg = Debug|Any CPU
		{EECFEB3D-F53E-440D-9450-812CC34E5319}.Ohne Türme|Mixed Platforms.ActiveCfg = Debug|Any CPU
		{EECFEB3D-F53E-440D-9450-812CC34E5319}.Ohne Türme|x86.ActiveCfg = Debug|Any CPU
		{EECFEB3D-F53E-440D-9450-812CC34E5319}.Release|Any CPU.ActiveCfg = Debug|Any CPU
		{EECFEB3D-F53E-440D-9450-812CC34E5319}.Release|Mixed Platforms.ActiveCfg = Debug|Any CPU
		{EECFEB3D-F53E-440D-9450-812CC34E5319}.Release|x86.ActiveCfg = Debug|Any CPU
		{EECFEB3D-F53E-440D-9450-812CC34E5319}.WPF Debug|Any CPU.ActiveCfg = Debug|Any CPU
		{EECFEB3D-F53E-440D-9450-812CC34E5319}.WPF Debug|Mixed Platforms.ActiveCfg = Debug|Any CPU
		{EECFEB3D-F53E-440D-9450-812CC34E5319}.WPF Debug|x86.ActiveCfg = Debug|Any CPU
		{EECFEB3D-F53E-440D-9450-812CC34E5319}.WPF Release|Any CPU.ActiveCfg = Debug|Any CPU
		{EECFEB3D-F53E-440D-9450-812CC34E5319}.WPF Release|Mixed Platforms.ActiveCfg = Debug|Any CPU
		{EECFEB3D-F53E-440D-9450-812CC34E5319}.WPF Release|x86.ActiveCfg = Debug|Any CPU
		{35AFC410-C882-4EF4-8CE0-C53C2C712B0C}.Debug|Any CPU.ActiveCfg = Debug|x86
		{35AFC410-C882-4EF4-8CE0-C53C2C712B0C}.Debug|Mixed Platforms.ActiveCfg = Debug|x86
		{35AFC410-C882-4EF4-8CE0-C53C2C712B0C}.Debug|x86.ActiveCfg = Debug|x86
		{35AFC410-C882-4EF4-8CE0-C53C2C712B0C}.Editoren|Any CPU.ActiveCfg = Release|x86
		{35AFC410-C882-4EF4-8CE0-C53C2C712B0C}.Editoren|Mixed Platforms.ActiveCfg = Release|x86
		{35AFC410-C882-4EF4-8CE0-C53C2C712B0C}.Editoren|x86.ActiveCfg = Release|x86
		{35AFC410-C882-4EF4-8CE0-C53C2C712B0C}.Editoren|x86.Build.0 = Release|x86
		{35AFC410-C882-4EF4-8CE0-C53C2C712B0C}.Ohne Türme|Any CPU.ActiveCfg = Release|x86
		{35AFC410-C882-4EF4-8CE0-C53C2C712B0C}.Ohne Türme|Mixed Platforms.ActiveCfg = Release|x86
		{35AFC410-C882-4EF4-8CE0-C53C2C712B0C}.Ohne Türme|x86.ActiveCfg = Release|x86
		{35AFC410-C882-4EF4-8CE0-C53C2C712B0C}.Release|Any CPU.ActiveCfg = Release|x86
		{35AFC410-C882-4EF4-8CE0-C53C2C712B0C}.Release|Mixed Platforms.ActiveCfg = Release|x86
		{35AFC410-C882-4EF4-8CE0-C53C2C712B0C}.Release|x86.ActiveCfg = Release|x86
		{35AFC410-C882-4EF4-8CE0-C53C2C712B0C}.WPF Debug|Any CPU.ActiveCfg = Debug|x86
		{35AFC410-C882-4EF4-8CE0-C53C2C712B0C}.WPF Debug|Mixed Platforms.ActiveCfg = Debug|x86
		{35AFC410-C882-4EF4-8CE0-C53C2C712B0C}.WPF Debug|x86.ActiveCfg = Debug|x86
		{35AFC410-C882-4EF4-8CE0-C53C2C712B0C}.WPF Release|Any CPU.ActiveCfg = Release|x86
		{35AFC410-C882-4EF4-8CE0-C53C2C712B0C}.WPF Release|Mixed Platforms.ActiveCfg = Release|x86
		{35AFC410-C882-4EF4-8CE0-C53C2C712B0C}.WPF Release|x86.ActiveCfg = Release|x86
	EndGlobalSection
	GlobalSection(SolutionProperties) = preSolution
		HideSolutionNode = FALSE
	EndGlobalSection
	GlobalSection(NestedProjects) = preSolution
		{565B9FD1-9F11-4708-96F8-DF4B20E37DE7} = {33689791-6E85-4C07-A3E3-17B40E313A0D}
		{B08D8BB4-7390-4921-9351-D20930163738} = {33689791-6E85-4C07-A3E3-17B40E313A0D}
		{D6752A5C-4980-4103-8FCE-285139AAFAD5} = {33689791-6E85-4C07-A3E3-17B40E313A0D}
		{F51F50CA-5542-49E5-BEC9-D4AA129364D1} = {33689791-6E85-4C07-A3E3-17B40E313A0D}
		{FEEE3CAC-B974-409C-89DB-5BD5D3C7B77A} = {33689791-6E85-4C07-A3E3-17B40E313A0D}
		{A62AAADA-CA11-4039-8401-FAB88C7F0101} = {33689791-6E85-4C07-A3E3-17B40E313A0D}
		{8BD4AF78-6DA2-4C87-AD7B-47470C3D45FF} = {33689791-6E85-4C07-A3E3-17B40E313A0D}
		{46785DD2-B2DB-4B19-A0CB-1769242879B9} = {33689791-6E85-4C07-A3E3-17B40E313A0D}
		{27C33B98-C43B-4BAC-A18C-97D1FA57EDE5} = {33689791-6E85-4C07-A3E3-17B40E313A0D}
		{C4120041-6F04-46C0-B0D5-A74150363311} = {33689791-6E85-4C07-A3E3-17B40E313A0D}
		{7D905DA2-506B-42DB-ACC5-399B56C06BAD} = {33689791-6E85-4C07-A3E3-17B40E313A0D}
		{0E511161-468A-4971-A1DE-D2D1CA0C5685} = {4152F481-B7C8-444F-B8AE-96C406B06FC6}
		{34BD7B04-2E3E-402A-AFB4-886590BA2FA0} = {4152F481-B7C8-444F-B8AE-96C406B06FC6}
		{F3513CBE-2445-42DC-B5DF-38A4E121E73D} = {BC640E11-2822-4491-BF81-871E17BC6011}
		{F54A80FF-C4D1-4F8C-9E9D-B3086E1A3A78} = {0FCD18D8-533F-43E5-8D14-FA4DEC0BD886}
		{EECFEB3D-F53E-440D-9450-812CC34E5319} = {0FCD18D8-533F-43E5-8D14-FA4DEC0BD886}
		{35AFC410-C882-4EF4-8CE0-C53C2C712B0C} = {0FCD18D8-533F-43E5-8D14-FA4DEC0BD886}
	EndGlobalSection
EndGlobal
