
Microsoft Visual Studio Solution File, Format Version 10.00
# Visual Studio 2008
Project("{FAE04EC0-301F-11D3-BF4B-00C04F79EFBC}") = "Shaiya Status Calculator", "Shaiya Status Calculator.csproj", "{0178A483-0497-44C1-81A6-EE721EF33598}"
EndProject
Global
	GlobalSection(SolutionConfigurationPlatforms) = preSolution
		Debug|Any CPU = Debug|Any CPU
		Release|Any CPU = Release|Any CPU
	EndGlobalSection
	GlobalSection(ProjectConfigurationPlatforms) = postSolution
		{0178A483-0497-44C1-81A6-EE721EF33598}.Debug|Any CPU.ActiveCfg = Debug|Any CPU
		{0178A483-0497-44C1-81A6-EE721EF33598}.Debug|Any CPU.Build.0 = Debug|Any CPU
		{0178A483-0497-44C1-81A6-EE721EF33598}.Release|Any CPU.ActiveCfg = Release|Any CPU
		{0178A483-0497-44C1-81A6-EE721EF33598}.Release|Any CPU.Build.0 = Release|Any CPU
	EndGlobalSection
	GlobalSection(SolutionProperties) = preSolution
		HideSolutionNode = FALSE
	EndGlobalSection
EndGlobal
