
Microsoft Visual Studio Solution File, Format Version 11.00
# Visual Studio 2010
Project("{FAE04EC0-301F-11D3-BF4B-00C04F79EFBC}") = "GodLesZ.Games.SettlersofCatan", "GodLesZ.Games.SettlersofCatan\GodLesZ.Games.SettlersofCatan\GodLesZ.Games.SettlersofCatan.csproj", "{9384EDE5-13C6-497A-95F5-AB8F092D52D1}"
EndProject
Project("{96E2B04D-8817-42C6-938A-82C39BA4D311}") = "GodLesZ.Games.SettlersofCatanContent", "GodLesZ.Games.SettlersofCatan\GodLesZ.Games.SettlersofCatanContent\GodLesZ.Games.SettlersofCatanContent.contentproj", "{410E076F-86FD-41CD-B04B-1574923A3DB4}"
EndProject
Project("{FAE04EC0-301F-11D3-BF4B-00C04F79EFBC}") = "GodLesZ.Games.SettlersofCatan.Library", "GodLesZ.Games.SettlersofCatan.Library\GodLesZ.Games.SettlersofCatan.Library.csproj", "{5F49FFCD-6979-4DC8-8DE7-88F147B377D1}"
EndProject
Project("{FAE04EC0-301F-11D3-BF4B-00C04F79EFBC}") = "GodLesZ.Library", "..\..\GodLesZ\GodLesZ.Library\GodLesZ.Library.csproj", "{22086451-A9A2-414C-8A81-5BE02FC5C8EE}"
EndProject
Project("{FAE04EC0-301F-11D3-BF4B-00C04F79EFBC}") = "GodLesZ.Library.XNA", "..\..\GodLesZ\GodLesZ.Library.XNA\GodLesZ.Library.XNA.csproj", "{7B30DE1B-9BB0-47D0-ADA5-34BE422B4AC0}"
EndProject
Project("{FAE04EC0-301F-11D3-BF4B-00C04F79EFBC}") = "GodLesZ.Library.XNA.ScreenSystem", "..\..\GodLesZ\GodLesZ.Library.XNA.ScreenSystem\GodLesZ.Library.XNA.ScreenSystem.csproj", "{D5BCFABA-A4D3-4F0D-B668-C63C20449457}"
EndProject
Project("{FAE04EC0-301F-11D3-BF4B-00C04F79EFBC}") = "GodLesZ.Library.XNA.WindowLibrary.Controls", "..\..\GodLesZ\GodLesZ.Library.XNA.WindowLibrary\Controls\GodLesZ.Library.XNA.WindowLibrary.Controls.csproj", "{9C8328B3-97FC-4F39-A1BC-6DC4A1730C26}"
EndProject
Project("{FAE04EC0-301F-11D3-BF4B-00C04F79EFBC}") = "GodLesZ.Library.XNA.WindowLibrary.Importers", "..\..\GodLesZ\GodLesZ.Library.XNA.WindowLibrary\Importers\GodLesZ.Library.XNA.WindowLibrary.Importers.csproj", "{8ED9B288-C739-4A73-A0A3-0382587B771D}"
EndProject
Global
	GlobalSection(SolutionConfigurationPlatforms) = preSolution
		Debug|Any CPU = Debug|Any CPU
		Debug|Mixed Platforms = Debug|Mixed Platforms
		Debug|x86 = Debug|x86
		Debug|Xbox 360 = Debug|Xbox 360
		Debug|Zune = Debug|Zune
		Release|Any CPU = Release|Any CPU
		Release|Mixed Platforms = Release|Mixed Platforms
		Release|x86 = Release|x86
		Release|Xbox 360 = Release|Xbox 360
		Release|Zune = Release|Zune
	EndGlobalSection
	GlobalSection(ProjectConfigurationPlatforms) = postSolution
		{9384EDE5-13C6-497A-95F5-AB8F092D52D1}.Debug|Any CPU.ActiveCfg = Debug|x86
		{9384EDE5-13C6-497A-95F5-AB8F092D52D1}.Debug|Mixed Platforms.ActiveCfg = Debug|x86
		{9384EDE5-13C6-497A-95F5-AB8F092D52D1}.Debug|Mixed Platforms.Build.0 = Debug|x86
		{9384EDE5-13C6-497A-95F5-AB8F092D52D1}.Debug|x86.ActiveCfg = Debug|x86
		{9384EDE5-13C6-497A-95F5-AB8F092D52D1}.Debug|x86.Build.0 = Debug|x86
		{9384EDE5-13C6-497A-95F5-AB8F092D52D1}.Debug|Xbox 360.ActiveCfg = Debug|x86
		{9384EDE5-13C6-497A-95F5-AB8F092D52D1}.Debug|Zune.ActiveCfg = Debug|x86
		{9384EDE5-13C6-497A-95F5-AB8F092D52D1}.Release|Any CPU.ActiveCfg = Release|x86
		{9384EDE5-13C6-497A-95F5-AB8F092D52D1}.Release|Mixed Platforms.ActiveCfg = Release|x86
		{9384EDE5-13C6-497A-95F5-AB8F092D52D1}.Release|Mixed Platforms.Build.0 = Release|x86
		{9384EDE5-13C6-497A-95F5-AB8F092D52D1}.Release|x86.ActiveCfg = Release|x86
		{9384EDE5-13C6-497A-95F5-AB8F092D52D1}.Release|x86.Build.0 = Release|x86
		{9384EDE5-13C6-497A-95F5-AB8F092D52D1}.Release|Xbox 360.ActiveCfg = Release|x86
		{9384EDE5-13C6-497A-95F5-AB8F092D52D1}.Release|Zune.ActiveCfg = Release|x86
		{410E076F-86FD-41CD-B04B-1574923A3DB4}.Debug|Any CPU.ActiveCfg = Debug|x86
		{410E076F-86FD-41CD-B04B-1574923A3DB4}.Debug|Mixed Platforms.ActiveCfg = Debug|x86
		{410E076F-86FD-41CD-B04B-1574923A3DB4}.Debug|x86.ActiveCfg = Debug|x86
		{410E076F-86FD-41CD-B04B-1574923A3DB4}.Debug|Xbox 360.ActiveCfg = Debug|x86
		{410E076F-86FD-41CD-B04B-1574923A3DB4}.Debug|Zune.ActiveCfg = Debug|x86
		{410E076F-86FD-41CD-B04B-1574923A3DB4}.Release|Any CPU.ActiveCfg = Release|x86
		{410E076F-86FD-41CD-B04B-1574923A3DB4}.Release|Mixed Platforms.ActiveCfg = Release|x86
		{410E076F-86FD-41CD-B04B-1574923A3DB4}.Release|x86.ActiveCfg = Release|x86
		{410E076F-86FD-41CD-B04B-1574923A3DB4}.Release|Xbox 360.ActiveCfg = Release|x86
		{410E076F-86FD-41CD-B04B-1574923A3DB4}.Release|Zune.ActiveCfg = Release|x86
		{5F49FFCD-6979-4DC8-8DE7-88F147B377D1}.Debug|Any CPU.ActiveCfg = Debug|x86
		{5F49FFCD-6979-4DC8-8DE7-88F147B377D1}.Debug|Mixed Platforms.ActiveCfg = Debug|x86
		{5F49FFCD-6979-4DC8-8DE7-88F147B377D1}.Debug|Mixed Platforms.Build.0 = Debug|x86
		{5F49FFCD-6979-4DC8-8DE7-88F147B377D1}.Debug|x86.ActiveCfg = Debug|x86
		{5F49FFCD-6979-4DC8-8DE7-88F147B377D1}.Debug|x86.Build.0 = Debug|x86
		{5F49FFCD-6979-4DC8-8DE7-88F147B377D1}.Debug|Xbox 360.ActiveCfg = Debug|x86
		{5F49FFCD-6979-4DC8-8DE7-88F147B377D1}.Debug|Zune.ActiveCfg = Debug|x86
		{5F49FFCD-6979-4DC8-8DE7-88F147B377D1}.Release|Any CPU.ActiveCfg = Release|x86
		{5F49FFCD-6979-4DC8-8DE7-88F147B377D1}.Release|Mixed Platforms.ActiveCfg = Release|x86
		{5F49FFCD-6979-4DC8-8DE7-88F147B377D1}.Release|Mixed Platforms.Build.0 = Release|x86
		{5F49FFCD-6979-4DC8-8DE7-88F147B377D1}.Release|x86.ActiveCfg = Release|x86
		{5F49FFCD-6979-4DC8-8DE7-88F147B377D1}.Release|x86.Build.0 = Release|x86
		{5F49FFCD-6979-4DC8-8DE7-88F147B377D1}.Release|Xbox 360.ActiveCfg = Release|x86
		{5F49FFCD-6979-4DC8-8DE7-88F147B377D1}.Release|Zune.ActiveCfg = Release|x86
		{22086451-A9A2-414C-8A81-5BE02FC5C8EE}.Debug|Any CPU.ActiveCfg = Debug|Any CPU
		{22086451-A9A2-414C-8A81-5BE02FC5C8EE}.Debug|Any CPU.Build.0 = Debug|Any CPU
		{22086451-A9A2-414C-8A81-5BE02FC5C8EE}.Debug|Mixed Platforms.ActiveCfg = Debug|Any CPU
		{22086451-A9A2-414C-8A81-5BE02FC5C8EE}.Debug|Mixed Platforms.Build.0 = Debug|Any CPU
		{22086451-A9A2-414C-8A81-5BE02FC5C8EE}.Debug|x86.ActiveCfg = Debug|Any CPU
		{22086451-A9A2-414C-8A81-5BE02FC5C8EE}.Debug|Xbox 360.ActiveCfg = Debug|Any CPU
		{22086451-A9A2-414C-8A81-5BE02FC5C8EE}.Debug|Zune.ActiveCfg = Debug|Any CPU
		{22086451-A9A2-414C-8A81-5BE02FC5C8EE}.Release|Any CPU.ActiveCfg = Release|Any CPU
		{22086451-A9A2-414C-8A81-5BE02FC5C8EE}.Release|Any CPU.Build.0 = Release|Any CPU
		{22086451-A9A2-414C-8A81-5BE02FC5C8EE}.Release|Mixed Platforms.ActiveCfg = Release|Any CPU
		{22086451-A9A2-414C-8A81-5BE02FC5C8EE}.Release|Mixed Platforms.Build.0 = Release|Any CPU
		{22086451-A9A2-414C-8A81-5BE02FC5C8EE}.Release|x86.ActiveCfg = Release|Any CPU
		{22086451-A9A2-414C-8A81-5BE02FC5C8EE}.Release|Xbox 360.ActiveCfg = Release|Any CPU
		{22086451-A9A2-414C-8A81-5BE02FC5C8EE}.Release|Zune.ActiveCfg = Release|Any CPU
		{7B30DE1B-9BB0-47D0-ADA5-34BE422B4AC0}.Debug|Any CPU.ActiveCfg = Debug|x86
		{7B30DE1B-9BB0-47D0-ADA5-34BE422B4AC0}.Debug|Mixed Platforms.ActiveCfg = Debug|x86
		{7B30DE1B-9BB0-47D0-ADA5-34BE422B4AC0}.Debug|Mixed Platforms.Build.0 = Debug|x86
		{7B30DE1B-9BB0-47D0-ADA5-34BE422B4AC0}.Debug|x86.ActiveCfg = Debug|x86
		{7B30DE1B-9BB0-47D0-ADA5-34BE422B4AC0}.Debug|x86.Build.0 = Debug|x86
		{7B30DE1B-9BB0-47D0-ADA5-34BE422B4AC0}.Debug|Xbox 360.ActiveCfg = Debug|x86
		{7B30DE1B-9BB0-47D0-ADA5-34BE422B4AC0}.Debug|Zune.ActiveCfg = Debug|x86
		{7B30DE1B-9BB0-47D0-ADA5-34BE422B4AC0}.Release|Any CPU.ActiveCfg = Release|x86
		{7B30DE1B-9BB0-47D0-ADA5-34BE422B4AC0}.Release|Mixed Platforms.ActiveCfg = Release|x86
		{7B30DE1B-9BB0-47D0-ADA5-34BE422B4AC0}.Release|Mixed Platforms.Build.0 = Release|x86
		{7B30DE1B-9BB0-47D0-ADA5-34BE422B4AC0}.Release|x86.ActiveCfg = Release|x86
		{7B30DE1B-9BB0-47D0-ADA5-34BE422B4AC0}.Release|x86.Build.0 = Release|x86
		{7B30DE1B-9BB0-47D0-ADA5-34BE422B4AC0}.Release|Xbox 360.ActiveCfg = Release|x86
		{7B30DE1B-9BB0-47D0-ADA5-34BE422B4AC0}.Release|Zune.ActiveCfg = Release|x86
		{D5BCFABA-A4D3-4F0D-B668-C63C20449457}.Debug|Any CPU.ActiveCfg = Debug|x86
		{D5BCFABA-A4D3-4F0D-B668-C63C20449457}.Debug|Mixed Platforms.ActiveCfg = Debug|x86
		{D5BCFABA-A4D3-4F0D-B668-C63C20449457}.Debug|Mixed Platforms.Build.0 = Debug|x86
		{D5BCFABA-A4D3-4F0D-B668-C63C20449457}.Debug|x86.ActiveCfg = Debug|x86
		{D5BCFABA-A4D3-4F0D-B668-C63C20449457}.Debug|x86.Build.0 = Debug|x86
		{D5BCFABA-A4D3-4F0D-B668-C63C20449457}.Debug|Xbox 360.ActiveCfg = Debug|x86
		{D5BCFABA-A4D3-4F0D-B668-C63C20449457}.Debug|Zune.ActiveCfg = Debug|x86
		{D5BCFABA-A4D3-4F0D-B668-C63C20449457}.Release|Any CPU.ActiveCfg = Release|x86
		{D5BCFABA-A4D3-4F0D-B668-C63C20449457}.Release|Mixed Platforms.ActiveCfg = Release|x86
		{D5BCFABA-A4D3-4F0D-B668-C63C20449457}.Release|Mixed Platforms.Build.0 = Release|x86
		{D5BCFABA-A4D3-4F0D-B668-C63C20449457}.Release|x86.ActiveCfg = Release|x86
		{D5BCFABA-A4D3-4F0D-B668-C63C20449457}.Release|x86.Build.0 = Release|x86
		{D5BCFABA-A4D3-4F0D-B668-C63C20449457}.Release|Xbox 360.ActiveCfg = Release|x86
		{D5BCFABA-A4D3-4F0D-B668-C63C20449457}.Release|Zune.ActiveCfg = Release|x86
		{9C8328B3-97FC-4F39-A1BC-6DC4A1730C26}.Debug|Any CPU.ActiveCfg = Debug|x86
		{9C8328B3-97FC-4F39-A1BC-6DC4A1730C26}.Debug|Mixed Platforms.ActiveCfg = Debug|x86
		{9C8328B3-97FC-4F39-A1BC-6DC4A1730C26}.Debug|Mixed Platforms.Build.0 = Debug|x86
		{9C8328B3-97FC-4F39-A1BC-6DC4A1730C26}.Debug|x86.ActiveCfg = Debug|x86
		{9C8328B3-97FC-4F39-A1BC-6DC4A1730C26}.Debug|x86.Build.0 = Debug|x86
		{9C8328B3-97FC-4F39-A1BC-6DC4A1730C26}.Debug|Xbox 360.ActiveCfg = Debug|x86
		{9C8328B3-97FC-4F39-A1BC-6DC4A1730C26}.Debug|Zune.ActiveCfg = Debug|x86
		{9C8328B3-97FC-4F39-A1BC-6DC4A1730C26}.Release|Any CPU.ActiveCfg = Release|x86
		{9C8328B3-97FC-4F39-A1BC-6DC4A1730C26}.Release|Mixed Platforms.ActiveCfg = Release|x86
		{9C8328B3-97FC-4F39-A1BC-6DC4A1730C26}.Release|Mixed Platforms.Build.0 = Release|x86
		{9C8328B3-97FC-4F39-A1BC-6DC4A1730C26}.Release|x86.ActiveCfg = Release|x86
		{9C8328B3-97FC-4F39-A1BC-6DC4A1730C26}.Release|x86.Build.0 = Release|x86
		{9C8328B3-97FC-4F39-A1BC-6DC4A1730C26}.Release|Xbox 360.ActiveCfg = Release|x86
		{9C8328B3-97FC-4F39-A1BC-6DC4A1730C26}.Release|Zune.ActiveCfg = Release|x86
		{8ED9B288-C739-4A73-A0A3-0382587B771D}.Debug|Any CPU.ActiveCfg = Debug|Zune
		{8ED9B288-C739-4A73-A0A3-0382587B771D}.Debug|Any CPU.Build.0 = Debug|Zune
		{8ED9B288-C739-4A73-A0A3-0382587B771D}.Debug|Mixed Platforms.ActiveCfg = Debug|Zune
		{8ED9B288-C739-4A73-A0A3-0382587B771D}.Debug|Mixed Platforms.Build.0 = Debug|Zune
		{8ED9B288-C739-4A73-A0A3-0382587B771D}.Debug|x86.ActiveCfg = Debug|x86
		{8ED9B288-C739-4A73-A0A3-0382587B771D}.Debug|x86.Build.0 = Debug|x86
		{8ED9B288-C739-4A73-A0A3-0382587B771D}.Debug|Xbox 360.ActiveCfg = Debug|Xbox 360
		{8ED9B288-C739-4A73-A0A3-0382587B771D}.Debug|Xbox 360.Build.0 = Debug|Xbox 360
		{8ED9B288-C739-4A73-A0A3-0382587B771D}.Debug|Zune.ActiveCfg = Debug|Zune
		{8ED9B288-C739-4A73-A0A3-0382587B771D}.Debug|Zune.Build.0 = Debug|Zune
		{8ED9B288-C739-4A73-A0A3-0382587B771D}.Release|Any CPU.ActiveCfg = Release|Zune
		{8ED9B288-C739-4A73-A0A3-0382587B771D}.Release|Any CPU.Build.0 = Release|Zune
		{8ED9B288-C739-4A73-A0A3-0382587B771D}.Release|Mixed Platforms.ActiveCfg = Release|Zune
		{8ED9B288-C739-4A73-A0A3-0382587B771D}.Release|Mixed Platforms.Build.0 = Release|Zune
		{8ED9B288-C739-4A73-A0A3-0382587B771D}.Release|x86.ActiveCfg = Release|x86
		{8ED9B288-C739-4A73-A0A3-0382587B771D}.Release|x86.Build.0 = Release|x86
		{8ED9B288-C739-4A73-A0A3-0382587B771D}.Release|Xbox 360.ActiveCfg = Release|Xbox 360
		{8ED9B288-C739-4A73-A0A3-0382587B771D}.Release|Xbox 360.Build.0 = Release|Xbox 360
		{8ED9B288-C739-4A73-A0A3-0382587B771D}.Release|Zune.ActiveCfg = Release|Zune
		{8ED9B288-C739-4A73-A0A3-0382587B771D}.Release|Zune.Build.0 = Release|Zune
	EndGlobalSection
	GlobalSection(SolutionProperties) = preSolution
		HideSolutionNode = FALSE
	EndGlobalSection
EndGlobal
