
Microsoft Visual Studio Solution File, Format Version 10.00
# Visual Studio 2008
Project("{FAE04EC0-301F-11D3-BF4B-00C04F79EFBC}") = "eAthena Config GUI", "eAthena Config GUI.csproj", "{3E62ED46-25B5-4556-BCD0-B577AC49795E}"
EndProject
Global
	GlobalSection(SolutionConfigurationPlatforms) = preSolution
		Debug|Any CPU = Debug|Any CPU
		Release|Any CPU = Release|Any CPU
	EndGlobalSection
	GlobalSection(ProjectConfigurationPlatforms) = postSolution
		{3E62ED46-25B5-4556-BCD0-B577AC49795E}.Debug|Any CPU.ActiveCfg = Debug|Any CPU
		{3E62ED46-25B5-4556-BCD0-B577AC49795E}.Debug|Any CPU.Build.0 = Debug|Any CPU
		{3E62ED46-25B5-4556-BCD0-B577AC49795E}.Release|Any CPU.ActiveCfg = Release|Any CPU
		{3E62ED46-25B5-4556-BCD0-B577AC49795E}.Release|Any CPU.Build.0 = Release|Any CPU
	EndGlobalSection
	GlobalSection(SolutionProperties) = preSolution
		HideSolutionNode = FALSE
	EndGlobalSection
EndGlobal
