
Microsoft Visual Studio Solution File, Format Version 12.00
# Visual Studio 2013
VisualStudioVersion = 12.0.20617.1 PREVIEW
MinimumVisualStudioVersion = 10.0.40219.1
Project("{FAE04EC0-301F-11D3-BF4B-00C04F79EFBC}") = "GrfEditor.Client", "GrfEditor.Client\GrfEditor.Client.csproj", "{1976F896-BD4B-4D7C-9552-ECEC6AD5BAA0}"
EndProject
Project("{FAE04EC0-301F-11D3-BF4B-00C04F79EFBC}") = "GodLesZ.Library.Ragnarok", "..\..\GodLesZ\GodLesZ.Library.Ragnarok\GodLesZ.Library.Ragnarok.csproj", "{CE3F016E-67A4-4F08-8E0E-5493D8E305AC}"
EndProject
Project("{FAE04EC0-301F-11D3-BF4B-00C04F79EFBC}") = "GodLesZ.Library", "..\..\GodLesZ\GodLesZ.Library\GodLesZ.Library.csproj", "{22086451-A9A2-414C-8A81-5BE02FC5C8EE}"
EndProject
Project("{2150E333-8FDC-42A3-9474-1A3956D46DE8}") = "Library", "Library", "{7FCEB35B-927F-4581-9F37-58E526C149D1}"
EndProject
Project("{2150E333-8FDC-42A3-9474-1A3956D46DE8}") = "Plugins", "Plugins", "{1236019C-AF52-4D2E-89C4-CDA4990F9D60}"
EndProject
Project("{FAE04EC0-301F-11D3-BF4B-00C04F79EFBC}") = "GrfEditor.Plugins.PreviewSprite", "GrfEditor.Plugins.PreviewSprite\GrfEditor.Plugins.PreviewSprite.csproj", "{BB6782C9-27D6-4196-AC82-ABB3D6339CA6}"
EndProject
Project("{FAE04EC0-301F-11D3-BF4B-00C04F79EFBC}") = "GrfEditor.Library", "GrfEditor.Library\GrfEditor.Library.csproj", "{565258EC-AB19-460B-8433-15B204967334}"
EndProject
Project("{FAE04EC0-301F-11D3-BF4B-00C04F79EFBC}") = "GrfEditor.Plugins.PreviewAction", "GrfEditor.Plugins.PreviewAction\GrfEditor.Plugins.PreviewAction.csproj", "{B0B959E9-ABFF-4133-8CD6-36969CDD30DD}"
EndProject
Project("{FAE04EC0-301F-11D3-BF4B-00C04F79EFBC}") = "GrfEditor.Plugins.PreviewPal", "GrfEditor.Plugins.PreviewPal\GrfEditor.Plugins.PreviewPal.csproj", "{B234AA10-6B31-4D66-92F0-919543DFB3E8}"
EndProject
Project("{FAE04EC0-301F-11D3-BF4B-00C04F79EFBC}") = "GrfEditor.Plugins.PreviewGat", "GrfEditor.Plugins.PreviewGat\GrfEditor.Plugins.PreviewGat.csproj", "{C5398624-25D6-4EC8-A208-DE2237081799}"
EndProject
Project("{FAE04EC0-301F-11D3-BF4B-00C04F79EFBC}") = "GrfEditor.Plugins.PreviewRsm", "GrfEditor.Plugins.PreviewRsm\GrfEditor.Plugins.PreviewRsm.csproj", "{D5BD9DB9-5482-4548-91C0-F8014831765B}"
EndProject
Project("{FAE04EC0-301F-11D3-BF4B-00C04F79EFBC}") = "GodLesZ.Library.Imaging", "..\..\GodLesZ\GodLesZ.Library.Imaging\GodLesZ.Library.Imaging.csproj", "{17B100E8-832D-4FE4-A14D-9BA6C5E99EEF}"
EndProject
Project("{FAE04EC0-301F-11D3-BF4B-00C04F79EFBC}") = "GodLesZ.Library.BlubbZip", "..\..\GodLesZ\GodLesZ.Library.BlubbZip\GodLesZ.Library.BlubbZip.csproj", "{929E3880-1CE1-415E-9BA9-B9E45C5002F0}"
EndProject
Project("{FAE04EC0-301F-11D3-BF4B-00C04F79EFBC}") = "GrfEditor.Plugins.PreviewImage", "GrfEditor.Plugins.PreviewImage\GrfEditor.Plugins.PreviewImage.csproj", "{C7078A8C-1368-44D6-8DC6-258A666D44B0}"
EndProject
Project("{FAE04EC0-301F-11D3-BF4B-00C04F79EFBC}") = "GrfEditor.Plugins.PreviewText", "GrfEditor.Plugins.PreviewText\GrfEditor.Plugins.PreviewText.csproj", "{04BFEDA7-26F8-475D-B781-A2935D05E50E}"
EndProject
Project("{FAE04EC0-301F-11D3-BF4B-00C04F79EFBC}") = "GodLesZ.Library.Ragnarok.MonoGame", "..\..\GodLesZ\GodLesZ.Library.Ragnarok.MonoGame\GodLesZ.Library.Ragnarok.MonoGame.csproj", "{BF8B1C6C-4834-4CDA-855F-7D30995E9A6D}"
EndProject
Project("{FAE04EC0-301F-11D3-BF4B-00C04F79EFBC}") = "GodLesZ.Library.MonoGame", "..\..\GodLesZ\GodLesZ.Library.MonoGame\GodLesZ.Library.MonoGame.csproj", "{CEFE27FD-ACBE-4347-85A6-59638D75A806}"
EndProject
Global
	GlobalSection(SolutionConfigurationPlatforms) = preSolution
		Debug|Any CPU = Debug|Any CPU
		Debug|Mixed Platforms = Debug|Mixed Platforms
		Debug|x64 = Debug|x64
		Debug|x86 = Debug|x86
		Release|Any CPU = Release|Any CPU
		Release|Mixed Platforms = Release|Mixed Platforms
		Release|x64 = Release|x64
		Release|x86 = Release|x86
	EndGlobalSection
	GlobalSection(ProjectConfigurationPlatforms) = postSolution
		{1976F896-BD4B-4D7C-9552-ECEC6AD5BAA0}.Debug|Any CPU.ActiveCfg = Debug|Any CPU
		{1976F896-BD4B-4D7C-9552-ECEC6AD5BAA0}.Debug|Any CPU.Build.0 = Debug|Any CPU
		{1976F896-BD4B-4D7C-9552-ECEC6AD5BAA0}.Debug|Mixed Platforms.ActiveCfg = Debug|Any CPU
		{1976F896-BD4B-4D7C-9552-ECEC6AD5BAA0}.Debug|Mixed Platforms.Build.0 = Debug|Any CPU
		{1976F896-BD4B-4D7C-9552-ECEC6AD5BAA0}.Debug|x64.ActiveCfg = Debug|x64
		{1976F896-BD4B-4D7C-9552-ECEC6AD5BAA0}.Debug|x64.Build.0 = Debug|x64
		{1976F896-BD4B-4D7C-9552-ECEC6AD5BAA0}.Debug|x86.ActiveCfg = Debug|x86
		{1976F896-BD4B-4D7C-9552-ECEC6AD5BAA0}.Debug|x86.Build.0 = Debug|x86
		{1976F896-BD4B-4D7C-9552-ECEC6AD5BAA0}.Release|Any CPU.ActiveCfg = Release|Any CPU
		{1976F896-BD4B-4D7C-9552-ECEC6AD5BAA0}.Release|Any CPU.Build.0 = Release|Any CPU
		{1976F896-BD4B-4D7C-9552-ECEC6AD5BAA0}.Release|Mixed Platforms.ActiveCfg = Release|Any CPU
		{1976F896-BD4B-4D7C-9552-ECEC6AD5BAA0}.Release|Mixed Platforms.Build.0 = Release|Any CPU
		{1976F896-BD4B-4D7C-9552-ECEC6AD5BAA0}.Release|x64.ActiveCfg = Release|x64
		{1976F896-BD4B-4D7C-9552-ECEC6AD5BAA0}.Release|x64.Build.0 = Release|x64
		{1976F896-BD4B-4D7C-9552-ECEC6AD5BAA0}.Release|x86.ActiveCfg = Release|x86
		{1976F896-BD4B-4D7C-9552-ECEC6AD5BAA0}.Release|x86.Build.0 = Release|x86
		{CE3F016E-67A4-4F08-8E0E-5493D8E305AC}.Debug|Any CPU.ActiveCfg = Debug|Any CPU
		{CE3F016E-67A4-4F08-8E0E-5493D8E305AC}.Debug|Any CPU.Build.0 = Debug|Any CPU
		{CE3F016E-67A4-4F08-8E0E-5493D8E305AC}.Debug|Mixed Platforms.ActiveCfg = Debug|Any CPU
		{CE3F016E-67A4-4F08-8E0E-5493D8E305AC}.Debug|Mixed Platforms.Build.0 = Debug|Any CPU
		{CE3F016E-67A4-4F08-8E0E-5493D8E305AC}.Debug|x64.ActiveCfg = Debug|x64
		{CE3F016E-67A4-4F08-8E0E-5493D8E305AC}.Debug|x64.Build.0 = Debug|x64
		{CE3F016E-67A4-4F08-8E0E-5493D8E305AC}.Debug|x86.ActiveCfg = Debug|x86
		{CE3F016E-67A4-4F08-8E0E-5493D8E305AC}.Debug|x86.Build.0 = Debug|x86
		{CE3F016E-67A4-4F08-8E0E-5493D8E305AC}.Release|Any CPU.ActiveCfg = Release|Any CPU
		{CE3F016E-67A4-4F08-8E0E-5493D8E305AC}.Release|Any CPU.Build.0 = Release|Any CPU
		{CE3F016E-67A4-4F08-8E0E-5493D8E305AC}.Release|Mixed Platforms.ActiveCfg = Release|Any CPU
		{CE3F016E-67A4-4F08-8E0E-5493D8E305AC}.Release|Mixed Platforms.Build.0 = Release|Any CPU
		{CE3F016E-67A4-4F08-8E0E-5493D8E305AC}.Release|x64.ActiveCfg = Release|x64
		{CE3F016E-67A4-4F08-8E0E-5493D8E305AC}.Release|x64.Build.0 = Release|x64
		{CE3F016E-67A4-4F08-8E0E-5493D8E305AC}.Release|x86.ActiveCfg = Release|x86
		{CE3F016E-67A4-4F08-8E0E-5493D8E305AC}.Release|x86.Build.0 = Release|x86
		{22086451-A9A2-414C-8A81-5BE02FC5C8EE}.Debug|Any CPU.ActiveCfg = Debug|Any CPU
		{22086451-A9A2-414C-8A81-5BE02FC5C8EE}.Debug|Any CPU.Build.0 = Debug|Any CPU
		{22086451-A9A2-414C-8A81-5BE02FC5C8EE}.Debug|Mixed Platforms.ActiveCfg = Debug|Any CPU
		{22086451-A9A2-414C-8A81-5BE02FC5C8EE}.Debug|Mixed Platforms.Build.0 = Debug|Any CPU
		{22086451-A9A2-414C-8A81-5BE02FC5C8EE}.Debug|x64.ActiveCfg = Debug|x64
		{22086451-A9A2-414C-8A81-5BE02FC5C8EE}.Debug|x64.Build.0 = Debug|x64
		{22086451-A9A2-414C-8A81-5BE02FC5C8EE}.Debug|x86.ActiveCfg = Debug|x86
		{22086451-A9A2-414C-8A81-5BE02FC5C8EE}.Debug|x86.Build.0 = Debug|x86
		{22086451-A9A2-414C-8A81-5BE02FC5C8EE}.Release|Any CPU.ActiveCfg = Release|Any CPU
		{22086451-A9A2-414C-8A81-5BE02FC5C8EE}.Release|Any CPU.Build.0 = Release|Any CPU
		{22086451-A9A2-414C-8A81-5BE02FC5C8EE}.Release|Mixed Platforms.ActiveCfg = Release|Any CPU
		{22086451-A9A2-414C-8A81-5BE02FC5C8EE}.Release|Mixed Platforms.Build.0 = Release|Any CPU
		{22086451-A9A2-414C-8A81-5BE02FC5C8EE}.Release|x64.ActiveCfg = Release|x64
		{22086451-A9A2-414C-8A81-5BE02FC5C8EE}.Release|x64.Build.0 = Release|x64
		{22086451-A9A2-414C-8A81-5BE02FC5C8EE}.Release|x86.ActiveCfg = Release|x86
		{22086451-A9A2-414C-8A81-5BE02FC5C8EE}.Release|x86.Build.0 = Release|x86
		{BB6782C9-27D6-4196-AC82-ABB3D6339CA6}.Debug|Any CPU.ActiveCfg = Debug|Any CPU
		{BB6782C9-27D6-4196-AC82-ABB3D6339CA6}.Debug|Any CPU.Build.0 = Debug|Any CPU
		{BB6782C9-27D6-4196-AC82-ABB3D6339CA6}.Debug|Mixed Platforms.ActiveCfg = Debug|Any CPU
		{BB6782C9-27D6-4196-AC82-ABB3D6339CA6}.Debug|Mixed Platforms.Build.0 = Debug|Any CPU
		{BB6782C9-27D6-4196-AC82-ABB3D6339CA6}.Debug|x64.ActiveCfg = Debug|x64
		{BB6782C9-27D6-4196-AC82-ABB3D6339CA6}.Debug|x64.Build.0 = Debug|x64
		{BB6782C9-27D6-4196-AC82-ABB3D6339CA6}.Debug|x86.ActiveCfg = Debug|x86
		{BB6782C9-27D6-4196-AC82-ABB3D6339CA6}.Debug|x86.Build.0 = Debug|x86
		{BB6782C9-27D6-4196-AC82-ABB3D6339CA6}.Release|Any CPU.ActiveCfg = Release|Any CPU
		{BB6782C9-27D6-4196-AC82-ABB3D6339CA6}.Release|Any CPU.Build.0 = Release|Any CPU
		{BB6782C9-27D6-4196-AC82-ABB3D6339CA6}.Release|Mixed Platforms.ActiveCfg = Release|Any CPU
		{BB6782C9-27D6-4196-AC82-ABB3D6339CA6}.Release|Mixed Platforms.Build.0 = Release|Any CPU
		{BB6782C9-27D6-4196-AC82-ABB3D6339CA6}.Release|x64.ActiveCfg = Release|x64
		{BB6782C9-27D6-4196-AC82-ABB3D6339CA6}.Release|x64.Build.0 = Release|x64
		{BB6782C9-27D6-4196-AC82-ABB3D6339CA6}.Release|x86.ActiveCfg = Release|x86
		{BB6782C9-27D6-4196-AC82-ABB3D6339CA6}.Release|x86.Build.0 = Release|x86
		{565258EC-AB19-460B-8433-15B204967334}.Debug|Any CPU.ActiveCfg = Debug|Any CPU
		{565258EC-AB19-460B-8433-15B204967334}.Debug|Any CPU.Build.0 = Debug|Any CPU
		{565258EC-AB19-460B-8433-15B204967334}.Debug|Mixed Platforms.ActiveCfg = Debug|Any CPU
		{565258EC-AB19-460B-8433-15B204967334}.Debug|Mixed Platforms.Build.0 = Debug|Any CPU
		{565258EC-AB19-460B-8433-15B204967334}.Debug|x64.ActiveCfg = Debug|x64
		{565258EC-AB19-460B-8433-15B204967334}.Debug|x64.Build.0 = Debug|x64
		{565258EC-AB19-460B-8433-15B204967334}.Debug|x86.ActiveCfg = Debug|x86
		{565258EC-AB19-460B-8433-15B204967334}.Debug|x86.Build.0 = Debug|x86
		{565258EC-AB19-460B-8433-15B204967334}.Release|Any CPU.ActiveCfg = Release|Any CPU
		{565258EC-AB19-460B-8433-15B204967334}.Release|Any CPU.Build.0 = Release|Any CPU
		{565258EC-AB19-460B-8433-15B204967334}.Release|Mixed Platforms.ActiveCfg = Release|Any CPU
		{565258EC-AB19-460B-8433-15B204967334}.Release|Mixed Platforms.Build.0 = Release|Any CPU
		{565258EC-AB19-460B-8433-15B204967334}.Release|x64.ActiveCfg = Release|x64
		{565258EC-AB19-460B-8433-15B204967334}.Release|x64.Build.0 = Release|x64
		{565258EC-AB19-460B-8433-15B204967334}.Release|x86.ActiveCfg = Release|x86
		{565258EC-AB19-460B-8433-15B204967334}.Release|x86.Build.0 = Release|x86
		{B0B959E9-ABFF-4133-8CD6-36969CDD30DD}.Debug|Any CPU.ActiveCfg = Debug|Any CPU
		{B0B959E9-ABFF-4133-8CD6-36969CDD30DD}.Debug|Any CPU.Build.0 = Debug|Any CPU
		{B0B959E9-ABFF-4133-8CD6-36969CDD30DD}.Debug|Mixed Platforms.ActiveCfg = Debug|Any CPU
		{B0B959E9-ABFF-4133-8CD6-36969CDD30DD}.Debug|Mixed Platforms.Build.0 = Debug|Any CPU
		{B0B959E9-ABFF-4133-8CD6-36969CDD30DD}.Debug|x64.ActiveCfg = Debug|x64
		{B0B959E9-ABFF-4133-8CD6-36969CDD30DD}.Debug|x64.Build.0 = Debug|x64
		{B0B959E9-ABFF-4133-8CD6-36969CDD30DD}.Debug|x86.ActiveCfg = Debug|x86
		{B0B959E9-ABFF-4133-8CD6-36969CDD30DD}.Debug|x86.Build.0 = Debug|x86
		{B0B959E9-ABFF-4133-8CD6-36969CDD30DD}.Release|Any CPU.ActiveCfg = Release|Any CPU
		{B0B959E9-ABFF-4133-8CD6-36969CDD30DD}.Release|Any CPU.Build.0 = Release|Any CPU
		{B0B959E9-ABFF-4133-8CD6-36969CDD30DD}.Release|Mixed Platforms.ActiveCfg = Release|Any CPU
		{B0B959E9-ABFF-4133-8CD6-36969CDD30DD}.Release|Mixed Platforms.Build.0 = Release|Any CPU
		{B0B959E9-ABFF-4133-8CD6-36969CDD30DD}.Release|x64.ActiveCfg = Release|x64
		{B0B959E9-ABFF-4133-8CD6-36969CDD30DD}.Release|x64.Build.0 = Release|x64
		{B0B959E9-ABFF-4133-8CD6-36969CDD30DD}.Release|x86.ActiveCfg = Release|x86
		{B0B959E9-ABFF-4133-8CD6-36969CDD30DD}.Release|x86.Build.0 = Release|x86
		{B234AA10-6B31-4D66-92F0-919543DFB3E8}.Debug|Any CPU.ActiveCfg = Debug|Any CPU
		{B234AA10-6B31-4D66-92F0-919543DFB3E8}.Debug|Any CPU.Build.0 = Debug|Any CPU
		{B234AA10-6B31-4D66-92F0-919543DFB3E8}.Debug|Mixed Platforms.ActiveCfg = Debug|Any CPU
		{B234AA10-6B31-4D66-92F0-919543DFB3E8}.Debug|Mixed Platforms.Build.0 = Debug|Any CPU
		{B234AA10-6B31-4D66-92F0-919543DFB3E8}.Debug|x64.ActiveCfg = Debug|x64
		{B234AA10-6B31-4D66-92F0-919543DFB3E8}.Debug|x64.Build.0 = Debug|x64
		{B234AA10-6B31-4D66-92F0-919543DFB3E8}.Debug|x86.ActiveCfg = Debug|x86
		{B234AA10-6B31-4D66-92F0-919543DFB3E8}.Debug|x86.Build.0 = Debug|x86
		{B234AA10-6B31-4D66-92F0-919543DFB3E8}.Release|Any CPU.ActiveCfg = Release|Any CPU
		{B234AA10-6B31-4D66-92F0-919543DFB3E8}.Release|Any CPU.Build.0 = Release|Any CPU
		{B234AA10-6B31-4D66-92F0-919543DFB3E8}.Release|Mixed Platforms.ActiveCfg = Release|Any CPU
		{B234AA10-6B31-4D66-92F0-919543DFB3E8}.Release|Mixed Platforms.Build.0 = Release|Any CPU
		{B234AA10-6B31-4D66-92F0-919543DFB3E8}.Release|x64.ActiveCfg = Release|x64
		{B234AA10-6B31-4D66-92F0-919543DFB3E8}.Release|x64.Build.0 = Release|x64
		{B234AA10-6B31-4D66-92F0-919543DFB3E8}.Release|x86.ActiveCfg = Release|x86
		{B234AA10-6B31-4D66-92F0-919543DFB3E8}.Release|x86.Build.0 = Release|x86
		{C5398624-25D6-4EC8-A208-DE2237081799}.Debug|Any CPU.ActiveCfg = Debug|Any CPU
		{C5398624-25D6-4EC8-A208-DE2237081799}.Debug|Any CPU.Build.0 = Debug|Any CPU
		{C5398624-25D6-4EC8-A208-DE2237081799}.Debug|Mixed Platforms.ActiveCfg = Debug|Any CPU
		{C5398624-25D6-4EC8-A208-DE2237081799}.Debug|Mixed Platforms.Build.0 = Debug|Any CPU
		{C5398624-25D6-4EC8-A208-DE2237081799}.Debug|x64.ActiveCfg = Debug|x64
		{C5398624-25D6-4EC8-A208-DE2237081799}.Debug|x64.Build.0 = Debug|x64
		{C5398624-25D6-4EC8-A208-DE2237081799}.Debug|x86.ActiveCfg = Debug|x86
		{C5398624-25D6-4EC8-A208-DE2237081799}.Debug|x86.Build.0 = Debug|x86
		{C5398624-25D6-4EC8-A208-DE2237081799}.Release|Any CPU.ActiveCfg = Release|Any CPU
		{C5398624-25D6-4EC8-A208-DE2237081799}.Release|Any CPU.Build.0 = Release|Any CPU
		{C5398624-25D6-4EC8-A208-DE2237081799}.Release|Mixed Platforms.ActiveCfg = Release|Any CPU
		{C5398624-25D6-4EC8-A208-DE2237081799}.Release|Mixed Platforms.Build.0 = Release|Any CPU
		{C5398624-25D6-4EC8-A208-DE2237081799}.Release|x64.ActiveCfg = Release|x64
		{C5398624-25D6-4EC8-A208-DE2237081799}.Release|x64.Build.0 = Release|x64
		{C5398624-25D6-4EC8-A208-DE2237081799}.Release|x86.ActiveCfg = Release|x86
		{C5398624-25D6-4EC8-A208-DE2237081799}.Release|x86.Build.0 = Release|x86
		{D5BD9DB9-5482-4548-91C0-F8014831765B}.Debug|Any CPU.ActiveCfg = Debug|Any CPU
		{D5BD9DB9-5482-4548-91C0-F8014831765B}.Debug|Any CPU.Build.0 = Debug|Any CPU
		{D5BD9DB9-5482-4548-91C0-F8014831765B}.Debug|Mixed Platforms.ActiveCfg = Debug|Any CPU
		{D5BD9DB9-5482-4548-91C0-F8014831765B}.Debug|Mixed Platforms.Build.0 = Debug|Any CPU
		{D5BD9DB9-5482-4548-91C0-F8014831765B}.Debug|x64.ActiveCfg = Debug|x64
		{D5BD9DB9-5482-4548-91C0-F8014831765B}.Debug|x64.Build.0 = Debug|x64
		{D5BD9DB9-5482-4548-91C0-F8014831765B}.Debug|x86.ActiveCfg = Debug|x86
		{D5BD9DB9-5482-4548-91C0-F8014831765B}.Debug|x86.Build.0 = Debug|x86
		{D5BD9DB9-5482-4548-91C0-F8014831765B}.Release|Any CPU.ActiveCfg = Release|Any CPU
		{D5BD9DB9-5482-4548-91C0-F8014831765B}.Release|Any CPU.Build.0 = Release|Any CPU
		{D5BD9DB9-5482-4548-91C0-F8014831765B}.Release|Mixed Platforms.ActiveCfg = Release|Any CPU
		{D5BD9DB9-5482-4548-91C0-F8014831765B}.Release|Mixed Platforms.Build.0 = Release|Any CPU
		{D5BD9DB9-5482-4548-91C0-F8014831765B}.Release|x64.ActiveCfg = Release|x64
		{D5BD9DB9-5482-4548-91C0-F8014831765B}.Release|x64.Build.0 = Release|x64
		{D5BD9DB9-5482-4548-91C0-F8014831765B}.Release|x86.ActiveCfg = Release|x86
		{D5BD9DB9-5482-4548-91C0-F8014831765B}.Release|x86.Build.0 = Release|x86
		{17B100E8-832D-4FE4-A14D-9BA6C5E99EEF}.Debug|Any CPU.ActiveCfg = Debug|Any CPU
		{17B100E8-832D-4FE4-A14D-9BA6C5E99EEF}.Debug|Any CPU.Build.0 = Debug|Any CPU
		{17B100E8-832D-4FE4-A14D-9BA6C5E99EEF}.Debug|Mixed Platforms.ActiveCfg = Debug|Any CPU
		{17B100E8-832D-4FE4-A14D-9BA6C5E99EEF}.Debug|Mixed Platforms.Build.0 = Debug|Any CPU
		{17B100E8-832D-4FE4-A14D-9BA6C5E99EEF}.Debug|x64.ActiveCfg = Debug|x64
		{17B100E8-832D-4FE4-A14D-9BA6C5E99EEF}.Debug|x64.Build.0 = Debug|x64
		{17B100E8-832D-4FE4-A14D-9BA6C5E99EEF}.Debug|x86.ActiveCfg = Debug|x86
		{17B100E8-832D-4FE4-A14D-9BA6C5E99EEF}.Debug|x86.Build.0 = Debug|x86
		{17B100E8-832D-4FE4-A14D-9BA6C5E99EEF}.Release|Any CPU.ActiveCfg = Release|Any CPU
		{17B100E8-832D-4FE4-A14D-9BA6C5E99EEF}.Release|Any CPU.Build.0 = Release|Any CPU
		{17B100E8-832D-4FE4-A14D-9BA6C5E99EEF}.Release|Mixed Platforms.ActiveCfg = Release|Any CPU
		{17B100E8-832D-4FE4-A14D-9BA6C5E99EEF}.Release|Mixed Platforms.Build.0 = Release|Any CPU
		{17B100E8-832D-4FE4-A14D-9BA6C5E99EEF}.Release|x64.ActiveCfg = Release|x64
		{17B100E8-832D-4FE4-A14D-9BA6C5E99EEF}.Release|x64.Build.0 = Release|x64
		{17B100E8-832D-4FE4-A14D-9BA6C5E99EEF}.Release|x86.ActiveCfg = Release|x86
		{17B100E8-832D-4FE4-A14D-9BA6C5E99EEF}.Release|x86.Build.0 = Release|x86
		{929E3880-1CE1-415E-9BA9-B9E45C5002F0}.Debug|Any CPU.ActiveCfg = Debug|Any CPU
		{929E3880-1CE1-415E-9BA9-B9E45C5002F0}.Debug|Any CPU.Build.0 = Debug|Any CPU
		{929E3880-1CE1-415E-9BA9-B9E45C5002F0}.Debug|Mixed Platforms.ActiveCfg = Debug|Any CPU
		{929E3880-1CE1-415E-9BA9-B9E45C5002F0}.Debug|Mixed Platforms.Build.0 = Debug|Any CPU
		{929E3880-1CE1-415E-9BA9-B9E45C5002F0}.Debug|x64.ActiveCfg = Debug|x64
		{929E3880-1CE1-415E-9BA9-B9E45C5002F0}.Debug|x64.Build.0 = Debug|x64
		{929E3880-1CE1-415E-9BA9-B9E45C5002F0}.Debug|x86.ActiveCfg = Debug|x86
		{929E3880-1CE1-415E-9BA9-B9E45C5002F0}.Debug|x86.Build.0 = Debug|x86
		{929E3880-1CE1-415E-9BA9-B9E45C5002F0}.Release|Any CPU.ActiveCfg = Release|Any CPU
		{929E3880-1CE1-415E-9BA9-B9E45C5002F0}.Release|Any CPU.Build.0 = Release|Any CPU
		{929E3880-1CE1-415E-9BA9-B9E45C5002F0}.Release|Mixed Platforms.ActiveCfg = Release|Any CPU
		{929E3880-1CE1-415E-9BA9-B9E45C5002F0}.Release|Mixed Platforms.Build.0 = Release|Any CPU
		{929E3880-1CE1-415E-9BA9-B9E45C5002F0}.Release|x64.ActiveCfg = Release|x64
		{929E3880-1CE1-415E-9BA9-B9E45C5002F0}.Release|x64.Build.0 = Release|x64
		{929E3880-1CE1-415E-9BA9-B9E45C5002F0}.Release|x86.ActiveCfg = Release|x86
		{929E3880-1CE1-415E-9BA9-B9E45C5002F0}.Release|x86.Build.0 = Release|x86
		{C7078A8C-1368-44D6-8DC6-258A666D44B0}.Debug|Any CPU.ActiveCfg = Debug|Any CPU
		{C7078A8C-1368-44D6-8DC6-258A666D44B0}.Debug|Any CPU.Build.0 = Debug|Any CPU
		{C7078A8C-1368-44D6-8DC6-258A666D44B0}.Debug|Mixed Platforms.ActiveCfg = Debug|Any CPU
		{C7078A8C-1368-44D6-8DC6-258A666D44B0}.Debug|Mixed Platforms.Build.0 = Debug|Any CPU
		{C7078A8C-1368-44D6-8DC6-258A666D44B0}.Debug|x64.ActiveCfg = Debug|x64
		{C7078A8C-1368-44D6-8DC6-258A666D44B0}.Debug|x64.Build.0 = Debug|x64
		{C7078A8C-1368-44D6-8DC6-258A666D44B0}.Debug|x86.ActiveCfg = Debug|x86
		{C7078A8C-1368-44D6-8DC6-258A666D44B0}.Debug|x86.Build.0 = Debug|x86
		{C7078A8C-1368-44D6-8DC6-258A666D44B0}.Release|Any CPU.ActiveCfg = Release|Any CPU
		{C7078A8C-1368-44D6-8DC6-258A666D44B0}.Release|Any CPU.Build.0 = Release|Any CPU
		{C7078A8C-1368-44D6-8DC6-258A666D44B0}.Release|Mixed Platforms.ActiveCfg = Release|Any CPU
		{C7078A8C-1368-44D6-8DC6-258A666D44B0}.Release|Mixed Platforms.Build.0 = Release|Any CPU
		{C7078A8C-1368-44D6-8DC6-258A666D44B0}.Release|x64.ActiveCfg = Release|x64
		{C7078A8C-1368-44D6-8DC6-258A666D44B0}.Release|x64.Build.0 = Release|x64
		{C7078A8C-1368-44D6-8DC6-258A666D44B0}.Release|x86.ActiveCfg = Release|x86
		{C7078A8C-1368-44D6-8DC6-258A666D44B0}.Release|x86.Build.0 = Release|x86
		{04BFEDA7-26F8-475D-B781-A2935D05E50E}.Debug|Any CPU.ActiveCfg = Debug|Any CPU
		{04BFEDA7-26F8-475D-B781-A2935D05E50E}.Debug|Any CPU.Build.0 = Debug|Any CPU
		{04BFEDA7-26F8-475D-B781-A2935D05E50E}.Debug|Mixed Platforms.ActiveCfg = Debug|Any CPU
		{04BFEDA7-26F8-475D-B781-A2935D05E50E}.Debug|Mixed Platforms.Build.0 = Debug|Any CPU
		{04BFEDA7-26F8-475D-B781-A2935D05E50E}.Debug|x64.ActiveCfg = Debug|x64
		{04BFEDA7-26F8-475D-B781-A2935D05E50E}.Debug|x64.Build.0 = Debug|x64
		{04BFEDA7-26F8-475D-B781-A2935D05E50E}.Debug|x86.ActiveCfg = Debug|x86
		{04BFEDA7-26F8-475D-B781-A2935D05E50E}.Debug|x86.Build.0 = Debug|x86
		{04BFEDA7-26F8-475D-B781-A2935D05E50E}.Release|Any CPU.ActiveCfg = Release|Any CPU
		{04BFEDA7-26F8-475D-B781-A2935D05E50E}.Release|Any CPU.Build.0 = Release|Any CPU
		{04BFEDA7-26F8-475D-B781-A2935D05E50E}.Release|Mixed Platforms.ActiveCfg = Release|Any CPU
		{04BFEDA7-26F8-475D-B781-A2935D05E50E}.Release|Mixed Platforms.Build.0 = Release|Any CPU
		{04BFEDA7-26F8-475D-B781-A2935D05E50E}.Release|x64.ActiveCfg = Release|x64
		{04BFEDA7-26F8-475D-B781-A2935D05E50E}.Release|x64.Build.0 = Release|x64
		{04BFEDA7-26F8-475D-B781-A2935D05E50E}.Release|x86.ActiveCfg = Release|x86
		{04BFEDA7-26F8-475D-B781-A2935D05E50E}.Release|x86.Build.0 = Release|x86
		{BF8B1C6C-4834-4CDA-855F-7D30995E9A6D}.Debug|Any CPU.ActiveCfg = Debug|Any CPU
		{BF8B1C6C-4834-4CDA-855F-7D30995E9A6D}.Debug|Any CPU.Build.0 = Debug|Any CPU
		{BF8B1C6C-4834-4CDA-855F-7D30995E9A6D}.Debug|Mixed Platforms.ActiveCfg = Debug|Any CPU
		{BF8B1C6C-4834-4CDA-855F-7D30995E9A6D}.Debug|Mixed Platforms.Build.0 = Debug|Any CPU
		{BF8B1C6C-4834-4CDA-855F-7D30995E9A6D}.Debug|x64.ActiveCfg = Debug|Any CPU
		{BF8B1C6C-4834-4CDA-855F-7D30995E9A6D}.Debug|x86.ActiveCfg = Debug|Any CPU
		{BF8B1C6C-4834-4CDA-855F-7D30995E9A6D}.Release|Any CPU.ActiveCfg = Release|Any CPU
		{BF8B1C6C-4834-4CDA-855F-7D30995E9A6D}.Release|Any CPU.Build.0 = Release|Any CPU
		{BF8B1C6C-4834-4CDA-855F-7D30995E9A6D}.Release|Mixed Platforms.ActiveCfg = Release|Any CPU
		{BF8B1C6C-4834-4CDA-855F-7D30995E9A6D}.Release|Mixed Platforms.Build.0 = Release|Any CPU
		{BF8B1C6C-4834-4CDA-855F-7D30995E9A6D}.Release|x64.ActiveCfg = Release|Any CPU
		{BF8B1C6C-4834-4CDA-855F-7D30995E9A6D}.Release|x86.ActiveCfg = Release|Any CPU
		{CEFE27FD-ACBE-4347-85A6-59638D75A806}.Debug|Any CPU.ActiveCfg = Debug|Any CPU
		{CEFE27FD-ACBE-4347-85A6-59638D75A806}.Debug|Any CPU.Build.0 = Debug|Any CPU
		{CEFE27FD-ACBE-4347-85A6-59638D75A806}.Debug|Mixed Platforms.ActiveCfg = Debug|x86
		{CEFE27FD-ACBE-4347-85A6-59638D75A806}.Debug|Mixed Platforms.Build.0 = Debug|x86
		{CEFE27FD-ACBE-4347-85A6-59638D75A806}.Debug|x64.ActiveCfg = Debug|x64
		{CEFE27FD-ACBE-4347-85A6-59638D75A806}.Debug|x64.Build.0 = Debug|x64
		{CEFE27FD-ACBE-4347-85A6-59638D75A806}.Debug|x86.ActiveCfg = Debug|x86
		{CEFE27FD-ACBE-4347-85A6-59638D75A806}.Debug|x86.Build.0 = Debug|x86
		{CEFE27FD-ACBE-4347-85A6-59638D75A806}.Release|Any CPU.ActiveCfg = Release|Any CPU
		{CEFE27FD-ACBE-4347-85A6-59638D75A806}.Release|Any CPU.Build.0 = Release|Any CPU
		{CEFE27FD-ACBE-4347-85A6-59638D75A806}.Release|Mixed Platforms.ActiveCfg = Release|x86
		{CEFE27FD-ACBE-4347-85A6-59638D75A806}.Release|Mixed Platforms.Build.0 = Release|x86
		{CEFE27FD-ACBE-4347-85A6-59638D75A806}.Release|x64.ActiveCfg = Release|x64
		{CEFE27FD-ACBE-4347-85A6-59638D75A806}.Release|x64.Build.0 = Release|x64
		{CEFE27FD-ACBE-4347-85A6-59638D75A806}.Release|x86.ActiveCfg = Release|x86
		{CEFE27FD-ACBE-4347-85A6-59638D75A806}.Release|x86.Build.0 = Release|x86
	EndGlobalSection
	GlobalSection(SolutionProperties) = preSolution
		HideSolutionNode = FALSE
	EndGlobalSection
	GlobalSection(NestedProjects) = preSolution
		{22086451-A9A2-414C-8A81-5BE02FC5C8EE} = {7FCEB35B-927F-4581-9F37-58E526C149D1}
		{CE3F016E-67A4-4F08-8E0E-5493D8E305AC} = {7FCEB35B-927F-4581-9F37-58E526C149D1}
		{565258EC-AB19-460B-8433-15B204967334} = {7FCEB35B-927F-4581-9F37-58E526C149D1}
		{17B100E8-832D-4FE4-A14D-9BA6C5E99EEF} = {7FCEB35B-927F-4581-9F37-58E526C149D1}
		{929E3880-1CE1-415E-9BA9-B9E45C5002F0} = {7FCEB35B-927F-4581-9F37-58E526C149D1}
		{BF8B1C6C-4834-4CDA-855F-7D30995E9A6D} = {7FCEB35B-927F-4581-9F37-58E526C149D1}
		{CEFE27FD-ACBE-4347-85A6-59638D75A806} = {7FCEB35B-927F-4581-9F37-58E526C149D1}
		{BB6782C9-27D6-4196-AC82-ABB3D6339CA6} = {1236019C-AF52-4D2E-89C4-CDA4990F9D60}
		{B0B959E9-ABFF-4133-8CD6-36969CDD30DD} = {1236019C-AF52-4D2E-89C4-CDA4990F9D60}
		{B234AA10-6B31-4D66-92F0-919543DFB3E8} = {1236019C-AF52-4D2E-89C4-CDA4990F9D60}
		{C5398624-25D6-4EC8-A208-DE2237081799} = {1236019C-AF52-4D2E-89C4-CDA4990F9D60}
		{D5BD9DB9-5482-4548-91C0-F8014831765B} = {1236019C-AF52-4D2E-89C4-CDA4990F9D60}
		{C7078A8C-1368-44D6-8DC6-258A666D44B0} = {1236019C-AF52-4D2E-89C4-CDA4990F9D60}
		{04BFEDA7-26F8-475D-B781-A2935D05E50E} = {1236019C-AF52-4D2E-89C4-CDA4990F9D60}
	EndGlobalSection
EndGlobal
