
Microsoft Visual Studio Solution File, Format Version 10.00
# Visual Studio 2008
Project("{FAE04EC0-301F-11D3-BF4B-00C04F79EFBC}") = "ItemDB2SQL", "ItemDB2SQL.csproj", "{40347CD3-CF28-4B63-9441-6F67CE7BADAD}"
EndProject
Project("{FAE04EC0-301F-11D3-BF4B-00C04F79EFBC}") = "MobDB2SQL", "..\MobDB2SQL\MobDB2SQL.csproj", "{D69E96BF-9ADE-40D9-BF3D-79DCEBCFE139}"
EndProject
Global
	GlobalSection(SolutionConfigurationPlatforms) = preSolution
		Debug|Any CPU = Debug|Any CPU
		Release|Any CPU = Release|Any CPU
	EndGlobalSection
	GlobalSection(ProjectConfigurationPlatforms) = postSolution
		{40347CD3-CF28-4B63-9441-6F67CE7BADAD}.Debug|Any CPU.ActiveCfg = Debug|Any CPU
		{40347CD3-CF28-4B63-9441-6F67CE7BADAD}.Debug|Any CPU.Build.0 = Debug|Any CPU
		{40347CD3-CF28-4B63-9441-6F67CE7BADAD}.Release|Any CPU.ActiveCfg = Release|Any CPU
		{40347CD3-CF28-4B63-9441-6F67CE7BADAD}.Release|Any CPU.Build.0 = Release|Any CPU
		{D69E96BF-9ADE-40D9-BF3D-79DCEBCFE139}.Debug|Any CPU.ActiveCfg = Debug|Any CPU
		{D69E96BF-9ADE-40D9-BF3D-79DCEBCFE139}.Debug|Any CPU.Build.0 = Debug|Any CPU
		{D69E96BF-9ADE-40D9-BF3D-79DCEBCFE139}.Release|Any CPU.ActiveCfg = Release|Any CPU
		{D69E96BF-9ADE-40D9-BF3D-79DCEBCFE139}.Release|Any CPU.Build.0 = Release|Any CPU
	EndGlobalSection
	GlobalSection(SolutionProperties) = preSolution
		HideSolutionNode = FALSE
	EndGlobalSection
EndGlobal
