
Microsoft Visual Studio Solution File, Format Version 11.00
# Visual Studio 2010
Project("{8BC9CEB8-8B4A-11D0-8D11-00A0C91BC942}") = "Insanity", "Insanity\Insanity.vcxproj", "{659151C2-5FF2-4D6A-ABBA-D92EA70DCF4B}"
EndProject
Project("{8BC9CEB8-8B4A-11D0-8D11-00A0C91BC942}") = "detours", "detours\detours.vcxproj", "{473EE8A0-4F58-45E6-946F-4FD11DA610D9}"
EndProject
Project("{8BC9CEB8-8B4A-11D0-8D11-00A0C91BC942}") = "ToolPatcher", "ToolPatcher\patcher.vcxproj", "{29562170-FD30-4650-AAB3-620E4833BB64}"
EndProject
Project("{FAE04EC0-301F-11D3-BF4B-00C04F79EFBC}") = "Win32ToolPatcher", "Win32ToolPatcher\Win32ToolPatcher.csproj", "{B1875F85-6161-4F22-A508-96E887D46349}"
EndProject
Project("{FAE04EC0-301F-11D3-BF4B-00C04F79EFBC}") = "Insanity.Watcher", "Insanity.Watcher\Insanity.Watcher.csproj", "{232BD91A-297E-41E4-84F5-0BCA2B38A042}"
EndProject
Global
	GlobalSection(SolutionConfigurationPlatforms) = preSolution
		Debug|Any CPU = Debug|Any CPU
		Debug|Mixed Platforms = Debug|Mixed Platforms
		Debug|Win32 = Debug|Win32
		Debug|x86 = Debug|x86
		Release|Any CPU = Release|Any CPU
		Release|Mixed Platforms = Release|Mixed Platforms
		Release|Win32 = Release|Win32
		Release|x86 = Release|x86
	EndGlobalSection
	GlobalSection(ProjectConfigurationPlatforms) = postSolution
		{659151C2-5FF2-4D6A-ABBA-D92EA70DCF4B}.Debug|Any CPU.ActiveCfg = Debug|Win32
		{659151C2-5FF2-4D6A-ABBA-D92EA70DCF4B}.Debug|Mixed Platforms.ActiveCfg = Debug|Win32
		{659151C2-5FF2-4D6A-ABBA-D92EA70DCF4B}.Debug|Mixed Platforms.Build.0 = Debug|Win32
		{659151C2-5FF2-4D6A-ABBA-D92EA70DCF4B}.Debug|Win32.ActiveCfg = Debug|Win32
		{659151C2-5FF2-4D6A-ABBA-D92EA70DCF4B}.Debug|Win32.Build.0 = Debug|Win32
		{659151C2-5FF2-4D6A-ABBA-D92EA70DCF4B}.Debug|x86.ActiveCfg = Debug|Win32
		{659151C2-5FF2-4D6A-ABBA-D92EA70DCF4B}.Release|Any CPU.ActiveCfg = Release|Win32
		{659151C2-5FF2-4D6A-ABBA-D92EA70DCF4B}.Release|Mixed Platforms.ActiveCfg = Release|Win32
		{659151C2-5FF2-4D6A-ABBA-D92EA70DCF4B}.Release|Mixed Platforms.Build.0 = Release|Win32
		{659151C2-5FF2-4D6A-ABBA-D92EA70DCF4B}.Release|Win32.ActiveCfg = Release|Win32
		{659151C2-5FF2-4D6A-ABBA-D92EA70DCF4B}.Release|Win32.Build.0 = Release|Win32
		{659151C2-5FF2-4D6A-ABBA-D92EA70DCF4B}.Release|x86.ActiveCfg = Release|Win32
		{473EE8A0-4F58-45E6-946F-4FD11DA610D9}.Debug|Any CPU.ActiveCfg = Debug|Win32
		{473EE8A0-4F58-45E6-946F-4FD11DA610D9}.Debug|Mixed Platforms.ActiveCfg = Debug|Win32
		{473EE8A0-4F58-45E6-946F-4FD11DA610D9}.Debug|Mixed Platforms.Build.0 = Debug|Win32
		{473EE8A0-4F58-45E6-946F-4FD11DA610D9}.Debug|Win32.ActiveCfg = Debug|Win32
		{473EE8A0-4F58-45E6-946F-4FD11DA610D9}.Debug|Win32.Build.0 = Debug|Win32
		{473EE8A0-4F58-45E6-946F-4FD11DA610D9}.Debug|x86.ActiveCfg = Debug|Win32
		{473EE8A0-4F58-45E6-946F-4FD11DA610D9}.Release|Any CPU.ActiveCfg = Release|Win32
		{473EE8A0-4F58-45E6-946F-4FD11DA610D9}.Release|Mixed Platforms.ActiveCfg = Release|Win32
		{473EE8A0-4F58-45E6-946F-4FD11DA610D9}.Release|Mixed Platforms.Build.0 = Release|Win32
		{473EE8A0-4F58-45E6-946F-4FD11DA610D9}.Release|Win32.ActiveCfg = Release|Win32
		{473EE8A0-4F58-45E6-946F-4FD11DA610D9}.Release|Win32.Build.0 = Release|Win32
		{473EE8A0-4F58-45E6-946F-4FD11DA610D9}.Release|x86.ActiveCfg = Release|Win32
		{29562170-FD30-4650-AAB3-620E4833BB64}.Debug|Any CPU.ActiveCfg = Debug|Win32
		{29562170-FD30-4650-AAB3-620E4833BB64}.Debug|Mixed Platforms.ActiveCfg = Debug|Win32
		{29562170-FD30-4650-AAB3-620E4833BB64}.Debug|Mixed Platforms.Build.0 = Debug|Win32
		{29562170-FD30-4650-AAB3-620E4833BB64}.Debug|Win32.ActiveCfg = Debug|Win32
		{29562170-FD30-4650-AAB3-620E4833BB64}.Debug|Win32.Build.0 = Debug|Win32
		{29562170-FD30-4650-AAB3-620E4833BB64}.Debug|x86.ActiveCfg = Debug|Win32
		{29562170-FD30-4650-AAB3-620E4833BB64}.Release|Any CPU.ActiveCfg = Release|Win32
		{29562170-FD30-4650-AAB3-620E4833BB64}.Release|Mixed Platforms.ActiveCfg = Release|Win32
		{29562170-FD30-4650-AAB3-620E4833BB64}.Release|Mixed Platforms.Build.0 = Release|Win32
		{29562170-FD30-4650-AAB3-620E4833BB64}.Release|Win32.ActiveCfg = Release|Win32
		{29562170-FD30-4650-AAB3-620E4833BB64}.Release|Win32.Build.0 = Release|Win32
		{29562170-FD30-4650-AAB3-620E4833BB64}.Release|x86.ActiveCfg = Release|Win32
		{B1875F85-6161-4F22-A508-96E887D46349}.Debug|Any CPU.ActiveCfg = Debug|Any CPU
		{B1875F85-6161-4F22-A508-96E887D46349}.Debug|Any CPU.Build.0 = Debug|Any CPU
		{B1875F85-6161-4F22-A508-96E887D46349}.Debug|Mixed Platforms.ActiveCfg = Debug|Any CPU
		{B1875F85-6161-4F22-A508-96E887D46349}.Debug|Mixed Platforms.Build.0 = Debug|Any CPU
		{B1875F85-6161-4F22-A508-96E887D46349}.Debug|Win32.ActiveCfg = Debug|Any CPU
		{B1875F85-6161-4F22-A508-96E887D46349}.Debug|x86.ActiveCfg = Debug|Any CPU
		{B1875F85-6161-4F22-A508-96E887D46349}.Release|Any CPU.ActiveCfg = Release|Any CPU
		{B1875F85-6161-4F22-A508-96E887D46349}.Release|Any CPU.Build.0 = Release|Any CPU
		{B1875F85-6161-4F22-A508-96E887D46349}.Release|Mixed Platforms.ActiveCfg = Release|Any CPU
		{B1875F85-6161-4F22-A508-96E887D46349}.Release|Mixed Platforms.Build.0 = Release|Any CPU
		{B1875F85-6161-4F22-A508-96E887D46349}.Release|Win32.ActiveCfg = Release|Any CPU
		{B1875F85-6161-4F22-A508-96E887D46349}.Release|x86.ActiveCfg = Release|Any CPU
		{232BD91A-297E-41E4-84F5-0BCA2B38A042}.Debug|Any CPU.ActiveCfg = Debug|x86
		{232BD91A-297E-41E4-84F5-0BCA2B38A042}.Debug|Mixed Platforms.ActiveCfg = Debug|x86
		{232BD91A-297E-41E4-84F5-0BCA2B38A042}.Debug|Mixed Platforms.Build.0 = Debug|x86
		{232BD91A-297E-41E4-84F5-0BCA2B38A042}.Debug|Win32.ActiveCfg = Debug|x86
		{232BD91A-297E-41E4-84F5-0BCA2B38A042}.Debug|x86.ActiveCfg = Debug|x86
		{232BD91A-297E-41E4-84F5-0BCA2B38A042}.Debug|x86.Build.0 = Debug|x86
		{232BD91A-297E-41E4-84F5-0BCA2B38A042}.Release|Any CPU.ActiveCfg = Release|x86
		{232BD91A-297E-41E4-84F5-0BCA2B38A042}.Release|Mixed Platforms.ActiveCfg = Release|x86
		{232BD91A-297E-41E4-84F5-0BCA2B38A042}.Release|Mixed Platforms.Build.0 = Release|x86
		{232BD91A-297E-41E4-84F5-0BCA2B38A042}.Release|Win32.ActiveCfg = Release|x86
		{232BD91A-297E-41E4-84F5-0BCA2B38A042}.Release|x86.ActiveCfg = Release|x86
		{232BD91A-297E-41E4-84F5-0BCA2B38A042}.Release|x86.Build.0 = Release|x86
	EndGlobalSection
	GlobalSection(SolutionProperties) = preSolution
		HideSolutionNode = FALSE
	EndGlobalSection
EndGlobal
