
Microsoft Visual Studio Solution File, Format Version 10.00
# Visual Studio 2008
Project("{FAE04EC0-301F-11D3-BF4B-00C04F79EFBC}") = "MinimapCopy", "MinimapCopy.csproj", "{94D446F6-9430-4D30-AF56-D6F66EB45AB6}"
EndProject
Global
	GlobalSection(SolutionConfigurationPlatforms) = preSolution
		Debug|Any CPU = Debug|Any CPU
		Release|Any CPU = Release|Any CPU
	EndGlobalSection
	GlobalSection(ProjectConfigurationPlatforms) = postSolution
		{94D446F6-9430-4D30-AF56-D6F66EB45AB6}.Debug|Any CPU.ActiveCfg = Debug|Any CPU
		{94D446F6-9430-4D30-AF56-D6F66EB45AB6}.Debug|Any CPU.Build.0 = Debug|Any CPU
		{94D446F6-9430-4D30-AF56-D6F66EB45AB6}.Release|Any CPU.ActiveCfg = Release|Any CPU
		{94D446F6-9430-4D30-AF56-D6F66EB45AB6}.Release|Any CPU.Build.0 = Release|Any CPU
	EndGlobalSection
	GlobalSection(SolutionProperties) = preSolution
		HideSolutionNode = FALSE
	EndGlobalSection
EndGlobal
