
Microsoft Visual Studio Solution File, Format Version 12.00
# Visual Studio 2012
Project("{2150E333-8FDC-42A3-9474-1A3956D46DE8}") = "Editoren", "Editoren", "{85BA9DC7-5B21-436A-89AC-A0DE8DED69ED}"
EndProject
Project("{2150E333-8FDC-42A3-9474-1A3956D46DE8}") = "Engine", "Engine", "{378F303C-71EE-44A6-A723-88F885464994}"
EndProject
Project("{2150E333-8FDC-42A3-9474-1A3956D46DE8}") = "3rd Party Tools", "3rd Party Tools", "{16C66891-D4FE-4B7D-9C8C-F28AF059E58E}"
EndProject
Project("{FAE04EC0-301F-11D3-BF4B-00C04F79EFBC}") = "FreeWorld.Game", "FreeWorld.Game\FreeWorld.Game.csproj", "{AE4AB581-85A0-461E-8F26-5AC422E88A48}"
EndProject
Project("{FAE04EC0-301F-11D3-BF4B-00C04F79EFBC}") = "FreeWorld.Engine", "FreeWorld.Engine\FreeWorld.Engine.csproj", "{10951B4C-B09E-4F4C-8A92-5121B53D3704}"
EndProject
Project("{FAE04EC0-301F-11D3-BF4B-00C04F79EFBC}") = "FreeWorld.Editor.Animation", "FreeWorld.Editor.Animation\FreeWorld.Editor.Animation.csproj", "{FFA976A6-B592-4FF9-82D5-1FBCF468F701}"
EndProject
Project("{FAE04EC0-301F-11D3-BF4B-00C04F79EFBC}") = "FreeWorld.Engine.PipelineExtension", "FreeWorld.Engine.PipelineExtension\FreeWorld.Engine.PipelineExtension.csproj", "{E03D7482-3595-48CC-ACD9-14A803CE74D3}"
EndProject
Project("{FAE04EC0-301F-11D3-BF4B-00C04F79EFBC}") = "FreeWorld.Engine.Content", "FreeWorld.Engine\Content\FreeWorld.Engine.Content.contentproj", "{F336DFEE-46C9-4F2F-8ED4-56A43919B74C}"
EndProject
Project("{FAE04EC0-301F-11D3-BF4B-00C04F79EFBC}") = "FreeWorld.Game.Content", "FreeWorld.Game\Content\FreeWorld.Game.Content.contentproj", "{659C0C8E-72D7-4658-A6B4-CDF5D447B588}"
EndProject
Project("{FAE04EC0-301F-11D3-BF4B-00C04F79EFBC}") = "GodLesZ.Library.BlubbZip", "..\..\GodLesZ\GodLesZ.Library.BlubbZip\GodLesZ.Library.BlubbZip.csproj", "{929E3880-1CE1-415E-9BA9-B9E45C5002F0}"
EndProject
Project("{FAE04EC0-301F-11D3-BF4B-00C04F79EFBC}") = "GodLesZ.Library.Xna.ScreenSystem", "..\..\GodLesZ\GodLesZ.Library.XNA.ScreenSystem\GodLesZ.Library.Xna.ScreenSystem.csproj", "{D5BCFABA-A4D3-4F0D-B668-C63C20449457}"
EndProject
Project("{FAE04EC0-301F-11D3-BF4B-00C04F79EFBC}") = "GodLesZ.Library", "..\..\GodLesZ\GodLesZ.Library\GodLesZ.Library.csproj", "{22086451-A9A2-414C-8A81-5BE02FC5C8EE}"
EndProject
Project("{FAE04EC0-301F-11D3-BF4B-00C04F79EFBC}") = "FreeWorld.Game.UiTest", "FreeWorld.Game.UiTest\FreeWorld.Game.UiTest\FreeWorld.Game.UiTest.csproj", "{FD10BE5B-E3AE-46B7-8D66-71E2854C3142}"
EndProject
Project("{FAE04EC0-301F-11D3-BF4B-00C04F79EFBC}") = "FreeWorld.Game.UiTestContent", "FreeWorld.Game.UiTest\FreeWorld.Game.UiTestContent\FreeWorld.Game.UiTestContent.contentproj", "{3BA74CEF-1BB7-4211-8BFA-FF2C91C4ACC0}"
EndProject
Project("{FAE04EC0-301F-11D3-BF4B-00C04F79EFBC}") = "GodLesZ.Library.Xna", "..\..\GodLesZ\GodLesZ.Library.Xna\GodLesZ.Library.Xna.csproj", "{CEFE27FD-ACBE-4347-85A6-59638D75A806}"
EndProject
Project("{2150E333-8FDC-42A3-9474-1A3956D46DE8}") = "Content", "Content", "{3F38A217-45A2-4798-851F-0ED7BC422CF7}"
EndProject
Project("{FAE04EC0-301F-11D3-BF4B-00C04F79EFBC}") = "FreeWorld.Editor.Map", "FreeWorld.Editor.Map\FreeWorld.Editor.Map.csproj", "{DE2A7124-C9DC-4529-B51E-FCB3B31CED79}"
EndProject
Project("{2150E333-8FDC-42A3-9474-1A3956D46DE8}") = "Server", "Server", "{255B314A-EA38-4DE6-B6D2-57369BBE1773}"
EndProject
Project("{FAE04EC0-301F-11D3-BF4B-00C04F79EFBC}") = "FreeWorld.Server", "FreeWorld.Server\FreeWorld.Server.csproj", "{20326E57-37AE-4D3B-90F8-2B396011F1C0}"
EndProject
Project("{FAE04EC0-301F-11D3-BF4B-00C04F79EFBC}") = "FreeWorld.Server.Shared", "FreeWorld.Server.Shared\FreeWorld.Server.Shared.csproj", "{2EC8F5D6-94CC-43F4-AAC8-067A68604741}"
EndProject
Global
	GlobalSection(SolutionConfigurationPlatforms) = preSolution
		Debug|Any CPU = Debug|Any CPU
		Debug|Mixed Platforms = Debug|Mixed Platforms
		Debug|x64 = Debug|x64
		Debug|x86 = Debug|x86
		Debug|Xbox 360 = Debug|Xbox 360
		Debug|Zune = Debug|Zune
		Release|Any CPU = Release|Any CPU
		Release|Mixed Platforms = Release|Mixed Platforms
		Release|x64 = Release|x64
		Release|x86 = Release|x86
		Release|Xbox 360 = Release|Xbox 360
		Release|Zune = Release|Zune
	EndGlobalSection
	GlobalSection(ProjectConfigurationPlatforms) = postSolution
		{AE4AB581-85A0-461E-8F26-5AC422E88A48}.Debug|Any CPU.ActiveCfg = Debug|x86
		{AE4AB581-85A0-461E-8F26-5AC422E88A48}.Debug|Any CPU.Build.0 = Debug|x86
		{AE4AB581-85A0-461E-8F26-5AC422E88A48}.Debug|Mixed Platforms.ActiveCfg = Debug|x86
		{AE4AB581-85A0-461E-8F26-5AC422E88A48}.Debug|Mixed Platforms.Build.0 = Debug|x86
		{AE4AB581-85A0-461E-8F26-5AC422E88A48}.Debug|x64.ActiveCfg = Debug|x86
		{AE4AB581-85A0-461E-8F26-5AC422E88A48}.Debug|x64.Build.0 = Debug|x86
		{AE4AB581-85A0-461E-8F26-5AC422E88A48}.Debug|x86.ActiveCfg = Debug|x86
		{AE4AB581-85A0-461E-8F26-5AC422E88A48}.Debug|x86.Build.0 = Debug|x86
		{AE4AB581-85A0-461E-8F26-5AC422E88A48}.Debug|Xbox 360.ActiveCfg = Debug|x86
		{AE4AB581-85A0-461E-8F26-5AC422E88A48}.Debug|Zune.ActiveCfg = Debug|x86
		{AE4AB581-85A0-461E-8F26-5AC422E88A48}.Release|Any CPU.ActiveCfg = Release|x86
		{AE4AB581-85A0-461E-8F26-5AC422E88A48}.Release|Mixed Platforms.ActiveCfg = Release|x86
		{AE4AB581-85A0-461E-8F26-5AC422E88A48}.Release|Mixed Platforms.Build.0 = Release|x86
		{AE4AB581-85A0-461E-8F26-5AC422E88A48}.Release|x64.ActiveCfg = Release|x86
		{AE4AB581-85A0-461E-8F26-5AC422E88A48}.Release|x86.ActiveCfg = Release|x86
		{AE4AB581-85A0-461E-8F26-5AC422E88A48}.Release|x86.Build.0 = Release|x86
		{AE4AB581-85A0-461E-8F26-5AC422E88A48}.Release|Xbox 360.ActiveCfg = Release|x86
		{AE4AB581-85A0-461E-8F26-5AC422E88A48}.Release|Zune.ActiveCfg = Release|x86
		{10951B4C-B09E-4F4C-8A92-5121B53D3704}.Debug|Any CPU.ActiveCfg = Debug|x86
		{10951B4C-B09E-4F4C-8A92-5121B53D3704}.Debug|Any CPU.Build.0 = Debug|x86
		{10951B4C-B09E-4F4C-8A92-5121B53D3704}.Debug|Mixed Platforms.ActiveCfg = Debug|x86
		{10951B4C-B09E-4F4C-8A92-5121B53D3704}.Debug|Mixed Platforms.Build.0 = Debug|x86
		{10951B4C-B09E-4F4C-8A92-5121B53D3704}.Debug|x64.ActiveCfg = Debug|x86
		{10951B4C-B09E-4F4C-8A92-5121B53D3704}.Debug|x64.Build.0 = Debug|x86
		{10951B4C-B09E-4F4C-8A92-5121B53D3704}.Debug|x86.ActiveCfg = Debug|x86
		{10951B4C-B09E-4F4C-8A92-5121B53D3704}.Debug|x86.Build.0 = Debug|x86
		{10951B4C-B09E-4F4C-8A92-5121B53D3704}.Debug|Xbox 360.ActiveCfg = Debug|x86
		{10951B4C-B09E-4F4C-8A92-5121B53D3704}.Debug|Zune.ActiveCfg = Debug|x86
		{10951B4C-B09E-4F4C-8A92-5121B53D3704}.Release|Any CPU.ActiveCfg = Release|x86
		{10951B4C-B09E-4F4C-8A92-5121B53D3704}.Release|Mixed Platforms.ActiveCfg = Release|x86
		{10951B4C-B09E-4F4C-8A92-5121B53D3704}.Release|Mixed Platforms.Build.0 = Release|x86
		{10951B4C-B09E-4F4C-8A92-5121B53D3704}.Release|x64.ActiveCfg = Release|x86
		{10951B4C-B09E-4F4C-8A92-5121B53D3704}.Release|x86.ActiveCfg = Release|x86
		{10951B4C-B09E-4F4C-8A92-5121B53D3704}.Release|x86.Build.0 = Release|x86
		{10951B4C-B09E-4F4C-8A92-5121B53D3704}.Release|Xbox 360.ActiveCfg = Release|x86
		{10951B4C-B09E-4F4C-8A92-5121B53D3704}.Release|Zune.ActiveCfg = Release|x86
		{FFA976A6-B592-4FF9-82D5-1FBCF468F701}.Debug|Any CPU.ActiveCfg = Debug|Any CPU
		{FFA976A6-B592-4FF9-82D5-1FBCF468F701}.Debug|Any CPU.Build.0 = Debug|Any CPU
		{FFA976A6-B592-4FF9-82D5-1FBCF468F701}.Debug|Mixed Platforms.ActiveCfg = Debug|x86
		{FFA976A6-B592-4FF9-82D5-1FBCF468F701}.Debug|Mixed Platforms.Build.0 = Debug|x86
		{FFA976A6-B592-4FF9-82D5-1FBCF468F701}.Debug|x64.ActiveCfg = Debug|Any CPU
		{FFA976A6-B592-4FF9-82D5-1FBCF468F701}.Debug|x64.Build.0 = Debug|Any CPU
		{FFA976A6-B592-4FF9-82D5-1FBCF468F701}.Debug|x86.ActiveCfg = Debug|x86
		{FFA976A6-B592-4FF9-82D5-1FBCF468F701}.Debug|x86.Build.0 = Debug|x86
		{FFA976A6-B592-4FF9-82D5-1FBCF468F701}.Debug|Xbox 360.ActiveCfg = Debug|Any CPU
		{FFA976A6-B592-4FF9-82D5-1FBCF468F701}.Debug|Xbox 360.Build.0 = Debug|Any CPU
		{FFA976A6-B592-4FF9-82D5-1FBCF468F701}.Debug|Zune.ActiveCfg = Debug|Any CPU
		{FFA976A6-B592-4FF9-82D5-1FBCF468F701}.Debug|Zune.Build.0 = Debug|Any CPU
		{FFA976A6-B592-4FF9-82D5-1FBCF468F701}.Release|Any CPU.ActiveCfg = Release|Any CPU
		{FFA976A6-B592-4FF9-82D5-1FBCF468F701}.Release|Any CPU.Build.0 = Release|Any CPU
		{FFA976A6-B592-4FF9-82D5-1FBCF468F701}.Release|Mixed Platforms.ActiveCfg = Release|Any CPU
		{FFA976A6-B592-4FF9-82D5-1FBCF468F701}.Release|Mixed Platforms.Build.0 = Release|Any CPU
		{FFA976A6-B592-4FF9-82D5-1FBCF468F701}.Release|x64.ActiveCfg = Release|Any CPU
		{FFA976A6-B592-4FF9-82D5-1FBCF468F701}.Release|x64.Build.0 = Release|Any CPU
		{FFA976A6-B592-4FF9-82D5-1FBCF468F701}.Release|x86.ActiveCfg = Release|Any CPU
		{FFA976A6-B592-4FF9-82D5-1FBCF468F701}.Release|x86.Build.0 = Release|Any CPU
		{FFA976A6-B592-4FF9-82D5-1FBCF468F701}.Release|Xbox 360.ActiveCfg = Release|Any CPU
		{FFA976A6-B592-4FF9-82D5-1FBCF468F701}.Release|Xbox 360.Build.0 = Release|Any CPU
		{FFA976A6-B592-4FF9-82D5-1FBCF468F701}.Release|Zune.ActiveCfg = Release|Any CPU
		{FFA976A6-B592-4FF9-82D5-1FBCF468F701}.Release|Zune.Build.0 = Release|Any CPU
		{E03D7482-3595-48CC-ACD9-14A803CE74D3}.Debug|Any CPU.ActiveCfg = Debug|x86
		{E03D7482-3595-48CC-ACD9-14A803CE74D3}.Debug|Any CPU.Build.0 = Debug|x86
		{E03D7482-3595-48CC-ACD9-14A803CE74D3}.Debug|Mixed Platforms.ActiveCfg = Debug|x86
		{E03D7482-3595-48CC-ACD9-14A803CE74D3}.Debug|Mixed Platforms.Build.0 = Debug|x86
		{E03D7482-3595-48CC-ACD9-14A803CE74D3}.Debug|x64.ActiveCfg = Debug|x86
		{E03D7482-3595-48CC-ACD9-14A803CE74D3}.Debug|x64.Build.0 = Debug|x86
		{E03D7482-3595-48CC-ACD9-14A803CE74D3}.Debug|x86.ActiveCfg = Debug|x86
		{E03D7482-3595-48CC-ACD9-14A803CE74D3}.Debug|x86.Build.0 = Debug|x86
		{E03D7482-3595-48CC-ACD9-14A803CE74D3}.Debug|Xbox 360.ActiveCfg = Debug|Xbox 360
		{E03D7482-3595-48CC-ACD9-14A803CE74D3}.Debug|Xbox 360.Build.0 = Debug|Xbox 360
		{E03D7482-3595-48CC-ACD9-14A803CE74D3}.Debug|Zune.ActiveCfg = Debug|Zune
		{E03D7482-3595-48CC-ACD9-14A803CE74D3}.Debug|Zune.Build.0 = Debug|Zune
		{E03D7482-3595-48CC-ACD9-14A803CE74D3}.Release|Any CPU.ActiveCfg = Release|Zune
		{E03D7482-3595-48CC-ACD9-14A803CE74D3}.Release|Any CPU.Build.0 = Release|Zune
		{E03D7482-3595-48CC-ACD9-14A803CE74D3}.Release|Mixed Platforms.ActiveCfg = Release|Zune
		{E03D7482-3595-48CC-ACD9-14A803CE74D3}.Release|Mixed Platforms.Build.0 = Release|Zune
		{E03D7482-3595-48CC-ACD9-14A803CE74D3}.Release|x64.ActiveCfg = Release|x86
		{E03D7482-3595-48CC-ACD9-14A803CE74D3}.Release|x64.Build.0 = Release|x86
		{E03D7482-3595-48CC-ACD9-14A803CE74D3}.Release|x86.ActiveCfg = Release|x86
		{E03D7482-3595-48CC-ACD9-14A803CE74D3}.Release|x86.Build.0 = Release|x86
		{E03D7482-3595-48CC-ACD9-14A803CE74D3}.Release|Xbox 360.ActiveCfg = Release|Xbox 360
		{E03D7482-3595-48CC-ACD9-14A803CE74D3}.Release|Xbox 360.Build.0 = Release|Xbox 360
		{E03D7482-3595-48CC-ACD9-14A803CE74D3}.Release|Zune.ActiveCfg = Release|Zune
		{E03D7482-3595-48CC-ACD9-14A803CE74D3}.Release|Zune.Build.0 = Release|Zune
		{F336DFEE-46C9-4F2F-8ED4-56A43919B74C}.Debug|Any CPU.ActiveCfg = Debug|x86
		{F336DFEE-46C9-4F2F-8ED4-56A43919B74C}.Debug|Mixed Platforms.ActiveCfg = Debug|x86
		{F336DFEE-46C9-4F2F-8ED4-56A43919B74C}.Debug|x64.ActiveCfg = Debug|x86
		{F336DFEE-46C9-4F2F-8ED4-56A43919B74C}.Debug|x86.ActiveCfg = Debug|x86
		{F336DFEE-46C9-4F2F-8ED4-56A43919B74C}.Debug|Xbox 360.ActiveCfg = Debug|x86
		{F336DFEE-46C9-4F2F-8ED4-56A43919B74C}.Debug|Zune.ActiveCfg = Debug|x86
		{F336DFEE-46C9-4F2F-8ED4-56A43919B74C}.Release|Any CPU.ActiveCfg = Release|x86
		{F336DFEE-46C9-4F2F-8ED4-56A43919B74C}.Release|Mixed Platforms.ActiveCfg = Release|x86
		{F336DFEE-46C9-4F2F-8ED4-56A43919B74C}.Release|x64.ActiveCfg = Release|x86
		{F336DFEE-46C9-4F2F-8ED4-56A43919B74C}.Release|x86.ActiveCfg = Release|x86
		{F336DFEE-46C9-4F2F-8ED4-56A43919B74C}.Release|Xbox 360.ActiveCfg = Release|x86
		{F336DFEE-46C9-4F2F-8ED4-56A43919B74C}.Release|Zune.ActiveCfg = Release|x86
		{659C0C8E-72D7-4658-A6B4-CDF5D447B588}.Debug|Any CPU.ActiveCfg = Debug|x86
		{659C0C8E-72D7-4658-A6B4-CDF5D447B588}.Debug|Mixed Platforms.ActiveCfg = Debug|x86
		{659C0C8E-72D7-4658-A6B4-CDF5D447B588}.Debug|x64.ActiveCfg = Debug|x86
		{659C0C8E-72D7-4658-A6B4-CDF5D447B588}.Debug|x86.ActiveCfg = Debug|x86
		{659C0C8E-72D7-4658-A6B4-CDF5D447B588}.Debug|Xbox 360.ActiveCfg = Debug|x86
		{659C0C8E-72D7-4658-A6B4-CDF5D447B588}.Debug|Zune.ActiveCfg = Debug|x86
		{659C0C8E-72D7-4658-A6B4-CDF5D447B588}.Release|Any CPU.ActiveCfg = Release|x86
		{659C0C8E-72D7-4658-A6B4-CDF5D447B588}.Release|Mixed Platforms.ActiveCfg = Release|x86
		{659C0C8E-72D7-4658-A6B4-CDF5D447B588}.Release|x64.ActiveCfg = Release|x86
		{659C0C8E-72D7-4658-A6B4-CDF5D447B588}.Release|x86.ActiveCfg = Release|x86
		{659C0C8E-72D7-4658-A6B4-CDF5D447B588}.Release|Xbox 360.ActiveCfg = Release|x86
		{659C0C8E-72D7-4658-A6B4-CDF5D447B588}.Release|Zune.ActiveCfg = Release|x86
		{929E3880-1CE1-415E-9BA9-B9E45C5002F0}.Debug|Any CPU.ActiveCfg = Debug|Any CPU
		{929E3880-1CE1-415E-9BA9-B9E45C5002F0}.Debug|Any CPU.Build.0 = Debug|Any CPU
		{929E3880-1CE1-415E-9BA9-B9E45C5002F0}.Debug|Mixed Platforms.ActiveCfg = Debug|x86
		{929E3880-1CE1-415E-9BA9-B9E45C5002F0}.Debug|Mixed Platforms.Build.0 = Debug|x86
		{929E3880-1CE1-415E-9BA9-B9E45C5002F0}.Debug|x64.ActiveCfg = Debug|x64
		{929E3880-1CE1-415E-9BA9-B9E45C5002F0}.Debug|x64.Build.0 = Debug|x64
		{929E3880-1CE1-415E-9BA9-B9E45C5002F0}.Debug|x86.ActiveCfg = Debug|x86
		{929E3880-1CE1-415E-9BA9-B9E45C5002F0}.Debug|x86.Build.0 = Debug|x86
		{929E3880-1CE1-415E-9BA9-B9E45C5002F0}.Debug|Xbox 360.ActiveCfg = Debug|Any CPU
		{929E3880-1CE1-415E-9BA9-B9E45C5002F0}.Debug|Zune.ActiveCfg = Debug|Any CPU
		{929E3880-1CE1-415E-9BA9-B9E45C5002F0}.Release|Any CPU.ActiveCfg = Release|Any CPU
		{929E3880-1CE1-415E-9BA9-B9E45C5002F0}.Release|Any CPU.Build.0 = Release|Any CPU
		{929E3880-1CE1-415E-9BA9-B9E45C5002F0}.Release|Mixed Platforms.ActiveCfg = Release|Any CPU
		{929E3880-1CE1-415E-9BA9-B9E45C5002F0}.Release|Mixed Platforms.Build.0 = Release|Any CPU
		{929E3880-1CE1-415E-9BA9-B9E45C5002F0}.Release|x64.ActiveCfg = Release|x64
		{929E3880-1CE1-415E-9BA9-B9E45C5002F0}.Release|x64.Build.0 = Release|x64
		{929E3880-1CE1-415E-9BA9-B9E45C5002F0}.Release|x86.ActiveCfg = Release|Any CPU
		{929E3880-1CE1-415E-9BA9-B9E45C5002F0}.Release|Xbox 360.ActiveCfg = Release|Any CPU
		{929E3880-1CE1-415E-9BA9-B9E45C5002F0}.Release|Zune.ActiveCfg = Release|Any CPU
		{D5BCFABA-A4D3-4F0D-B668-C63C20449457}.Debug|Any CPU.ActiveCfg = Debug|x86
		{D5BCFABA-A4D3-4F0D-B668-C63C20449457}.Debug|Any CPU.Build.0 = Debug|x86
		{D5BCFABA-A4D3-4F0D-B668-C63C20449457}.Debug|Mixed Platforms.ActiveCfg = Debug|x86
		{D5BCFABA-A4D3-4F0D-B668-C63C20449457}.Debug|Mixed Platforms.Build.0 = Debug|x86
		{D5BCFABA-A4D3-4F0D-B668-C63C20449457}.Debug|x64.ActiveCfg = Debug|x86
		{D5BCFABA-A4D3-4F0D-B668-C63C20449457}.Debug|x64.Build.0 = Debug|x86
		{D5BCFABA-A4D3-4F0D-B668-C63C20449457}.Debug|x86.ActiveCfg = Debug|x86
		{D5BCFABA-A4D3-4F0D-B668-C63C20449457}.Debug|x86.Build.0 = Debug|x86
		{D5BCFABA-A4D3-4F0D-B668-C63C20449457}.Debug|Xbox 360.ActiveCfg = Debug|x86
		{D5BCFABA-A4D3-4F0D-B668-C63C20449457}.Debug|Zune.ActiveCfg = Debug|x86
		{D5BCFABA-A4D3-4F0D-B668-C63C20449457}.Release|Any CPU.ActiveCfg = Release|x86
		{D5BCFABA-A4D3-4F0D-B668-C63C20449457}.Release|Mixed Platforms.ActiveCfg = Release|x86
		{D5BCFABA-A4D3-4F0D-B668-C63C20449457}.Release|Mixed Platforms.Build.0 = Release|x86
		{D5BCFABA-A4D3-4F0D-B668-C63C20449457}.Release|x64.ActiveCfg = Release|x86
		{D5BCFABA-A4D3-4F0D-B668-C63C20449457}.Release|x86.ActiveCfg = Release|x86
		{D5BCFABA-A4D3-4F0D-B668-C63C20449457}.Release|x86.Build.0 = Release|x86
		{D5BCFABA-A4D3-4F0D-B668-C63C20449457}.Release|Xbox 360.ActiveCfg = Release|x86
		{D5BCFABA-A4D3-4F0D-B668-C63C20449457}.Release|Zune.ActiveCfg = Release|x86
		{22086451-A9A2-414C-8A81-5BE02FC5C8EE}.Debug|Any CPU.ActiveCfg = Debug|Any CPU
		{22086451-A9A2-414C-8A81-5BE02FC5C8EE}.Debug|Any CPU.Build.0 = Debug|Any CPU
		{22086451-A9A2-414C-8A81-5BE02FC5C8EE}.Debug|Mixed Platforms.ActiveCfg = Debug|x86
		{22086451-A9A2-414C-8A81-5BE02FC5C8EE}.Debug|Mixed Platforms.Build.0 = Debug|x86
		{22086451-A9A2-414C-8A81-5BE02FC5C8EE}.Debug|x64.ActiveCfg = Debug|x64
		{22086451-A9A2-414C-8A81-5BE02FC5C8EE}.Debug|x64.Build.0 = Debug|x64
		{22086451-A9A2-414C-8A81-5BE02FC5C8EE}.Debug|x86.ActiveCfg = Debug|x86
		{22086451-A9A2-414C-8A81-5BE02FC5C8EE}.Debug|x86.Build.0 = Debug|x86
		{22086451-A9A2-414C-8A81-5BE02FC5C8EE}.Debug|Xbox 360.ActiveCfg = Debug|Any CPU
		{22086451-A9A2-414C-8A81-5BE02FC5C8EE}.Debug|Zune.ActiveCfg = Debug|Any CPU
		{22086451-A9A2-414C-8A81-5BE02FC5C8EE}.Release|Any CPU.ActiveCfg = Release|Any CPU
		{22086451-A9A2-414C-8A81-5BE02FC5C8EE}.Release|Any CPU.Build.0 = Release|Any CPU
		{22086451-A9A2-414C-8A81-5BE02FC5C8EE}.Release|Mixed Platforms.ActiveCfg = Release|x86
		{22086451-A9A2-414C-8A81-5BE02FC5C8EE}.Release|Mixed Platforms.Build.0 = Release|x86
		{22086451-A9A2-414C-8A81-5BE02FC5C8EE}.Release|x64.ActiveCfg = Release|x64
		{22086451-A9A2-414C-8A81-5BE02FC5C8EE}.Release|x64.Build.0 = Release|x64
		{22086451-A9A2-414C-8A81-5BE02FC5C8EE}.Release|x86.ActiveCfg = Release|x86
		{22086451-A9A2-414C-8A81-5BE02FC5C8EE}.Release|x86.Build.0 = Release|x86
		{22086451-A9A2-414C-8A81-5BE02FC5C8EE}.Release|Xbox 360.ActiveCfg = Release|Any CPU
		{22086451-A9A2-414C-8A81-5BE02FC5C8EE}.Release|Zune.ActiveCfg = Release|Any CPU
		{FD10BE5B-E3AE-46B7-8D66-71E2854C3142}.Debug|Any CPU.ActiveCfg = Debug|x86
		{FD10BE5B-E3AE-46B7-8D66-71E2854C3142}.Debug|Any CPU.Build.0 = Debug|x86
		{FD10BE5B-E3AE-46B7-8D66-71E2854C3142}.Debug|Mixed Platforms.ActiveCfg = Debug|x86
		{FD10BE5B-E3AE-46B7-8D66-71E2854C3142}.Debug|Mixed Platforms.Build.0 = Debug|x86
		{FD10BE5B-E3AE-46B7-8D66-71E2854C3142}.Debug|x64.ActiveCfg = Debug|x86
		{FD10BE5B-E3AE-46B7-8D66-71E2854C3142}.Debug|x64.Build.0 = Debug|x86
		{FD10BE5B-E3AE-46B7-8D66-71E2854C3142}.Debug|x86.ActiveCfg = Debug|x86
		{FD10BE5B-E3AE-46B7-8D66-71E2854C3142}.Debug|x86.Build.0 = Debug|x86
		{FD10BE5B-E3AE-46B7-8D66-71E2854C3142}.Debug|Xbox 360.ActiveCfg = Debug|x86
		{FD10BE5B-E3AE-46B7-8D66-71E2854C3142}.Debug|Zune.ActiveCfg = Debug|x86
		{FD10BE5B-E3AE-46B7-8D66-71E2854C3142}.Release|Any CPU.ActiveCfg = Release|x86
		{FD10BE5B-E3AE-46B7-8D66-71E2854C3142}.Release|Mixed Platforms.ActiveCfg = Release|x86
		{FD10BE5B-E3AE-46B7-8D66-71E2854C3142}.Release|Mixed Platforms.Build.0 = Release|x86
		{FD10BE5B-E3AE-46B7-8D66-71E2854C3142}.Release|x64.ActiveCfg = Release|x86
		{FD10BE5B-E3AE-46B7-8D66-71E2854C3142}.Release|x86.ActiveCfg = Release|x86
		{FD10BE5B-E3AE-46B7-8D66-71E2854C3142}.Release|x86.Build.0 = Release|x86
		{FD10BE5B-E3AE-46B7-8D66-71E2854C3142}.Release|Xbox 360.ActiveCfg = Release|x86
		{FD10BE5B-E3AE-46B7-8D66-71E2854C3142}.Release|Zune.ActiveCfg = Release|x86
		{3BA74CEF-1BB7-4211-8BFA-FF2C91C4ACC0}.Debug|Any CPU.ActiveCfg = Debug|x86
		{3BA74CEF-1BB7-4211-8BFA-FF2C91C4ACC0}.Debug|Mixed Platforms.ActiveCfg = Debug|x86
		{3BA74CEF-1BB7-4211-8BFA-FF2C91C4ACC0}.Debug|x64.ActiveCfg = Debug|x86
		{3BA74CEF-1BB7-4211-8BFA-FF2C91C4ACC0}.Debug|x86.ActiveCfg = Debug|x86
		{3BA74CEF-1BB7-4211-8BFA-FF2C91C4ACC0}.Debug|Xbox 360.ActiveCfg = Debug|x86
		{3BA74CEF-1BB7-4211-8BFA-FF2C91C4ACC0}.Debug|Zune.ActiveCfg = Debug|x86
		{3BA74CEF-1BB7-4211-8BFA-FF2C91C4ACC0}.Release|Any CPU.ActiveCfg = Release|x86
		{3BA74CEF-1BB7-4211-8BFA-FF2C91C4ACC0}.Release|Mixed Platforms.ActiveCfg = Release|x86
		{3BA74CEF-1BB7-4211-8BFA-FF2C91C4ACC0}.Release|x64.ActiveCfg = Release|x86
		{3BA74CEF-1BB7-4211-8BFA-FF2C91C4ACC0}.Release|x86.ActiveCfg = Release|x86
		{3BA74CEF-1BB7-4211-8BFA-FF2C91C4ACC0}.Release|Xbox 360.ActiveCfg = Release|x86
		{3BA74CEF-1BB7-4211-8BFA-FF2C91C4ACC0}.Release|Zune.ActiveCfg = Release|x86
		{CEFE27FD-ACBE-4347-85A6-59638D75A806}.Debug|Any CPU.ActiveCfg = Debug|Any CPU
		{CEFE27FD-ACBE-4347-85A6-59638D75A806}.Debug|Any CPU.Build.0 = Debug|Any CPU
		{CEFE27FD-ACBE-4347-85A6-59638D75A806}.Debug|Mixed Platforms.ActiveCfg = Debug|x86
		{CEFE27FD-ACBE-4347-85A6-59638D75A806}.Debug|Mixed Platforms.Build.0 = Debug|x86
		{CEFE27FD-ACBE-4347-85A6-59638D75A806}.Debug|x64.ActiveCfg = Debug|x64
		{CEFE27FD-ACBE-4347-85A6-59638D75A806}.Debug|x64.Build.0 = Debug|x64
		{CEFE27FD-ACBE-4347-85A6-59638D75A806}.Debug|x86.ActiveCfg = Debug|x86
		{CEFE27FD-ACBE-4347-85A6-59638D75A806}.Debug|x86.Build.0 = Debug|x86
		{CEFE27FD-ACBE-4347-85A6-59638D75A806}.Debug|Xbox 360.ActiveCfg = Debug|Any CPU
		{CEFE27FD-ACBE-4347-85A6-59638D75A806}.Debug|Zune.ActiveCfg = Debug|Any CPU
		{CEFE27FD-ACBE-4347-85A6-59638D75A806}.Release|Any CPU.ActiveCfg = Release|Any CPU
		{CEFE27FD-ACBE-4347-85A6-59638D75A806}.Release|Any CPU.Build.0 = Release|Any CPU
		{CEFE27FD-ACBE-4347-85A6-59638D75A806}.Release|Mixed Platforms.ActiveCfg = Release|Any CPU
		{CEFE27FD-ACBE-4347-85A6-59638D75A806}.Release|Mixed Platforms.Build.0 = Release|Any CPU
		{CEFE27FD-ACBE-4347-85A6-59638D75A806}.Release|x64.ActiveCfg = Release|Any CPU
		{CEFE27FD-ACBE-4347-85A6-59638D75A806}.Release|x86.ActiveCfg = Release|Any CPU
		{CEFE27FD-ACBE-4347-85A6-59638D75A806}.Release|Xbox 360.ActiveCfg = Release|Any CPU
		{CEFE27FD-ACBE-4347-85A6-59638D75A806}.Release|Zune.ActiveCfg = Release|Any CPU
		{DE2A7124-C9DC-4529-B51E-FCB3B31CED79}.Debug|Any CPU.ActiveCfg = Debug|Any CPU
		{DE2A7124-C9DC-4529-B51E-FCB3B31CED79}.Debug|Any CPU.Build.0 = Debug|Any CPU
		{DE2A7124-C9DC-4529-B51E-FCB3B31CED79}.Debug|Mixed Platforms.ActiveCfg = Debug|x86
		{DE2A7124-C9DC-4529-B51E-FCB3B31CED79}.Debug|Mixed Platforms.Build.0 = Debug|x86
		{DE2A7124-C9DC-4529-B51E-FCB3B31CED79}.Debug|x64.ActiveCfg = Debug|Any CPU
		{DE2A7124-C9DC-4529-B51E-FCB3B31CED79}.Debug|x64.Build.0 = Debug|Any CPU
		{DE2A7124-C9DC-4529-B51E-FCB3B31CED79}.Debug|x86.ActiveCfg = Debug|x86
		{DE2A7124-C9DC-4529-B51E-FCB3B31CED79}.Debug|x86.Build.0 = Debug|x86
		{DE2A7124-C9DC-4529-B51E-FCB3B31CED79}.Debug|Xbox 360.ActiveCfg = Debug|Any CPU
		{DE2A7124-C9DC-4529-B51E-FCB3B31CED79}.Debug|Zune.ActiveCfg = Debug|Any CPU
		{DE2A7124-C9DC-4529-B51E-FCB3B31CED79}.Release|Any CPU.ActiveCfg = Release|Any CPU
		{DE2A7124-C9DC-4529-B51E-FCB3B31CED79}.Release|Any CPU.Build.0 = Release|Any CPU
		{DE2A7124-C9DC-4529-B51E-FCB3B31CED79}.Release|Mixed Platforms.ActiveCfg = Release|x86
		{DE2A7124-C9DC-4529-B51E-FCB3B31CED79}.Release|Mixed Platforms.Build.0 = Release|x86
		{DE2A7124-C9DC-4529-B51E-FCB3B31CED79}.Release|x64.ActiveCfg = Release|Any CPU
		{DE2A7124-C9DC-4529-B51E-FCB3B31CED79}.Release|x86.ActiveCfg = Release|x86
		{DE2A7124-C9DC-4529-B51E-FCB3B31CED79}.Release|x86.Build.0 = Release|x86
		{DE2A7124-C9DC-4529-B51E-FCB3B31CED79}.Release|Xbox 360.ActiveCfg = Release|Any CPU
		{DE2A7124-C9DC-4529-B51E-FCB3B31CED79}.Release|Zune.ActiveCfg = Release|Any CPU
		{20326E57-37AE-4D3B-90F8-2B396011F1C0}.Debug|Any CPU.ActiveCfg = Debug|Any CPU
		{20326E57-37AE-4D3B-90F8-2B396011F1C0}.Debug|Any CPU.Build.0 = Debug|Any CPU
		{20326E57-37AE-4D3B-90F8-2B396011F1C0}.Debug|Mixed Platforms.ActiveCfg = Debug|Any CPU
		{20326E57-37AE-4D3B-90F8-2B396011F1C0}.Debug|Mixed Platforms.Build.0 = Debug|Any CPU
		{20326E57-37AE-4D3B-90F8-2B396011F1C0}.Debug|x64.ActiveCfg = Debug|Any CPU
		{20326E57-37AE-4D3B-90F8-2B396011F1C0}.Debug|x86.ActiveCfg = Debug|Any CPU
		{20326E57-37AE-4D3B-90F8-2B396011F1C0}.Debug|Xbox 360.ActiveCfg = Debug|Any CPU
		{20326E57-37AE-4D3B-90F8-2B396011F1C0}.Debug|Zune.ActiveCfg = Debug|Any CPU
		{20326E57-37AE-4D3B-90F8-2B396011F1C0}.Release|Any CPU.ActiveCfg = Release|Any CPU
		{20326E57-37AE-4D3B-90F8-2B396011F1C0}.Release|Any CPU.Build.0 = Release|Any CPU
		{20326E57-37AE-4D3B-90F8-2B396011F1C0}.Release|Mixed Platforms.ActiveCfg = Release|Any CPU
		{20326E57-37AE-4D3B-90F8-2B396011F1C0}.Release|Mixed Platforms.Build.0 = Release|Any CPU
		{20326E57-37AE-4D3B-90F8-2B396011F1C0}.Release|x64.ActiveCfg = Release|Any CPU
		{20326E57-37AE-4D3B-90F8-2B396011F1C0}.Release|x86.ActiveCfg = Release|Any CPU
		{20326E57-37AE-4D3B-90F8-2B396011F1C0}.Release|Xbox 360.ActiveCfg = Release|Any CPU
		{20326E57-37AE-4D3B-90F8-2B396011F1C0}.Release|Zune.ActiveCfg = Release|Any CPU
		{2EC8F5D6-94CC-43F4-AAC8-067A68604741}.Debug|Any CPU.ActiveCfg = Debug|Any CPU
		{2EC8F5D6-94CC-43F4-AAC8-067A68604741}.Debug|Any CPU.Build.0 = Debug|Any CPU
		{2EC8F5D6-94CC-43F4-AAC8-067A68604741}.Debug|Mixed Platforms.ActiveCfg = Debug|Any CPU
		{2EC8F5D6-94CC-43F4-AAC8-067A68604741}.Debug|Mixed Platforms.Build.0 = Debug|Any CPU
		{2EC8F5D6-94CC-43F4-AAC8-067A68604741}.Debug|x64.ActiveCfg = Debug|Any CPU
		{2EC8F5D6-94CC-43F4-AAC8-067A68604741}.Debug|x86.ActiveCfg = Debug|Any CPU
		{2EC8F5D6-94CC-43F4-AAC8-067A68604741}.Debug|Xbox 360.ActiveCfg = Debug|Any CPU
		{2EC8F5D6-94CC-43F4-AAC8-067A68604741}.Debug|Zune.ActiveCfg = Debug|Any CPU
		{2EC8F5D6-94CC-43F4-AAC8-067A68604741}.Release|Any CPU.ActiveCfg = Release|Any CPU
		{2EC8F5D6-94CC-43F4-AAC8-067A68604741}.Release|Any CPU.Build.0 = Release|Any CPU
		{2EC8F5D6-94CC-43F4-AAC8-067A68604741}.Release|Mixed Platforms.ActiveCfg = Release|Any CPU
		{2EC8F5D6-94CC-43F4-AAC8-067A68604741}.Release|Mixed Platforms.Build.0 = Release|Any CPU
		{2EC8F5D6-94CC-43F4-AAC8-067A68604741}.Release|x64.ActiveCfg = Release|Any CPU
		{2EC8F5D6-94CC-43F4-AAC8-067A68604741}.Release|x86.ActiveCfg = Release|Any CPU
		{2EC8F5D6-94CC-43F4-AAC8-067A68604741}.Release|Xbox 360.ActiveCfg = Release|Any CPU
		{2EC8F5D6-94CC-43F4-AAC8-067A68604741}.Release|Zune.ActiveCfg = Release|Any CPU
	EndGlobalSection
	GlobalSection(SolutionProperties) = preSolution
		HideSolutionNode = FALSE
	EndGlobalSection
	GlobalSection(NestedProjects) = preSolution
		{FFA976A6-B592-4FF9-82D5-1FBCF468F701} = {85BA9DC7-5B21-436A-89AC-A0DE8DED69ED}
		{DE2A7124-C9DC-4529-B51E-FCB3B31CED79} = {85BA9DC7-5B21-436A-89AC-A0DE8DED69ED}
		{10951B4C-B09E-4F4C-8A92-5121B53D3704} = {378F303C-71EE-44A6-A723-88F885464994}
		{E03D7482-3595-48CC-ACD9-14A803CE74D3} = {378F303C-71EE-44A6-A723-88F885464994}
		{929E3880-1CE1-415E-9BA9-B9E45C5002F0} = {16C66891-D4FE-4B7D-9C8C-F28AF059E58E}
		{D5BCFABA-A4D3-4F0D-B668-C63C20449457} = {16C66891-D4FE-4B7D-9C8C-F28AF059E58E}
		{22086451-A9A2-414C-8A81-5BE02FC5C8EE} = {16C66891-D4FE-4B7D-9C8C-F28AF059E58E}
		{CEFE27FD-ACBE-4347-85A6-59638D75A806} = {16C66891-D4FE-4B7D-9C8C-F28AF059E58E}
		{659C0C8E-72D7-4658-A6B4-CDF5D447B588} = {3F38A217-45A2-4798-851F-0ED7BC422CF7}
		{3BA74CEF-1BB7-4211-8BFA-FF2C91C4ACC0} = {3F38A217-45A2-4798-851F-0ED7BC422CF7}
		{F336DFEE-46C9-4F2F-8ED4-56A43919B74C} = {3F38A217-45A2-4798-851F-0ED7BC422CF7}
		{20326E57-37AE-4D3B-90F8-2B396011F1C0} = {255B314A-EA38-4DE6-B6D2-57369BBE1773}
		{2EC8F5D6-94CC-43F4-AAC8-067A68604741} = {255B314A-EA38-4DE6-B6D2-57369BBE1773}
	EndGlobalSection
EndGlobal
