
Microsoft Visual Studio Solution File, Format Version 11.00
# Visual Studio 2010
Project("{FAE04EC0-301F-11D3-BF4B-00C04F79EFBC}") = "AchieveTool", "AchieveTool.csproj", "{B249980E-ADBC-4A65-AF14-AE93195E535A}"
EndProject
Project("{FAE04EC0-301F-11D3-BF4B-00C04F79EFBC}") = "GodLesZ.Library.MySql", "..\..\..\GodLesZ\GodLesZ.Library.MySql\GodLesZ.Library.MySql.csproj", "{325A2F59-02F9-4F1E-88EC-6D282DD370F0}"
EndProject
Global
	GlobalSection(SolutionConfigurationPlatforms) = preSolution
		Debug|Any CPU = Debug|Any CPU
		Release|Any CPU = Release|Any CPU
	EndGlobalSection
	GlobalSection(ProjectConfigurationPlatforms) = postSolution
		{B249980E-ADBC-4A65-AF14-AE93195E535A}.Debug|Any CPU.ActiveCfg = Debug|Any CPU
		{B249980E-ADBC-4A65-AF14-AE93195E535A}.Debug|Any CPU.Build.0 = Debug|Any CPU
		{B249980E-ADBC-4A65-AF14-AE93195E535A}.Release|Any CPU.ActiveCfg = Release|Any CPU
		{B249980E-ADBC-4A65-AF14-AE93195E535A}.Release|Any CPU.Build.0 = Release|Any CPU
		{325A2F59-02F9-4F1E-88EC-6D282DD370F0}.Debug|Any CPU.ActiveCfg = Debug|Any CPU
		{325A2F59-02F9-4F1E-88EC-6D282DD370F0}.Debug|Any CPU.Build.0 = Debug|Any CPU
		{325A2F59-02F9-4F1E-88EC-6D282DD370F0}.Release|Any CPU.ActiveCfg = Release|Any CPU
		{325A2F59-02F9-4F1E-88EC-6D282DD370F0}.Release|Any CPU.Build.0 = Release|Any CPU
	EndGlobalSection
	GlobalSection(SolutionProperties) = preSolution
		HideSolutionNode = FALSE
	EndGlobalSection
EndGlobal
