
Microsoft Visual Studio Solution File, Format Version 10.00
# Visual Studio 2008
Project("{FAE04EC0-301F-11D3-BF4B-00C04F79EFBC}") = "GodLesZ Game Libary", "GodLesZ Game Libary.csproj", "{D004133F-DDD4-4E11-BB1E-6BB70612FE76}"
EndProject
Global
	GlobalSection(SolutionConfigurationPlatforms) = preSolution
		Debug|x86 = Debug|x86
		Release|x86 = Release|x86
	EndGlobalSection
	GlobalSection(ProjectConfigurationPlatforms) = postSolution
		{D004133F-DDD4-4E11-BB1E-6BB70612FE76}.Debug|x86.ActiveCfg = Debug|x86
		{D004133F-DDD4-4E11-BB1E-6BB70612FE76}.Debug|x86.Build.0 = Debug|x86
		{D004133F-DDD4-4E11-BB1E-6BB70612FE76}.Release|x86.ActiveCfg = Release|x86
		{D004133F-DDD4-4E11-BB1E-6BB70612FE76}.Release|x86.Build.0 = Release|x86
		{50E636CC-8B4B-4C30-AB60-2226ADF4B3A4}.Debug|x86.ActiveCfg = Debug|x86
		{50E636CC-8B4B-4C30-AB60-2226ADF4B3A4}.Release|x86.ActiveCfg = Release|x86
	EndGlobalSection
	GlobalSection(SolutionProperties) = preSolution
		HideSolutionNode = FALSE
	EndGlobalSection
EndGlobal
