
Microsoft Visual Studio Solution File, Format Version 10.00
# Visual Studio 2008
Project("{FAE04EC0-301F-11D3-BF4B-00C04F79EFBC}") = "Reader.API", "Reader.API\Reader.API.csproj", "{AD081735-7617-49B5-BD63-7A7C6146C85E}"
EndProject
Project("{FAE04EC0-301F-11D3-BF4B-00C04F79EFBC}") = "Reader.Client", "Reader.Client\Reader.Client.csproj", "{B74E8F7A-14E2-4178-B994-C9C568896406}"
EndProject
Project("{FAE04EC0-301F-11D3-BF4B-00C04F79EFBC}") = "MySQL", "..\..\SQL Library\MySQL\MySQL.csproj", "{B7BEF904-68C6-4FB4-ABDD-EF13F426D856}"
EndProject
Global
	GlobalSection(SolutionConfigurationPlatforms) = preSolution
		Debug|Any CPU = Debug|Any CPU
		Release|Any CPU = Release|Any CPU
	EndGlobalSection
	GlobalSection(ProjectConfigurationPlatforms) = postSolution
		{AD081735-7617-49B5-BD63-7A7C6146C85E}.Debug|Any CPU.ActiveCfg = Debug|Any CPU
		{AD081735-7617-49B5-BD63-7A7C6146C85E}.Debug|Any CPU.Build.0 = Debug|Any CPU
		{AD081735-7617-49B5-BD63-7A7C6146C85E}.Release|Any CPU.ActiveCfg = Release|Any CPU
		{AD081735-7617-49B5-BD63-7A7C6146C85E}.Release|Any CPU.Build.0 = Release|Any CPU
		{B74E8F7A-14E2-4178-B994-C9C568896406}.Debug|Any CPU.ActiveCfg = Debug|Any CPU
		{B74E8F7A-14E2-4178-B994-C9C568896406}.Debug|Any CPU.Build.0 = Debug|Any CPU
		{B74E8F7A-14E2-4178-B994-C9C568896406}.Release|Any CPU.ActiveCfg = Release|Any CPU
		{B74E8F7A-14E2-4178-B994-C9C568896406}.Release|Any CPU.Build.0 = Release|Any CPU
		{B7BEF904-68C6-4FB4-ABDD-EF13F426D856}.Debug|Any CPU.ActiveCfg = Debug|Any CPU
		{B7BEF904-68C6-4FB4-ABDD-EF13F426D856}.Debug|Any CPU.Build.0 = Debug|Any CPU
		{B7BEF904-68C6-4FB4-ABDD-EF13F426D856}.Release|Any CPU.ActiveCfg = Release|Any CPU
		{B7BEF904-68C6-4FB4-ABDD-EF13F426D856}.Release|Any CPU.Build.0 = Release|Any CPU
	EndGlobalSection
	GlobalSection(SolutionProperties) = preSolution
		HideSolutionNode = FALSE
	EndGlobalSection
EndGlobal
