
Microsoft Visual Studio Solution File, Format Version 11.00
# Visual Studio 2010
Project("{FAE04EC0-301F-11D3-BF4B-00C04F79EFBC}") = "GodLesZ.EdenEternal.DataViewer", "GodLesZ.EdenEternal.DataViewer\GodLesZ.EdenEternal.DataViewer.csproj", "{C972A03C-0276-4EAD-ACFE-5917C51BBBAD}"
EndProject
Project("{FAE04EC0-301F-11D3-BF4B-00C04F79EFBC}") = "GodLesZ.EdenEternal.DataViewer.Library", "GodLesZ.EdenEternal.DataViewer.Library\GodLesZ.EdenEternal.DataViewer.Library.csproj", "{406A4B88-FC32-4240-9F06-0C0FEC8FF4A1}"
EndProject
Project("{FAE04EC0-301F-11D3-BF4B-00C04F79EFBC}") = "GodLesZ.Library", "..\..\GodLesZ\GodLesZ.Library\GodLesZ.Library.csproj", "{22086451-A9A2-414C-8A81-5BE02FC5C8EE}"
EndProject
Project("{FAE04EC0-301F-11D3-BF4B-00C04F79EFBC}") = "GodLesZ.Library.Imaging", "..\..\GodLesZ\GodLesZ.Library.Imaging\GodLesZ.Library.Imaging.csproj", "{17B100E8-832D-4FE4-A14D-9BA6C5E99EEF}"
EndProject
Global
	GlobalSection(SolutionConfigurationPlatforms) = preSolution
		Debug|Any CPU = Debug|Any CPU
		Debug|Mixed Platforms = Debug|Mixed Platforms
		Debug|x64 = Debug|x64
		Debug|x86 = Debug|x86
		Release|Any CPU = Release|Any CPU
		Release|Mixed Platforms = Release|Mixed Platforms
		Release|x64 = Release|x64
		Release|x86 = Release|x86
	EndGlobalSection
	GlobalSection(ProjectConfigurationPlatforms) = postSolution
		{C972A03C-0276-4EAD-ACFE-5917C51BBBAD}.Debug|Any CPU.ActiveCfg = Debug|x86
		{C972A03C-0276-4EAD-ACFE-5917C51BBBAD}.Debug|Mixed Platforms.ActiveCfg = Debug|x86
		{C972A03C-0276-4EAD-ACFE-5917C51BBBAD}.Debug|Mixed Platforms.Build.0 = Debug|x86
		{C972A03C-0276-4EAD-ACFE-5917C51BBBAD}.Debug|x64.ActiveCfg = Debug|x86
		{C972A03C-0276-4EAD-ACFE-5917C51BBBAD}.Debug|x86.ActiveCfg = Debug|x86
		{C972A03C-0276-4EAD-ACFE-5917C51BBBAD}.Debug|x86.Build.0 = Debug|x86
		{C972A03C-0276-4EAD-ACFE-5917C51BBBAD}.Release|Any CPU.ActiveCfg = Release|x86
		{C972A03C-0276-4EAD-ACFE-5917C51BBBAD}.Release|Mixed Platforms.ActiveCfg = Release|x86
		{C972A03C-0276-4EAD-ACFE-5917C51BBBAD}.Release|Mixed Platforms.Build.0 = Release|x86
		{C972A03C-0276-4EAD-ACFE-5917C51BBBAD}.Release|x64.ActiveCfg = Release|x86
		{C972A03C-0276-4EAD-ACFE-5917C51BBBAD}.Release|x86.ActiveCfg = Release|x86
		{C972A03C-0276-4EAD-ACFE-5917C51BBBAD}.Release|x86.Build.0 = Release|x86
		{406A4B88-FC32-4240-9F06-0C0FEC8FF4A1}.Debug|Any CPU.ActiveCfg = Debug|Any CPU
		{406A4B88-FC32-4240-9F06-0C0FEC8FF4A1}.Debug|Any CPU.Build.0 = Debug|Any CPU
		{406A4B88-FC32-4240-9F06-0C0FEC8FF4A1}.Debug|Mixed Platforms.ActiveCfg = Debug|Any CPU
		{406A4B88-FC32-4240-9F06-0C0FEC8FF4A1}.Debug|Mixed Platforms.Build.0 = Debug|Any CPU
		{406A4B88-FC32-4240-9F06-0C0FEC8FF4A1}.Debug|x64.ActiveCfg = Debug|Any CPU
		{406A4B88-FC32-4240-9F06-0C0FEC8FF4A1}.Debug|x86.ActiveCfg = Debug|Any CPU
		{406A4B88-FC32-4240-9F06-0C0FEC8FF4A1}.Release|Any CPU.ActiveCfg = Release|Any CPU
		{406A4B88-FC32-4240-9F06-0C0FEC8FF4A1}.Release|Any CPU.Build.0 = Release|Any CPU
		{406A4B88-FC32-4240-9F06-0C0FEC8FF4A1}.Release|Mixed Platforms.ActiveCfg = Release|Any CPU
		{406A4B88-FC32-4240-9F06-0C0FEC8FF4A1}.Release|Mixed Platforms.Build.0 = Release|Any CPU
		{406A4B88-FC32-4240-9F06-0C0FEC8FF4A1}.Release|x64.ActiveCfg = Release|Any CPU
		{406A4B88-FC32-4240-9F06-0C0FEC8FF4A1}.Release|x86.ActiveCfg = Release|Any CPU
		{22086451-A9A2-414C-8A81-5BE02FC5C8EE}.Debug|Any CPU.ActiveCfg = Debug|Any CPU
		{22086451-A9A2-414C-8A81-5BE02FC5C8EE}.Debug|Any CPU.Build.0 = Debug|Any CPU
		{22086451-A9A2-414C-8A81-5BE02FC5C8EE}.Debug|Mixed Platforms.ActiveCfg = Debug|x86
		{22086451-A9A2-414C-8A81-5BE02FC5C8EE}.Debug|Mixed Platforms.Build.0 = Debug|x86
		{22086451-A9A2-414C-8A81-5BE02FC5C8EE}.Debug|x64.ActiveCfg = Debug|x64
		{22086451-A9A2-414C-8A81-5BE02FC5C8EE}.Debug|x64.Build.0 = Debug|x64
		{22086451-A9A2-414C-8A81-5BE02FC5C8EE}.Debug|x86.ActiveCfg = Debug|x86
		{22086451-A9A2-414C-8A81-5BE02FC5C8EE}.Debug|x86.Build.0 = Debug|x86
		{22086451-A9A2-414C-8A81-5BE02FC5C8EE}.Release|Any CPU.ActiveCfg = Release|Any CPU
		{22086451-A9A2-414C-8A81-5BE02FC5C8EE}.Release|Any CPU.Build.0 = Release|Any CPU
		{22086451-A9A2-414C-8A81-5BE02FC5C8EE}.Release|Mixed Platforms.ActiveCfg = Release|x86
		{22086451-A9A2-414C-8A81-5BE02FC5C8EE}.Release|Mixed Platforms.Build.0 = Release|x86
		{22086451-A9A2-414C-8A81-5BE02FC5C8EE}.Release|x64.ActiveCfg = Release|x64
		{22086451-A9A2-414C-8A81-5BE02FC5C8EE}.Release|x64.Build.0 = Release|x64
		{22086451-A9A2-414C-8A81-5BE02FC5C8EE}.Release|x86.ActiveCfg = Release|x86
		{22086451-A9A2-414C-8A81-5BE02FC5C8EE}.Release|x86.Build.0 = Release|x86
		{17B100E8-832D-4FE4-A14D-9BA6C5E99EEF}.Debug|Any CPU.ActiveCfg = Debug|Any CPU
		{17B100E8-832D-4FE4-A14D-9BA6C5E99EEF}.Debug|Any CPU.Build.0 = Debug|Any CPU
		{17B100E8-832D-4FE4-A14D-9BA6C5E99EEF}.Debug|Mixed Platforms.ActiveCfg = Debug|x86
		{17B100E8-832D-4FE4-A14D-9BA6C5E99EEF}.Debug|Mixed Platforms.Build.0 = Debug|x86
		{17B100E8-832D-4FE4-A14D-9BA6C5E99EEF}.Debug|x64.ActiveCfg = Debug|x64
		{17B100E8-832D-4FE4-A14D-9BA6C5E99EEF}.Debug|x64.Build.0 = Debug|x64
		{17B100E8-832D-4FE4-A14D-9BA6C5E99EEF}.Debug|x86.ActiveCfg = Debug|x86
		{17B100E8-832D-4FE4-A14D-9BA6C5E99EEF}.Debug|x86.Build.0 = Debug|x86
		{17B100E8-832D-4FE4-A14D-9BA6C5E99EEF}.Release|Any CPU.ActiveCfg = Release|Any CPU
		{17B100E8-832D-4FE4-A14D-9BA6C5E99EEF}.Release|Any CPU.Build.0 = Release|Any CPU
		{17B100E8-832D-4FE4-A14D-9BA6C5E99EEF}.Release|Mixed Platforms.ActiveCfg = Release|x86
		{17B100E8-832D-4FE4-A14D-9BA6C5E99EEF}.Release|Mixed Platforms.Build.0 = Release|x86
		{17B100E8-832D-4FE4-A14D-9BA6C5E99EEF}.Release|x64.ActiveCfg = Release|x64
		{17B100E8-832D-4FE4-A14D-9BA6C5E99EEF}.Release|x64.Build.0 = Release|x64
		{17B100E8-832D-4FE4-A14D-9BA6C5E99EEF}.Release|x86.ActiveCfg = Release|x86
		{17B100E8-832D-4FE4-A14D-9BA6C5E99EEF}.Release|x86.Build.0 = Release|x86
	EndGlobalSection
	GlobalSection(SolutionProperties) = preSolution
		HideSolutionNode = FALSE
	EndGlobalSection
EndGlobal
