
Microsoft Visual Studio Solution File, Format Version 10.00
# Visual Studio 2008
Project("{FAE04EC0-301F-11D3-BF4B-00C04F79EFBC}") = "ImageCuter", "ImageCuter.csproj", "{08F6A706-DA71-4C48-83E1-68D1EF6EE35F}"
EndProject
Global
	GlobalSection(SolutionConfigurationPlatforms) = preSolution
		Debug|Any CPU = Debug|Any CPU
		Release|Any CPU = Release|Any CPU
	EndGlobalSection
	GlobalSection(ProjectConfigurationPlatforms) = postSolution
		{08F6A706-DA71-4C48-83E1-68D1EF6EE35F}.Debug|Any CPU.ActiveCfg = Debug|Any CPU
		{08F6A706-DA71-4C48-83E1-68D1EF6EE35F}.Debug|Any CPU.Build.0 = Debug|Any CPU
		{08F6A706-DA71-4C48-83E1-68D1EF6EE35F}.Release|Any CPU.ActiveCfg = Release|Any CPU
		{08F6A706-DA71-4C48-83E1-68D1EF6EE35F}.Release|Any CPU.Build.0 = Release|Any CPU
	EndGlobalSection
	GlobalSection(SolutionProperties) = preSolution
		HideSolutionNode = FALSE
	EndGlobalSection
EndGlobal
